{"format_version":"1.0","provider_schemas":{"registry.terraform.io/digitalocean/digitalocean":{"provider":{"version":0,"block":{"attributes":{"api_endpoint":{"type":"string","description":"The URL to use for the DigitalOcean API.","description_kind":"plain","optional":true},"http_retry_max":{"type":"number","description":"The maximum number of retries on a failed API request.","description_kind":"plain","optional":true},"http_retry_wait_max":{"type":"number","description":"The maximum wait time (in seconds) between failed API requests.","description_kind":"plain","optional":true},"http_retry_wait_min":{"type":"number","description":"The minimum wait time (in seconds) between failed API requests.","description_kind":"plain","optional":true},"requests_per_second":{"type":"number","description":"The rate of requests per second to limit the HTTP client.","description_kind":"plain","optional":true},"spaces_access_id":{"type":"string","description":"The access key ID for Spaces API operations.","description_kind":"plain","optional":true},"spaces_endpoint":{"type":"string","description":"The URL to use for the DigitalOcean Spaces API.","description_kind":"plain","optional":true},"spaces_secret_key":{"type":"string","description":"The secret access key for Spaces API operations.","description_kind":"plain","optional":true},"token":{"type":"string","description":"The token key for API operations.","description_kind":"plain","optional":true}},"description_kind":"plain"}},"resource_schemas":{"digitalocean_app":{"version":0,"block":{"attributes":{"active_deployment_id":{"type":"string","description":"The ID the App's currently active deployment","description_kind":"plain","computed":true},"created_at":{"type":"string","description":"The date and time of when the App was created","description_kind":"plain","computed":true},"default_ingress":{"type":"string","description":"The default URL to access the App","description_kind":"plain","computed":true},"deployment_per_page":{"type":"number","description":"Number of deployments to request per page when polling for deployments","description_kind":"plain","optional":true},"id":{"type":"string","description_kind":"plain","optional":true,"computed":true},"live_domain":{"type":"string","description_kind":"plain","computed":true},"live_url":{"type":"string","description_kind":"plain","computed":true},"project_id":{"type":"string","description_kind":"plain","optional":true,"computed":true},"updated_at":{"type":"string","description":"The date and time of when the App was last updated","description_kind":"plain","computed":true},"urn":{"type":"string","description":"The uniform resource identifier for the app","description_kind":"plain","computed":true}},"block_types":{"dedicated_ips":{"nesting_mode":"list","block":{"attributes":{"id":{"type":"string","description":"The ID of the dedicated egress IP.","description_kind":"plain","optional":true,"computed":true},"ip":{"type":"string","description":"The IP address of the dedicated egress IP.","description_kind":"plain","optional":true,"computed":true},"status":{"type":"string","description":"The status of the dedicated egress IP: 'UNKNOWN', 'ASSIGNING', 'ASSIGNED', or 'REMOVED'","description_kind":"plain","optional":true,"computed":true}},"description":"The dedicated egress IP addresses associated with the app.","description_kind":"plain"}},"spec":{"nesting_mode":"list","block":{"attributes":{"disable_edge_cache":{"type":"bool","description":"Whether to disable the edge cache for the app. Default is false, which enables the edge cache.","description_kind":"plain","optional":true},"disable_email_obfuscation":{"type":"bool","description":"Email obfuscation configuration for the app. Default is false, which keeps the email obfuscated.","description_kind":"plain","optional":true},"domains":{"type":["set","string"],"description_kind":"plain","deprecated":true,"optional":true,"computed":true},"enhanced_threat_control_enabled":{"type":"bool","description":"Whether to enable enhanced threat control for the app. Default is false. Set to true to enable enhanced threat control, putting additional security measures for Layer 7 DDoS attacks.","description_kind":"plain","optional":true},"features":{"type":["set","string"],"description":"List of features which is applied to the app","description_kind":"plain","optional":true,"computed":true},"name":{"type":"string","description":"The name of the app. Must be unique across all apps in the same account.","description_kind":"plain","required":true},"region":{"type":"string","description":"The slug for the DigitalOcean data center region hosting the app","description_kind":"plain","optional":true}},"block_types":{"alert":{"nesting_mode":"list","block":{"attributes":{"disabled":{"type":"bool","description_kind":"plain","optional":true},"rule":{"type":"string","description_kind":"plain","required":true}},"block_types":{"destinations":{"nesting_mode":"set","block":{"attributes":{"emails":{"type":["list","string"],"description_kind":"plain","optional":true}},"block_types":{"slack_webhooks":{"nesting_mode":"list","block":{"attributes":{"channel":{"type":"string","description":"The Slack channel to send notifications to.","description_kind":"plain","required":true},"url":{"type":"string","description":"The Slack webhook URL.","description_kind":"plain","required":true}},"description_kind":"plain"}}},"description_kind":"plain"},"max_items":1}},"description_kind":"plain"}},"database":{"nesting_mode":"list","block":{"attributes":{"cluster_name":{"type":"string","description":"The name of the underlying DigitalOcean DBaaS cluster. This is required for production databases. For dev databases, if cluster_name is not set, a new cluster will be provisioned.","description_kind":"plain","optional":true},"db_name":{"type":"string","description":"The name of the MySQL or PostgreSQL database to configure.","description_kind":"plain","optional":true},"db_user":{"type":"string","description":"The name of the MySQL or PostgreSQL user to configure.","description_kind":"plain","optional":true},"engine":{"type":"string","description":"The database engine to use.","description_kind":"plain","optional":true},"name":{"type":"string","description":"The name of the component","description_kind":"plain","optional":true},"production":{"type":"bool","description":"Whether this is a production or dev database.","description_kind":"plain","optional":true},"version":{"type":"string","description":"The version of the database engine.","description_kind":"plain","optional":true}},"description_kind":"plain"}},"domain":{"nesting_mode":"list","block":{"attributes":{"name":{"type":"string","description":"The hostname for the domain.","description_kind":"plain","required":true},"type":{"type":"string","description":"The type of the domain.","description_kind":"plain","optional":true,"computed":true},"wildcard":{"type":"bool","description":"Indicates whether the domain includes all sub-domains, in addition to the given domain.","description_kind":"plain","optional":true,"computed":true},"zone":{"type":"string","description":"If the domain uses DigitalOcean DNS and you would like App Platform to automatically manage it for you, set this to the name of the domain on your account.","description_kind":"plain","optional":true}},"description_kind":"plain"}},"egress":{"nesting_mode":"list","block":{"attributes":{"type":{"type":"string","description":"The app egress type.","description_kind":"plain","optional":true}},"description_kind":"plain"}},"env":{"nesting_mode":"set","block":{"attributes":{"key":{"type":"string","description":"The name of the environment variable.","description_kind":"plain","optional":true},"scope":{"type":"string","description":"The visibility scope of the environment variable.","description_kind":"plain","optional":true},"type":{"type":"string","description":"The type of the environment variable.","description_kind":"plain","optional":true,"computed":true},"value":{"type":"string","description":"The value of the environment variable.","description_kind":"plain","optional":true,"sensitive":true}},"description_kind":"plain"}},"function":{"nesting_mode":"list","block":{"attributes":{"name":{"type":"string","description":"The name of the component","description_kind":"plain","required":true},"source_dir":{"type":"string","description":"An optional path to the working directory to use for the build.","description_kind":"plain","optional":true}},"block_types":{"alert":{"nesting_mode":"list","block":{"attributes":{"disabled":{"type":"bool","description_kind":"plain","optional":true},"operator":{"type":"string","description_kind":"plain","required":true},"rule":{"type":"string","description_kind":"plain","required":true},"value":{"type":"number","description_kind":"plain","required":true},"window":{"type":"string","description_kind":"plain","required":true}},"block_types":{"destinations":{"nesting_mode":"set","block":{"attributes":{"emails":{"type":["list","string"],"description_kind":"plain","optional":true}},"block_types":{"slack_webhooks":{"nesting_mode":"list","block":{"attributes":{"channel":{"type":"string","description":"The Slack channel to send notifications to.","description_kind":"plain","required":true},"url":{"type":"string","description":"The Slack webhook URL.","description_kind":"plain","required":true}},"description_kind":"plain"}}},"description_kind":"plain"},"max_items":1}},"description":"Alert policies for the app component","description_kind":"plain"}},"bitbucket":{"nesting_mode":"list","block":{"attributes":{"branch":{"type":"string","description":"The name of the branch to use.","description_kind":"plain","optional":true},"deploy_on_push":{"type":"bool","description":"Whether to automatically deploy new commits made to the repo","description_kind":"plain","optional":true},"repo":{"type":"string","description":"The name of the repo in the format `owner/repo`.","description_kind":"plain","optional":true}},"description_kind":"plain"},"max_items":1},"cors":{"nesting_mode":"list","block":{"attributes":{"allow_credentials":{"type":"bool","description":"Whether browsers should expose the response to the client-side JavaScript code when the request’s credentials mode is `include`. This configures the Access-Control-Allow-Credentials header.","description_kind":"plain","optional":true},"allow_headers":{"type":["set","string"],"description":"The set of allowed HTTP request headers. This configures the Access-Control-Allow-Headers header.","description_kind":"plain","optional":true},"allow_methods":{"type":["set","string"],"description":"The set of allowed HTTP methods. This configures the Access-Control-Allow-Methods header.","description_kind":"plain","optional":true},"expose_headers":{"type":["set","string"],"description":"The set of HTTP response headers that browsers are allowed to access. This configures the Access-Control-Expose-Headers header.","description_kind":"plain","optional":true},"max_age":{"type":"string","description":"An optional duration specifying how long browsers can cache the results of a preflight request. This configures the Access-Control-Max-Age header. Example: `5h30m`.","description_kind":"plain","optional":true}},"block_types":{"allow_origins":{"nesting_mode":"list","block":{"attributes":{"exact":{"type":"string","description":"Exact string match.","description_kind":"plain","optional":true},"prefix":{"type":"string","description":"Prefix-based match.","description_kind":"plain","deprecated":true,"optional":true},"regex":{"type":"string","description":"RE2 style regex-based match.","description_kind":"plain","optional":true}},"description":"The set of allowed CORS origins. This configures the Access-Control-Allow-Origin header.","description_kind":"plain"},"max_items":1}},"description_kind":"plain","deprecated":true},"max_items":1},"env":{"nesting_mode":"set","block":{"attributes":{"key":{"type":"string","description":"The name of the environment variable.","description_kind":"plain","optional":true},"scope":{"type":"string","description":"The visibility scope of the environment variable.","description_kind":"plain","optional":true},"type":{"type":"string","description":"The type of the environment variable.","description_kind":"plain","optional":true,"computed":true},"value":{"type":"string","description":"The value of the environment variable.","description_kind":"plain","optional":true,"sensitive":true}},"description_kind":"plain"}},"git":{"nesting_mode":"list","block":{"attributes":{"branch":{"type":"string","description":"The name of the branch to use.","description_kind":"plain","optional":true},"repo_clone_url":{"type":"string","description":"The clone URL of the repo.","description_kind":"plain","optional":true}},"description_kind":"plain"},"max_items":1},"github":{"nesting_mode":"list","block":{"attributes":{"branch":{"type":"string","description":"The name of the branch to use.","description_kind":"plain","optional":true},"deploy_on_push":{"type":"bool","description":"Whether to automatically deploy new commits made to the repo","description_kind":"plain","optional":true},"repo":{"type":"string","description":"The name of the repo in the format `owner/repo`.","description_kind":"plain","optional":true}},"description_kind":"plain"},"max_items":1},"gitlab":{"nesting_mode":"list","block":{"attributes":{"branch":{"type":"string","description":"The name of the branch to use.","description_kind":"plain","optional":true},"deploy_on_push":{"type":"bool","description":"Whether to automatically deploy new commits made to the repo","description_kind":"plain","optional":true},"repo":{"type":"string","description":"The name of the repo in the format `owner/repo`.","description_kind":"plain","optional":true}},"description_kind":"plain"},"max_items":1},"log_destination":{"nesting_mode":"list","block":{"attributes":{"name":{"type":"string","description":"Name of the log destination","description_kind":"plain","required":true}},"block_types":{"datadog":{"nesting_mode":"list","block":{"attributes":{"api_key":{"type":"string","description":"Datadog API key.","description_kind":"plain","required":true},"endpoint":{"type":"string","description":"Datadog HTTP log intake endpoint.","description_kind":"plain","optional":true}},"description":"Datadog configuration.","description_kind":"plain"},"max_items":1},"logtail":{"nesting_mode":"list","block":{"attributes":{"token":{"type":"string","description":"Logtail token.","description_kind":"plain","required":true}},"description":"Logtail configuration.","description_kind":"plain"},"max_items":1},"open_search":{"nesting_mode":"list","block":{"attributes":{"cluster_name":{"type":"string","description":"OpenSearch cluster name.","description_kind":"plain","optional":true},"endpoint":{"type":"string","description":"OpenSearch endpoint.","description_kind":"plain","optional":true},"index_name":{"type":"string","description":"OpenSearch index name.","description_kind":"plain","optional":true}},"block_types":{"basic_auth":{"nesting_mode":"list","block":{"attributes":{"password":{"type":"string","description":"Password for basic authentication.","description_kind":"plain","optional":true,"sensitive":true},"user":{"type":"string","description":"user for basic authentication.","description_kind":"plain","optional":true}},"description":"Basic authentication details.","description_kind":"plain"},"min_items":1,"max_items":1}},"description":"OpenSearch configuration.","description_kind":"plain"},"max_items":1},"papertrail":{"nesting_mode":"list","block":{"attributes":{"endpoint":{"type":"string","description":"Papertrail syslog endpoint.","description_kind":"plain","required":true}},"description":"Papertrail configuration.","description_kind":"plain"},"max_items":1}},"description":"Logs","description_kind":"plain"}},"routes":{"nesting_mode":"list","block":{"attributes":{"path":{"type":"string","description":"Path specifies an route by HTTP path prefix. Paths must start with / and must be unique within the app.","description_kind":"plain","optional":true},"preserve_path_prefix":{"type":"bool","description":" An optional flag to preserve the path that is forwarded to the backend service.","description_kind":"plain","optional":true}},"description_kind":"plain","deprecated":true}}},"description_kind":"plain"}},"ingress":{"nesting_mode":"list","block":{"block_types":{"rule":{"nesting_mode":"list","block":{"block_types":{"component":{"nesting_mode":"list","block":{"attributes":{"name":{"type":"string","description_kind":"plain","optional":true,"computed":true},"preserve_path_prefix":{"type":"bool","description_kind":"plain","optional":true,"computed":true},"rewrite":{"type":"string","description_kind":"plain","optional":true,"computed":true}},"description_kind":"plain"},"max_items":1},"cors":{"nesting_mode":"list","block":{"attributes":{"allow_credentials":{"type":"bool","description":"Whether browsers should expose the response to the client-side JavaScript code when the request’s credentials mode is `include`. This configures the Access-Control-Allow-Credentials header.","description_kind":"plain","optional":true},"allow_headers":{"type":["set","string"],"description":"The set of allowed HTTP request headers. This configures the Access-Control-Allow-Headers header.","description_kind":"plain","optional":true},"allow_methods":{"type":["set","string"],"description":"The set of allowed HTTP methods. This configures the Access-Control-Allow-Methods header.","description_kind":"plain","optional":true},"expose_headers":{"type":["set","string"],"description":"The set of HTTP response headers that browsers are allowed to access. This configures the Access-Control-Expose-Headers header.","description_kind":"plain","optional":true},"max_age":{"type":"string","description":"An optional duration specifying how long browsers can cache the results of a preflight request. This configures the Access-Control-Max-Age header. Example: `5h30m`.","description_kind":"plain","optional":true}},"block_types":{"allow_origins":{"nesting_mode":"list","block":{"attributes":{"exact":{"type":"string","description":"Exact string match.","description_kind":"plain","optional":true},"prefix":{"type":"string","description":"Prefix-based match.","description_kind":"plain","deprecated":true,"optional":true},"regex":{"type":"string","description":"RE2 style regex-based match.","description_kind":"plain","optional":true}},"description":"The set of allowed CORS origins. This configures the Access-Control-Allow-Origin header.","description_kind":"plain"},"max_items":1}},"description_kind":"plain"},"max_items":1},"match":{"nesting_mode":"list","block":{"block_types":{"authority":{"nesting_mode":"list","block":{"attributes":{"exact":{"type":"string","description_kind":"plain","optional":true,"computed":true}},"description_kind":"plain"},"max_items":1},"path":{"nesting_mode":"list","block":{"attributes":{"prefix":{"type":"string","description_kind":"plain","optional":true,"computed":true}},"description_kind":"plain"},"max_items":1}},"description_kind":"plain"},"max_items":1},"redirect":{"nesting_mode":"list","block":{"attributes":{"authority":{"type":"string","description_kind":"plain","optional":true},"port":{"type":"number","description_kind":"plain","optional":true},"redirect_code":{"type":"number","description_kind":"plain","optional":true},"scheme":{"type":"string","description_kind":"plain","optional":true},"uri":{"type":"string","description_kind":"plain","optional":true}},"description_kind":"plain"},"max_items":1}},"description_kind":"plain"}}},"description_kind":"plain"},"max_items":1},"job":{"nesting_mode":"list","block":{"attributes":{"build_command":{"type":"string","description":"An optional build command to run while building this component from source.","description_kind":"plain","optional":true},"dockerfile_path":{"type":"string","description":"The path to a Dockerfile relative to the root of the repo. If set, overrides usage of buildpacks.","description_kind":"plain","optional":true},"environment_slug":{"type":"string","description":"An environment slug describing the type of this app.","description_kind":"plain","optional":true},"instance_count":{"type":"number","description":"The amount of instances that this component should be scaled to.","description_kind":"plain","optional":true},"instance_size_slug":{"type":"string","description":"The instance size to use for this component.","description_kind":"plain","optional":true},"kind":{"type":"string","description":"The type of job and when it will be run during the deployment process.","description_kind":"plain","optional":true},"name":{"type":"string","description":"The name of the component","description_kind":"plain","required":true},"run_command":{"type":"string","description":"An optional run command to override the component's default.","description_kind":"plain","optional":true},"source_dir":{"type":"string","description":"An optional path to the working directory to use for the build.","description_kind":"plain","optional":true}},"block_types":{"alert":{"nesting_mode":"list","block":{"attributes":{"disabled":{"type":"bool","description_kind":"plain","optional":true},"operator":{"type":"string","description_kind":"plain","required":true},"rule":{"type":"string","description_kind":"plain","required":true},"value":{"type":"number","description_kind":"plain","required":true},"window":{"type":"string","description_kind":"plain","required":true}},"block_types":{"destinations":{"nesting_mode":"set","block":{"attributes":{"emails":{"type":["list","string"],"description_kind":"plain","optional":true}},"block_types":{"slack_webhooks":{"nesting_mode":"list","block":{"attributes":{"channel":{"type":"string","description":"The Slack channel to send notifications to.","description_kind":"plain","required":true},"url":{"type":"string","description":"The Slack webhook URL.","description_kind":"plain","required":true}},"description_kind":"plain"}}},"description_kind":"plain"},"max_items":1}},"description":"Alert policies for the app component","description_kind":"plain"}},"bitbucket":{"nesting_mode":"list","block":{"attributes":{"branch":{"type":"string","description":"The name of the branch to use.","description_kind":"plain","optional":true},"deploy_on_push":{"type":"bool","description":"Whether to automatically deploy new commits made to the repo","description_kind":"plain","optional":true},"repo":{"type":"string","description":"The name of the repo in the format `owner/repo`.","description_kind":"plain","optional":true}},"description_kind":"plain"},"max_items":1},"env":{"nesting_mode":"set","block":{"attributes":{"key":{"type":"string","description":"The name of the environment variable.","description_kind":"plain","optional":true},"scope":{"type":"string","description":"The visibility scope of the environment variable.","description_kind":"plain","optional":true},"type":{"type":"string","description":"The type of the environment variable.","description_kind":"plain","optional":true,"computed":true},"value":{"type":"string","description":"The value of the environment variable.","description_kind":"plain","optional":true,"sensitive":true}},"description_kind":"plain"}},"git":{"nesting_mode":"list","block":{"attributes":{"branch":{"type":"string","description":"The name of the branch to use.","description_kind":"plain","optional":true},"repo_clone_url":{"type":"string","description":"The clone URL of the repo.","description_kind":"plain","optional":true}},"description_kind":"plain"},"max_items":1},"github":{"nesting_mode":"list","block":{"attributes":{"branch":{"type":"string","description":"The name of the branch to use.","description_kind":"plain","optional":true},"deploy_on_push":{"type":"bool","description":"Whether to automatically deploy new commits made to the repo","description_kind":"plain","optional":true},"repo":{"type":"string","description":"The name of the repo in the format `owner/repo`.","description_kind":"plain","optional":true}},"description_kind":"plain"},"max_items":1},"gitlab":{"nesting_mode":"list","block":{"attributes":{"branch":{"type":"string","description":"The name of the branch to use.","description_kind":"plain","optional":true},"deploy_on_push":{"type":"bool","description":"Whether to automatically deploy new commits made to the repo","description_kind":"plain","optional":true},"repo":{"type":"string","description":"The name of the repo in the format `owner/repo`.","description_kind":"plain","optional":true}},"description_kind":"plain"},"max_items":1},"image":{"nesting_mode":"list","block":{"attributes":{"digest":{"type":"string","description":"The image digest. Cannot be specified if tag is provided.","description_kind":"plain","optional":true},"registry":{"type":"string","description":"The registry name. Must be left empty for the DOCR registry type.","description_kind":"plain","optional":true},"registry_credentials":{"type":"string","description":"Access credentials for third-party registries","description_kind":"plain","optional":true,"sensitive":true},"registry_type":{"type":"string","description":"The registry type.","description_kind":"plain","required":true},"repository":{"type":"string","description":"The repository name.","description_kind":"plain","required":true},"tag":{"type":"string","description":"The repository tag. Defaults to latest if not provided. Cannot be specified if digest is provided.","description_kind":"plain","optional":true}},"block_types":{"deploy_on_push":{"nesting_mode":"list","block":{"attributes":{"enabled":{"type":"bool","description":"Whether to automatically deploy images pushed to DOCR.","description_kind":"plain","optional":true}},"description":"Configures automatically deploying images pushed to DOCR.","description_kind":"plain"}}},"description_kind":"plain"},"max_items":1},"log_destination":{"nesting_mode":"list","block":{"attributes":{"name":{"type":"string","description":"Name of the log destination","description_kind":"plain","required":true}},"block_types":{"datadog":{"nesting_mode":"list","block":{"attributes":{"api_key":{"type":"string","description":"Datadog API key.","description_kind":"plain","required":true},"endpoint":{"type":"string","description":"Datadog HTTP log intake endpoint.","description_kind":"plain","optional":true}},"description":"Datadog configuration.","description_kind":"plain"},"max_items":1},"logtail":{"nesting_mode":"list","block":{"attributes":{"token":{"type":"string","description":"Logtail token.","description_kind":"plain","required":true}},"description":"Logtail configuration.","description_kind":"plain"},"max_items":1},"open_search":{"nesting_mode":"list","block":{"attributes":{"cluster_name":{"type":"string","description":"OpenSearch cluster name.","description_kind":"plain","optional":true},"endpoint":{"type":"string","description":"OpenSearch endpoint.","description_kind":"plain","optional":true},"index_name":{"type":"string","description":"OpenSearch index name.","description_kind":"plain","optional":true}},"block_types":{"basic_auth":{"nesting_mode":"list","block":{"attributes":{"password":{"type":"string","description":"Password for basic authentication.","description_kind":"plain","optional":true,"sensitive":true},"user":{"type":"string","description":"user for basic authentication.","description_kind":"plain","optional":true}},"description":"Basic authentication details.","description_kind":"plain"},"min_items":1,"max_items":1}},"description":"OpenSearch configuration.","description_kind":"plain"},"max_items":1},"papertrail":{"nesting_mode":"list","block":{"attributes":{"endpoint":{"type":"string","description":"Papertrail syslog endpoint.","description_kind":"plain","required":true}},"description":"Papertrail configuration.","description_kind":"plain"},"max_items":1}},"description":"Logs","description_kind":"plain"}},"termination":{"nesting_mode":"list","block":{"attributes":{"grace_period_seconds":{"type":"number","description":"The number of seconds to wait between sending a TERM signal to a container and issuing a KILL which causes immediate shutdown. Default: 120, Minimum 1, Maximum 600.","description_kind":"plain","optional":true}},"description_kind":"plain"},"max_items":1}},"description_kind":"plain"}},"maintenance":{"nesting_mode":"list","block":{"attributes":{"archive":{"type":"bool","description":"Indicates whether the app should be archived. Setting this to true implies that enabled is set to true.","description_kind":"plain","optional":true},"enabled":{"type":"bool","description":"Indicates whether maintenance mode should be enabled for the app.","description_kind":"plain","optional":true},"offline_page_url":{"type":"string","description":"A custom offline page to display when maintenance mode is enabled or the app is archived.","description_kind":"plain","optional":true}},"description":"Specification to configure maintenance settings for the app, such as maintenance mode and archiving the app.","description_kind":"plain"},"max_items":1},"service":{"nesting_mode":"list","block":{"attributes":{"build_command":{"type":"string","description":"An optional build command to run while building this component from source.","description_kind":"plain","optional":true},"dockerfile_path":{"type":"string","description":"The path to a Dockerfile relative to the root of the repo. If set, overrides usage of buildpacks.","description_kind":"plain","optional":true},"environment_slug":{"type":"string","description":"An environment slug describing the type of this app.","description_kind":"plain","optional":true},"http_port":{"type":"number","description":"The internal port on which this service's run command will listen.","description_kind":"plain","optional":true,"computed":true},"instance_count":{"type":"number","description":"The amount of instances that this component should be scaled to.","description_kind":"plain","optional":true},"instance_size_slug":{"type":"string","description":"The instance size to use for this component.","description_kind":"plain","optional":true},"internal_ports":{"type":["set","number"],"description_kind":"plain","optional":true,"computed":true},"name":{"type":"string","description":"The name of the component","description_kind":"plain","required":true},"run_command":{"type":"string","description":"An optional run command to override the component's default.","description_kind":"plain","optional":true,"computed":true},"source_dir":{"type":"string","description":"An optional path to the working directory to use for the build.","description_kind":"plain","optional":true}},"block_types":{"alert":{"nesting_mode":"list","block":{"attributes":{"disabled":{"type":"bool","description_kind":"plain","optional":true},"operator":{"type":"string","description_kind":"plain","required":true},"rule":{"type":"string","description_kind":"plain","required":true},"value":{"type":"number","description_kind":"plain","required":true},"window":{"type":"string","description_kind":"plain","required":true}},"block_types":{"destinations":{"nesting_mode":"set","block":{"attributes":{"emails":{"type":["list","string"],"description_kind":"plain","optional":true}},"block_types":{"slack_webhooks":{"nesting_mode":"list","block":{"attributes":{"channel":{"type":"string","description":"The Slack channel to send notifications to.","description_kind":"plain","required":true},"url":{"type":"string","description":"The Slack webhook URL.","description_kind":"plain","required":true}},"description_kind":"plain"}}},"description_kind":"plain"},"max_items":1}},"description":"Alert policies for the app component","description_kind":"plain"}},"autoscaling":{"nesting_mode":"list","block":{"attributes":{"max_instance_count":{"type":"number","description":"The maximum amount of instances for this component. Must be more than min_instance_count.","description_kind":"plain","required":true},"min_instance_count":{"type":"number","description":"The minimum amount of instances for this component. Must be less than max_instance_count.","description_kind":"plain","required":true}},"block_types":{"metrics":{"nesting_mode":"list","block":{"block_types":{"cpu":{"nesting_mode":"list","block":{"attributes":{"percent":{"type":"number","description":"The average target CPU utilization for the component.","description_kind":"plain","required":true}},"description":"Settings for scaling the component based on CPU utilization.","description_kind":"plain"},"max_items":1}},"description":"The metrics that the component is scaled on.","description_kind":"plain"},"min_items":1,"max_items":1}},"description_kind":"plain"},"max_items":1},"bitbucket":{"nesting_mode":"list","block":{"attributes":{"branch":{"type":"string","description":"The name of the branch to use.","description_kind":"plain","optional":true},"deploy_on_push":{"type":"bool","description":"Whether to automatically deploy new commits made to the repo","description_kind":"plain","optional":true},"repo":{"type":"string","description":"The name of the repo in the format `owner/repo`.","description_kind":"plain","optional":true}},"description_kind":"plain"},"max_items":1},"cors":{"nesting_mode":"list","block":{"attributes":{"allow_credentials":{"type":"bool","description":"Whether browsers should expose the response to the client-side JavaScript code when the request’s credentials mode is `include`. This configures the Access-Control-Allow-Credentials header.","description_kind":"plain","optional":true},"allow_headers":{"type":["set","string"],"description":"The set of allowed HTTP request headers. This configures the Access-Control-Allow-Headers header.","description_kind":"plain","optional":true},"allow_methods":{"type":["set","string"],"description":"The set of allowed HTTP methods. This configures the Access-Control-Allow-Methods header.","description_kind":"plain","optional":true},"expose_headers":{"type":["set","string"],"description":"The set of HTTP response headers that browsers are allowed to access. This configures the Access-Control-Expose-Headers header.","description_kind":"plain","optional":true},"max_age":{"type":"string","description":"An optional duration specifying how long browsers can cache the results of a preflight request. This configures the Access-Control-Max-Age header. Example: `5h30m`.","description_kind":"plain","optional":true}},"block_types":{"allow_origins":{"nesting_mode":"list","block":{"attributes":{"exact":{"type":"string","description":"Exact string match.","description_kind":"plain","optional":true},"prefix":{"type":"string","description":"Prefix-based match.","description_kind":"plain","deprecated":true,"optional":true},"regex":{"type":"string","description":"RE2 style regex-based match.","description_kind":"plain","optional":true}},"description":"The set of allowed CORS origins. This configures the Access-Control-Allow-Origin header.","description_kind":"plain"},"max_items":1}},"description_kind":"plain","deprecated":true},"max_items":1},"env":{"nesting_mode":"set","block":{"attributes":{"key":{"type":"string","description":"The name of the environment variable.","description_kind":"plain","optional":true},"scope":{"type":"string","description":"The visibility scope of the environment variable.","description_kind":"plain","optional":true},"type":{"type":"string","description":"The type of the environment variable.","description_kind":"plain","optional":true,"computed":true},"value":{"type":"string","description":"The value of the environment variable.","description_kind":"plain","optional":true,"sensitive":true}},"description_kind":"plain"}},"git":{"nesting_mode":"list","block":{"attributes":{"branch":{"type":"string","description":"The name of the branch to use.","description_kind":"plain","optional":true},"repo_clone_url":{"type":"string","description":"The clone URL of the repo.","description_kind":"plain","optional":true}},"description_kind":"plain"},"max_items":1},"github":{"nesting_mode":"list","block":{"attributes":{"branch":{"type":"string","description":"The name of the branch to use.","description_kind":"plain","optional":true},"deploy_on_push":{"type":"bool","description":"Whether to automatically deploy new commits made to the repo","description_kind":"plain","optional":true},"repo":{"type":"string","description":"The name of the repo in the format `owner/repo`.","description_kind":"plain","optional":true}},"description_kind":"plain"},"max_items":1},"gitlab":{"nesting_mode":"list","block":{"attributes":{"branch":{"type":"string","description":"The name of the branch to use.","description_kind":"plain","optional":true},"deploy_on_push":{"type":"bool","description":"Whether to automatically deploy new commits made to the repo","description_kind":"plain","optional":true},"repo":{"type":"string","description":"The name of the repo in the format `owner/repo`.","description_kind":"plain","optional":true}},"description_kind":"plain"},"max_items":1},"health_check":{"nesting_mode":"list","block":{"attributes":{"failure_threshold":{"type":"number","description":"The number of failed health checks before considered unhealthy.","description_kind":"plain","optional":true},"http_path":{"type":"string","description":"The route path used for the HTTP health check ping.","description_kind":"plain","optional":true},"initial_delay_seconds":{"type":"number","description":"The number of seconds to wait before beginning health checks.","description_kind":"plain","optional":true},"period_seconds":{"type":"number","description":"The number of seconds to wait between health checks.","description_kind":"plain","optional":true},"port":{"type":"number","description":"The port on which the health check will be performed. If not set, the health check will be performed on the component's http_port.","description_kind":"plain","optional":true},"success_threshold":{"type":"number","description":"The number of successful health checks before considered healthy.","description_kind":"plain","optional":true},"timeout_seconds":{"type":"number","description":"The number of seconds after which the check times out.","description_kind":"plain","optional":true}},"description_kind":"plain"},"max_items":1},"image":{"nesting_mode":"list","block":{"attributes":{"digest":{"type":"string","description":"The image digest. Cannot be specified if tag is provided.","description_kind":"plain","optional":true},"registry":{"type":"string","description":"The registry name. Must be left empty for the DOCR registry type.","description_kind":"plain","optional":true},"registry_credentials":{"type":"string","description":"Access credentials for third-party registries","description_kind":"plain","optional":true,"sensitive":true},"registry_type":{"type":"string","description":"The registry type.","description_kind":"plain","required":true},"repository":{"type":"string","description":"The repository name.","description_kind":"plain","required":true},"tag":{"type":"string","description":"The repository tag. Defaults to latest if not provided. Cannot be specified if digest is provided.","description_kind":"plain","optional":true}},"block_types":{"deploy_on_push":{"nesting_mode":"list","block":{"attributes":{"enabled":{"type":"bool","description":"Whether to automatically deploy images pushed to DOCR.","description_kind":"plain","optional":true}},"description":"Configures automatically deploying images pushed to DOCR.","description_kind":"plain"}}},"description_kind":"plain"},"max_items":1},"log_destination":{"nesting_mode":"list","block":{"attributes":{"name":{"type":"string","description":"Name of the log destination","description_kind":"plain","required":true}},"block_types":{"datadog":{"nesting_mode":"list","block":{"attributes":{"api_key":{"type":"string","description":"Datadog API key.","description_kind":"plain","required":true},"endpoint":{"type":"string","description":"Datadog HTTP log intake endpoint.","description_kind":"plain","optional":true}},"description":"Datadog configuration.","description_kind":"plain"},"max_items":1},"logtail":{"nesting_mode":"list","block":{"attributes":{"token":{"type":"string","description":"Logtail token.","description_kind":"plain","required":true}},"description":"Logtail configuration.","description_kind":"plain"},"max_items":1},"open_search":{"nesting_mode":"list","block":{"attributes":{"cluster_name":{"type":"string","description":"OpenSearch cluster name.","description_kind":"plain","optional":true},"endpoint":{"type":"string","description":"OpenSearch endpoint.","description_kind":"plain","optional":true},"index_name":{"type":"string","description":"OpenSearch index name.","description_kind":"plain","optional":true}},"block_types":{"basic_auth":{"nesting_mode":"list","block":{"attributes":{"password":{"type":"string","description":"Password for basic authentication.","description_kind":"plain","optional":true,"sensitive":true},"user":{"type":"string","description":"user for basic authentication.","description_kind":"plain","optional":true}},"description":"Basic authentication details.","description_kind":"plain"},"min_items":1,"max_items":1}},"description":"OpenSearch configuration.","description_kind":"plain"},"max_items":1},"papertrail":{"nesting_mode":"list","block":{"attributes":{"endpoint":{"type":"string","description":"Papertrail syslog endpoint.","description_kind":"plain","required":true}},"description":"Papertrail configuration.","description_kind":"plain"},"max_items":1}},"description":"Logs","description_kind":"plain"}},"routes":{"nesting_mode":"list","block":{"attributes":{"path":{"type":"string","description":"Path specifies an route by HTTP path prefix. Paths must start with / and must be unique within the app.","description_kind":"plain","optional":true},"preserve_path_prefix":{"type":"bool","description":" An optional flag to preserve the path that is forwarded to the backend service.","description_kind":"plain","optional":true}},"description_kind":"plain","deprecated":true}},"termination":{"nesting_mode":"list","block":{"attributes":{"drain_seconds":{"type":"number","description":"The number of seconds to wait between selecting a container instance for termination and issuing the TERM signal. Selecting a container instance for termination begins an asynchronous drain of new requests on upstream load-balancers. Default: 15 seconds, Minimum 1, Maximum 110.","description_kind":"plain","optional":true},"grace_period_seconds":{"type":"number","description":"The number of seconds to wait between sending a TERM signal to a container and issuing a KILL which causes immediate shutdown. Default: 120, Minimum 1, Maximum 600.","description_kind":"plain","optional":true}},"description_kind":"plain"},"max_items":1}},"description_kind":"plain"}},"static_site":{"nesting_mode":"list","block":{"attributes":{"build_command":{"type":"string","description":"An optional build command to run while building this component from source.","description_kind":"plain","optional":true},"catchall_document":{"type":"string","description":"The name of the document to use as the fallback for any requests to documents that are not found when serving this static site.","description_kind":"plain","optional":true},"dockerfile_path":{"type":"string","description":"The path to a Dockerfile relative to the root of the repo. If set, overrides usage of buildpacks.","description_kind":"plain","optional":true},"environment_slug":{"type":"string","description":"An environment slug describing the type of this app.","description_kind":"plain","optional":true},"error_document":{"type":"string","description":"The name of the error document to use when serving this static site.","description_kind":"plain","optional":true},"index_document":{"type":"string","description":"The name of the index document to use when serving this static site.","description_kind":"plain","optional":true},"name":{"type":"string","description":"The name of the component","description_kind":"plain","required":true},"output_dir":{"type":"string","description":"An optional path to where the built assets will be located, relative to the build context. If not set, App Platform will automatically scan for these directory names: `_static`, `dist`, `public`.","description_kind":"plain","optional":true},"source_dir":{"type":"string","description":"An optional path to the working directory to use for the build.","description_kind":"plain","optional":true}},"block_types":{"bitbucket":{"nesting_mode":"list","block":{"attributes":{"branch":{"type":"string","description":"The name of the branch to use.","description_kind":"plain","optional":true},"deploy_on_push":{"type":"bool","description":"Whether to automatically deploy new commits made to the repo","description_kind":"plain","optional":true},"repo":{"type":"string","description":"The name of the repo in the format `owner/repo`.","description_kind":"plain","optional":true}},"description_kind":"plain"},"max_items":1},"cors":{"nesting_mode":"list","block":{"attributes":{"allow_credentials":{"type":"bool","description":"Whether browsers should expose the response to the client-side JavaScript code when the request’s credentials mode is `include`. This configures the Access-Control-Allow-Credentials header.","description_kind":"plain","optional":true},"allow_headers":{"type":["set","string"],"description":"The set of allowed HTTP request headers. This configures the Access-Control-Allow-Headers header.","description_kind":"plain","optional":true},"allow_methods":{"type":["set","string"],"description":"The set of allowed HTTP methods. This configures the Access-Control-Allow-Methods header.","description_kind":"plain","optional":true},"expose_headers":{"type":["set","string"],"description":"The set of HTTP response headers that browsers are allowed to access. This configures the Access-Control-Expose-Headers header.","description_kind":"plain","optional":true},"max_age":{"type":"string","description":"An optional duration specifying how long browsers can cache the results of a preflight request. This configures the Access-Control-Max-Age header. Example: `5h30m`.","description_kind":"plain","optional":true}},"block_types":{"allow_origins":{"nesting_mode":"list","block":{"attributes":{"exact":{"type":"string","description":"Exact string match.","description_kind":"plain","optional":true},"prefix":{"type":"string","description":"Prefix-based match.","description_kind":"plain","deprecated":true,"optional":true},"regex":{"type":"string","description":"RE2 style regex-based match.","description_kind":"plain","optional":true}},"description":"The set of allowed CORS origins. This configures the Access-Control-Allow-Origin header.","description_kind":"plain"},"max_items":1}},"description_kind":"plain","deprecated":true},"max_items":1},"env":{"nesting_mode":"set","block":{"attributes":{"key":{"type":"string","description":"The name of the environment variable.","description_kind":"plain","optional":true},"scope":{"type":"string","description":"The visibility scope of the environment variable.","description_kind":"plain","optional":true},"type":{"type":"string","description":"The type of the environment variable.","description_kind":"plain","optional":true,"computed":true},"value":{"type":"string","description":"The value of the environment variable.","description_kind":"plain","optional":true,"sensitive":true}},"description_kind":"plain"}},"git":{"nesting_mode":"list","block":{"attributes":{"branch":{"type":"string","description":"The name of the branch to use.","description_kind":"plain","optional":true},"repo_clone_url":{"type":"string","description":"The clone URL of the repo.","description_kind":"plain","optional":true}},"description_kind":"plain"},"max_items":1},"github":{"nesting_mode":"list","block":{"attributes":{"branch":{"type":"string","description":"The name of the branch to use.","description_kind":"plain","optional":true},"deploy_on_push":{"type":"bool","description":"Whether to automatically deploy new commits made to the repo","description_kind":"plain","optional":true},"repo":{"type":"string","description":"The name of the repo in the format `owner/repo`.","description_kind":"plain","optional":true}},"description_kind":"plain"},"max_items":1},"gitlab":{"nesting_mode":"list","block":{"attributes":{"branch":{"type":"string","description":"The name of the branch to use.","description_kind":"plain","optional":true},"deploy_on_push":{"type":"bool","description":"Whether to automatically deploy new commits made to the repo","description_kind":"plain","optional":true},"repo":{"type":"string","description":"The name of the repo in the format `owner/repo`.","description_kind":"plain","optional":true}},"description_kind":"plain"},"max_items":1},"routes":{"nesting_mode":"list","block":{"attributes":{"path":{"type":"string","description":"Path specifies an route by HTTP path prefix. Paths must start with / and must be unique within the app.","description_kind":"plain","optional":true},"preserve_path_prefix":{"type":"bool","description":" An optional flag to preserve the path that is forwarded to the backend service.","description_kind":"plain","optional":true}},"description_kind":"plain","deprecated":true}}},"description_kind":"plain"}},"vpc":{"nesting_mode":"list","block":{"attributes":{"id":{"type":"string","description":"The ID of the VPC.","description_kind":"plain","required":true}},"description_kind":"plain"}},"worker":{"nesting_mode":"list","block":{"attributes":{"build_command":{"type":"string","description":"An optional build command to run while building this component from source.","description_kind":"plain","optional":true},"dockerfile_path":{"type":"string","description":"The path to a Dockerfile relative to the root of the repo. If set, overrides usage of buildpacks.","description_kind":"plain","optional":true},"environment_slug":{"type":"string","description":"An environment slug describing the type of this app.","description_kind":"plain","optional":true},"instance_count":{"type":"number","description":"The amount of instances that this component should be scaled to.","description_kind":"plain","optional":true},"instance_size_slug":{"type":"string","description":"The instance size to use for this component.","description_kind":"plain","optional":true},"name":{"type":"string","description":"The name of the component","description_kind":"plain","required":true},"run_command":{"type":"string","description":"An optional run command to override the component's default.","description_kind":"plain","optional":true},"source_dir":{"type":"string","description":"An optional path to the working directory to use for the build.","description_kind":"plain","optional":true}},"block_types":{"alert":{"nesting_mode":"list","block":{"attributes":{"disabled":{"type":"bool","description_kind":"plain","optional":true},"operator":{"type":"string","description_kind":"plain","required":true},"rule":{"type":"string","description_kind":"plain","required":true},"value":{"type":"number","description_kind":"plain","required":true},"window":{"type":"string","description_kind":"plain","required":true}},"block_types":{"destinations":{"nesting_mode":"set","block":{"attributes":{"emails":{"type":["list","string"],"description_kind":"plain","optional":true}},"block_types":{"slack_webhooks":{"nesting_mode":"list","block":{"attributes":{"channel":{"type":"string","description":"The Slack channel to send notifications to.","description_kind":"plain","required":true},"url":{"type":"string","description":"The Slack webhook URL.","description_kind":"plain","required":true}},"description_kind":"plain"}}},"description_kind":"plain"},"max_items":1}},"description":"Alert policies for the app component","description_kind":"plain"}},"autoscaling":{"nesting_mode":"list","block":{"attributes":{"max_instance_count":{"type":"number","description":"The maximum amount of instances for this component. Must be more than min_instance_count.","description_kind":"plain","required":true},"min_instance_count":{"type":"number","description":"The minimum amount of instances for this component. Must be less than max_instance_count.","description_kind":"plain","required":true}},"block_types":{"metrics":{"nesting_mode":"list","block":{"block_types":{"cpu":{"nesting_mode":"list","block":{"attributes":{"percent":{"type":"number","description":"The average target CPU utilization for the component.","description_kind":"plain","required":true}},"description":"Settings for scaling the component based on CPU utilization.","description_kind":"plain"},"max_items":1}},"description":"The metrics that the component is scaled on.","description_kind":"plain"},"min_items":1,"max_items":1}},"description_kind":"plain"},"max_items":1},"bitbucket":{"nesting_mode":"list","block":{"attributes":{"branch":{"type":"string","description":"The name of the branch to use.","description_kind":"plain","optional":true},"deploy_on_push":{"type":"bool","description":"Whether to automatically deploy new commits made to the repo","description_kind":"plain","optional":true},"repo":{"type":"string","description":"The name of the repo in the format `owner/repo`.","description_kind":"plain","optional":true}},"description_kind":"plain"},"max_items":1},"env":{"nesting_mode":"set","block":{"attributes":{"key":{"type":"string","description":"The name of the environment variable.","description_kind":"plain","optional":true},"scope":{"type":"string","description":"The visibility scope of the environment variable.","description_kind":"plain","optional":true},"type":{"type":"string","description":"The type of the environment variable.","description_kind":"plain","optional":true,"computed":true},"value":{"type":"string","description":"The value of the environment variable.","description_kind":"plain","optional":true,"sensitive":true}},"description_kind":"plain"}},"git":{"nesting_mode":"list","block":{"attributes":{"branch":{"type":"string","description":"The name of the branch to use.","description_kind":"plain","optional":true},"repo_clone_url":{"type":"string","description":"The clone URL of the repo.","description_kind":"plain","optional":true}},"description_kind":"plain"},"max_items":1},"github":{"nesting_mode":"list","block":{"attributes":{"branch":{"type":"string","description":"The name of the branch to use.","description_kind":"plain","optional":true},"deploy_on_push":{"type":"bool","description":"Whether to automatically deploy new commits made to the repo","description_kind":"plain","optional":true},"repo":{"type":"string","description":"The name of the repo in the format `owner/repo`.","description_kind":"plain","optional":true}},"description_kind":"plain"},"max_items":1},"gitlab":{"nesting_mode":"list","block":{"attributes":{"branch":{"type":"string","description":"The name of the branch to use.","description_kind":"plain","optional":true},"deploy_on_push":{"type":"bool","description":"Whether to automatically deploy new commits made to the repo","description_kind":"plain","optional":true},"repo":{"type":"string","description":"The name of the repo in the format `owner/repo`.","description_kind":"plain","optional":true}},"description_kind":"plain"},"max_items":1},"image":{"nesting_mode":"list","block":{"attributes":{"digest":{"type":"string","description":"The image digest. Cannot be specified if tag is provided.","description_kind":"plain","optional":true},"registry":{"type":"string","description":"The registry name. Must be left empty for the DOCR registry type.","description_kind":"plain","optional":true},"registry_credentials":{"type":"string","description":"Access credentials for third-party registries","description_kind":"plain","optional":true,"sensitive":true},"registry_type":{"type":"string","description":"The registry type.","description_kind":"plain","required":true},"repository":{"type":"string","description":"The repository name.","description_kind":"plain","required":true},"tag":{"type":"string","description":"The repository tag. Defaults to latest if not provided. Cannot be specified if digest is provided.","description_kind":"plain","optional":true}},"block_types":{"deploy_on_push":{"nesting_mode":"list","block":{"attributes":{"enabled":{"type":"bool","description":"Whether to automatically deploy images pushed to DOCR.","description_kind":"plain","optional":true}},"description":"Configures automatically deploying images pushed to DOCR.","description_kind":"plain"}}},"description_kind":"plain"},"max_items":1},"log_destination":{"nesting_mode":"list","block":{"attributes":{"name":{"type":"string","description":"Name of the log destination","description_kind":"plain","required":true}},"block_types":{"datadog":{"nesting_mode":"list","block":{"attributes":{"api_key":{"type":"string","description":"Datadog API key.","description_kind":"plain","required":true},"endpoint":{"type":"string","description":"Datadog HTTP log intake endpoint.","description_kind":"plain","optional":true}},"description":"Datadog configuration.","description_kind":"plain"},"max_items":1},"logtail":{"nesting_mode":"list","block":{"attributes":{"token":{"type":"string","description":"Logtail token.","description_kind":"plain","required":true}},"description":"Logtail configuration.","description_kind":"plain"},"max_items":1},"open_search":{"nesting_mode":"list","block":{"attributes":{"cluster_name":{"type":"string","description":"OpenSearch cluster name.","description_kind":"plain","optional":true},"endpoint":{"type":"string","description":"OpenSearch endpoint.","description_kind":"plain","optional":true},"index_name":{"type":"string","description":"OpenSearch index name.","description_kind":"plain","optional":true}},"block_types":{"basic_auth":{"nesting_mode":"list","block":{"attributes":{"password":{"type":"string","description":"Password for basic authentication.","description_kind":"plain","optional":true,"sensitive":true},"user":{"type":"string","description":"user for basic authentication.","description_kind":"plain","optional":true}},"description":"Basic authentication details.","description_kind":"plain"},"min_items":1,"max_items":1}},"description":"OpenSearch configuration.","description_kind":"plain"},"max_items":1},"papertrail":{"nesting_mode":"list","block":{"attributes":{"endpoint":{"type":"string","description":"Papertrail syslog endpoint.","description_kind":"plain","required":true}},"description":"Papertrail configuration.","description_kind":"plain"},"max_items":1}},"description":"Logs","description_kind":"plain"}},"termination":{"nesting_mode":"list","block":{"attributes":{"grace_period_seconds":{"type":"number","description":"The number of seconds to wait between sending a TERM signal to a container and issuing a KILL which causes immediate shutdown. Default: 120, Minimum 1, Maximum 600.","description_kind":"plain","optional":true}},"description_kind":"plain"},"max_items":1}},"description_kind":"plain"}}},"description":"A DigitalOcean App Platform Spec","description_kind":"plain"},"max_items":1},"timeouts":{"nesting_mode":"single","block":{"attributes":{"create":{"type":"string","description_kind":"plain","optional":true}},"description_kind":"plain"}}},"description_kind":"plain"}},"digitalocean_byoip_prefix":{"version":0,"block":{"attributes":{"advertised":{"type":"bool","description_kind":"plain","optional":true},"failure_reason":{"type":"string","description_kind":"plain","computed":true},"id":{"type":"string","description_kind":"plain","optional":true,"computed":true},"prefix":{"type":"string","description_kind":"plain","required":true},"region":{"type":"string","description_kind":"plain","required":true},"signature":{"type":"string","description_kind":"plain","optional":true},"status":{"type":"string","description_kind":"plain","computed":true},"uuid":{"type":"string","description_kind":"plain","computed":true}},"description_kind":"plain"}},"digitalocean_cdn":{"version":1,"block":{"attributes":{"certificate_id":{"type":"string","description":"ID of a DigitalOcean managed TLS certificate for use with custom domains","description_kind":"plain","deprecated":true,"optional":true,"computed":true},"certificate_name":{"type":"string","description_kind":"plain","optional":true,"computed":true},"created_at":{"type":"string","description":"The date and time (ISO8601) of when the CDN endpoint was created.","description_kind":"plain","computed":true},"custom_domain":{"type":"string","description":"fully qualified domain name (FQDN) for custom subdomain, (requires certificate_id)","description_kind":"plain","optional":true},"endpoint":{"type":"string","description":"fully qualified domain name (FQDN) to serve the CDN content","description_kind":"plain","computed":true},"id":{"type":"string","description_kind":"plain","optional":true,"computed":true},"origin":{"type":"string","description":"fully qualified domain name (FQDN) for the origin server","description_kind":"plain","required":true},"ttl":{"type":"number","description":"The amount of time the content is cached in the CDN","description_kind":"plain","optional":true,"computed":true}},"description_kind":"plain"}},"digitalocean_certificate":{"version":1,"block":{"attributes":{"certificate_chain":{"type":"string","description_kind":"plain","optional":true},"domains":{"type":["set","string"],"description_kind":"plain","optional":true},"id":{"type":"string","description_kind":"plain","optional":true,"computed":true},"leaf_certificate":{"type":"string","description_kind":"plain","optional":true},"name":{"type":"string","description_kind":"plain","required":true},"not_after":{"type":"string","description_kind":"plain","computed":true},"private_key":{"type":"string","description_kind":"plain","optional":true,"sensitive":true},"sha1_fingerprint":{"type":"string","description_kind":"plain","computed":true},"state":{"type":"string","description_kind":"plain","computed":true},"type":{"type":"string","description_kind":"plain","optional":true},"uuid":{"type":"string","description_kind":"plain","computed":true}},"description_kind":"plain"}},"digitalocean_container_registries":{"version":0,"block":{"attributes":{"created_at":{"type":"string","description_kind":"plain","computed":true},"endpoint":{"type":"string","description_kind":"plain","computed":true},"id":{"type":"string","description_kind":"plain","optional":true,"computed":true},"name":{"type":"string","description_kind":"plain","required":true},"region":{"type":"string","description_kind":"plain","optional":true,"computed":true},"server_url":{"type":"string","description_kind":"plain","computed":true},"storage_usage_bytes":{"type":"number","description_kind":"plain","computed":true},"subscription_tier_slug":{"type":"string","description_kind":"plain","required":true}},"description_kind":"plain"}},"digitalocean_container_registry":{"version":0,"block":{"attributes":{"created_at":{"type":"string","description_kind":"plain","computed":true},"endpoint":{"type":"string","description_kind":"plain","computed":true},"id":{"type":"string","description_kind":"plain","optional":true,"computed":true},"name":{"type":"string","description_kind":"plain","required":true},"region":{"type":"string","description_kind":"plain","optional":true,"computed":true},"server_url":{"type":"string","description_kind":"plain","computed":true},"storage_usage_bytes":{"type":"number","description_kind":"plain","computed":true},"subscription_tier_slug":{"type":"string","description_kind":"plain","required":true}},"description_kind":"plain"}},"digitalocean_container_registry_docker_credentials":{"version":0,"block":{"attributes":{"credential_expiration_time":{"type":"string","description_kind":"plain","computed":true},"docker_credentials":{"type":"string","description_kind":"plain","computed":true,"sensitive":true},"expiry_seconds":{"type":"number","description_kind":"plain","optional":true},"id":{"type":"string","description_kind":"plain","optional":true,"computed":true},"registry_name":{"type":"string","description_kind":"plain","required":true},"write":{"type":"bool","description_kind":"plain","optional":true}},"description_kind":"plain"}},"digitalocean_custom_image":{"version":0,"block":{"attributes":{"created_at":{"type":"string","description_kind":"plain","computed":true},"description":{"type":"string","description_kind":"plain","optional":true},"distribution":{"type":"string","description_kind":"plain","optional":true},"id":{"type":"string","description_kind":"plain","optional":true,"computed":true},"image_id":{"type":"number","description_kind":"plain","computed":true},"min_disk_size":{"type":"number","description_kind":"plain","computed":true},"name":{"type":"string","description_kind":"plain","required":true},"public":{"type":"bool","description_kind":"plain","computed":true},"regions":{"type":["set","string"],"description_kind":"plain","required":true},"size_gigabytes":{"type":"number","description_kind":"plain","computed":true},"slug":{"type":"string","description_kind":"plain","computed":true},"status":{"type":"string","description_kind":"plain","computed":true},"tags":{"type":["set","string"],"description_kind":"plain","optional":true},"type":{"type":"string","description_kind":"plain","computed":true},"url":{"type":"string","description_kind":"plain","required":true}},"block_types":{"timeouts":{"nesting_mode":"single","block":{"attributes":{"create":{"type":"string","description_kind":"plain","optional":true}},"description_kind":"plain"}}},"description_kind":"plain"}},"digitalocean_database_cluster":{"version":0,"block":{"attributes":{"database":{"type":"string","description_kind":"plain","computed":true},"engine":{"type":"string","description_kind":"plain","required":true},"eviction_policy":{"type":"string","description_kind":"plain","optional":true},"host":{"type":"string","description_kind":"plain","computed":true},"id":{"type":"string","description_kind":"plain","optional":true,"computed":true},"metrics_endpoints":{"type":["list","string"],"description_kind":"plain","computed":true},"name":{"type":"string","description_kind":"plain","required":true},"node_count":{"type":"number","description_kind":"plain","required":true},"password":{"type":"string","description_kind":"plain","computed":true,"sensitive":true},"port":{"type":"number","description_kind":"plain","computed":true},"private_host":{"type":"string","description_kind":"plain","computed":true},"private_network_uuid":{"type":"string","description_kind":"plain","optional":true,"computed":true},"private_uri":{"type":"string","description_kind":"plain","computed":true,"sensitive":true},"project_id":{"type":"string","description_kind":"plain","optional":true,"computed":true},"region":{"type":"string","description_kind":"plain","required":true},"size":{"type":"string","description_kind":"plain","required":true},"sql_mode":{"type":"string","description_kind":"plain","optional":true},"storage_size_mib":{"type":"string","description_kind":"plain","optional":true,"computed":true},"tags":{"type":["set","string"],"description_kind":"plain","optional":true},"ui_database":{"type":"string","description_kind":"plain","computed":true},"ui_host":{"type":"string","description_kind":"plain","computed":true},"ui_password":{"type":"string","description_kind":"plain","computed":true,"sensitive":true},"ui_port":{"type":"number","description_kind":"plain","computed":true},"ui_uri":{"type":"string","description_kind":"plain","computed":true,"sensitive":true},"ui_user":{"type":"string","description_kind":"plain","computed":true},"uri":{"type":"string","description_kind":"plain","computed":true,"sensitive":true},"urn":{"type":"string","description_kind":"plain","computed":true},"user":{"type":"string","description_kind":"plain","computed":true},"version":{"type":"string","description_kind":"plain","optional":true}},"block_types":{"backup_restore":{"nesting_mode":"list","block":{"attributes":{"backup_created_at":{"type":"string","description_kind":"plain","optional":true},"database_name":{"type":"string","description_kind":"plain","required":true}},"description_kind":"plain"},"max_items":1},"maintenance_window":{"nesting_mode":"list","block":{"attributes":{"day":{"type":"string","description_kind":"plain","required":true},"hour":{"type":"string","description_kind":"plain","required":true}},"description_kind":"plain"}},"timeouts":{"nesting_mode":"single","block":{"attributes":{"create":{"type":"string","description_kind":"plain","optional":true}},"description_kind":"plain"}}},"description_kind":"plain"}},"digitalocean_database_connection_pool":{"version":0,"block":{"attributes":{"cluster_id":{"type":"string","description_kind":"plain","required":true},"db_name":{"type":"string","description_kind":"plain","required":true},"host":{"type":"string","description_kind":"plain","computed":true},"id":{"type":"string","description_kind":"plain","optional":true,"computed":true},"mode":{"type":"string","description_kind":"plain","required":true},"name":{"type":"string","description_kind":"plain","required":true},"password":{"type":"string","description_kind":"plain","computed":true,"sensitive":true},"port":{"type":"number","description_kind":"plain","computed":true},"private_host":{"type":"string","description_kind":"plain","computed":true},"private_uri":{"type":"string","description_kind":"plain","computed":true,"sensitive":true},"size":{"type":"number","description_kind":"plain","required":true},"uri":{"type":"string","description_kind":"plain","computed":true,"sensitive":true},"user":{"type":"string","description_kind":"plain","optional":true}},"description_kind":"plain"}},"digitalocean_database_db":{"version":0,"block":{"attributes":{"cluster_id":{"type":"string","description_kind":"plain","required":true},"id":{"type":"string","description_kind":"plain","optional":true,"computed":true},"name":{"type":"string","description_kind":"plain","required":true}},"description_kind":"plain"}},"digitalocean_database_firewall":{"version":0,"block":{"attributes":{"cluster_id":{"type":"string","description_kind":"plain","required":true},"id":{"type":"string","description_kind":"plain","optional":true,"computed":true}},"block_types":{"rule":{"nesting_mode":"set","block":{"attributes":{"created_at":{"type":"string","description_kind":"plain","computed":true},"type":{"type":"string","description_kind":"plain","required":true},"uuid":{"type":"string","description_kind":"plain","computed":true},"value":{"type":"string","description_kind":"plain","required":true}},"description_kind":"plain"},"min_items":1}},"description_kind":"plain"}},"digitalocean_database_kafka_config":{"version":0,"block":{"attributes":{"auto_create_topics_enable":{"type":"bool","description_kind":"plain","optional":true,"computed":true},"cluster_id":{"type":"string","description_kind":"plain","required":true},"group_initial_rebalance_delay_ms":{"type":"number","description_kind":"plain","optional":true,"computed":true},"group_max_session_timeout_ms":{"type":"number","description_kind":"plain","optional":true,"computed":true},"group_min_session_timeout_ms":{"type":"number","description_kind":"plain","optional":true,"computed":true},"id":{"type":"string","description_kind":"plain","optional":true,"computed":true},"log_cleaner_delete_retention_ms":{"type":"number","description_kind":"plain","optional":true,"computed":true},"log_cleaner_min_compaction_lag_ms":{"type":"string","description_kind":"plain","optional":true,"computed":true},"log_flush_interval_ms":{"type":"string","description_kind":"plain","optional":true,"computed":true},"log_index_interval_bytes":{"type":"number","description_kind":"plain","optional":true,"computed":true},"log_message_downconversion_enable":{"type":"bool","description_kind":"plain","optional":true,"computed":true},"log_message_timestamp_difference_max_ms":{"type":"string","description_kind":"plain","optional":true,"computed":true},"log_preallocate":{"type":"bool","description_kind":"plain","optional":true,"computed":true},"log_retention_bytes":{"type":"string","description_kind":"plain","optional":true,"computed":true},"log_retention_hours":{"type":"number","description_kind":"plain","optional":true,"computed":true},"log_retention_ms":{"type":"string","description_kind":"plain","optional":true,"computed":true},"log_roll_jitter_ms":{"type":"string","description_kind":"plain","optional":true,"computed":true},"log_segment_delete_delay_ms":{"type":"number","description_kind":"plain","optional":true,"computed":true},"message_max_bytes":{"type":"number","description_kind":"plain","optional":true,"computed":true}},"description_kind":"plain"}},"digitalocean_database_kafka_schema_registry":{"version":0,"block":{"attributes":{"cluster_id":{"type":"string","description_kind":"plain","required":true},"id":{"type":"string","description_kind":"plain","optional":true,"computed":true},"schema":{"type":"string","description_kind":"plain","required":true},"schema_type":{"type":"string","description_kind":"plain","required":true},"subject_name":{"type":"string","description_kind":"plain","required":true}},"description_kind":"plain"}},"digitalocean_database_kafka_topic":{"version":0,"block":{"attributes":{"cluster_id":{"type":"string","description_kind":"plain","required":true},"id":{"type":"string","description_kind":"plain","optional":true,"computed":true},"name":{"type":"string","description_kind":"plain","required":true},"partition_count":{"type":"number","description_kind":"plain","optional":true},"replication_factor":{"type":"number","description_kind":"plain","optional":true},"state":{"type":"string","description_kind":"plain","computed":true}},"block_types":{"config":{"nesting_mode":"list","block":{"attributes":{"cleanup_policy":{"type":"string","description_kind":"plain","optional":true,"computed":true},"compression_type":{"type":"string","description_kind":"plain","optional":true,"computed":true},"delete_retention_ms":{"type":"string","description_kind":"plain","optional":true,"computed":true},"file_delete_delay_ms":{"type":"string","description_kind":"plain","optional":true,"computed":true},"flush_messages":{"type":"string","description_kind":"plain","optional":true,"computed":true},"flush_ms":{"type":"string","description_kind":"plain","optional":true,"computed":true},"index_interval_bytes":{"type":"string","description_kind":"plain","optional":true,"computed":true},"max_compaction_lag_ms":{"type":"string","description_kind":"plain","optional":true,"computed":true},"max_message_bytes":{"type":"string","description_kind":"plain","optional":true,"computed":true},"message_down_conversion_enable":{"type":"bool","description_kind":"plain","optional":true,"computed":true},"message_format_version":{"type":"string","description_kind":"plain","optional":true,"computed":true},"message_timestamp_difference_max_ms":{"type":"string","description_kind":"plain","optional":true,"computed":true},"message_timestamp_type":{"type":"string","description_kind":"plain","optional":true,"computed":true},"min_cleanable_dirty_ratio":{"type":"number","description_kind":"plain","optional":true,"computed":true},"min_compaction_lag_ms":{"type":"string","description_kind":"plain","optional":true,"computed":true},"min_insync_replicas":{"type":"number","description_kind":"plain","optional":true},"preallocate":{"type":"bool","description_kind":"plain","optional":true,"computed":true},"retention_bytes":{"type":"string","description_kind":"plain","optional":true,"computed":true},"retention_ms":{"type":"string","description_kind":"plain","optional":true,"computed":true},"segment_bytes":{"type":"string","description_kind":"plain","optional":true,"computed":true},"segment_index_bytes":{"type":"string","description_kind":"plain","optional":true,"computed":true},"segment_jitter_ms":{"type":"string","description_kind":"plain","optional":true,"computed":true},"segment_ms":{"type":"string","description_kind":"plain","optional":true,"computed":true}},"description_kind":"plain"}}},"description_kind":"plain"}},"digitalocean_database_logsink_opensearch":{"version":0,"block":{"attributes":{"ca_cert":{"type":"string","description":"CA certificate for TLS verification (PEM format)","description_kind":"plain","optional":true,"sensitive":true},"cluster_id":{"type":"string","description":"UUID of the source database cluster that will forward logs","description_kind":"plain","required":true},"endpoint":{"type":"string","description":"HTTPS URL to OpenSearch (https://host:port)","description_kind":"plain","required":true},"id":{"type":"string","description":"Composite ID of the logsink resource","description_kind":"plain","computed":true},"index_days_max":{"type":"number","description":"Maximum number of days to retain indices (\u003e= 1)","description_kind":"plain","optional":true},"index_prefix":{"type":"string","description":"Prefix for OpenSearch indices","description_kind":"plain","required":true},"logsink_id":{"type":"string","description":"The API sink_id returned by DigitalOcean","description_kind":"plain","computed":true},"name":{"type":"string","description":"Display name for the logsink","description_kind":"plain","required":true},"timeout_seconds":{"type":"number","description":"Request timeout for log deliveries in seconds (\u003e= 1)","description_kind":"plain","optional":true}},"description_kind":"plain"}},"digitalocean_database_logsink_rsyslog":{"version":0,"block":{"attributes":{"ca_cert":{"type":"string","description":"CA certificate for TLS verification (PEM format)","description_kind":"plain","optional":true,"sensitive":true},"client_cert":{"type":"string","description":"Client certificate for mTLS (PEM format)","description_kind":"plain","optional":true},"client_key":{"type":"string","description":"Client private key for mTLS (PEM format)","description_kind":"plain","optional":true,"sensitive":true},"cluster_id":{"type":"string","description":"UUID of the source database cluster that will forward logs","description_kind":"plain","required":true},"format":{"type":"string","description":"Log format: rfc5424, rfc3164, or custom","description_kind":"plain","optional":true},"id":{"type":"string","description":"Composite ID of the logsink resource","description_kind":"plain","computed":true},"logline":{"type":"string","description":"Custom logline template (required when format is 'custom')","description_kind":"plain","optional":true},"logsink_id":{"type":"string","description":"The API sink_id returned by DigitalOcean","description_kind":"plain","computed":true},"name":{"type":"string","description":"Display name for the logsink","description_kind":"plain","required":true},"port":{"type":"number","description":"Port number for the rsyslog server (1-65535)","description_kind":"plain","required":true},"server":{"type":"string","description":"Hostname or IP address of the rsyslog server","description_kind":"plain","required":true},"structured_data":{"type":"string","description":"Structured data for rsyslog","description_kind":"plain","optional":true},"tls":{"type":"bool","description":"Enable TLS encryption for rsyslog connection","description_kind":"plain","optional":true}},"description_kind":"plain"}},"digitalocean_database_mongodb_config":{"version":0,"block":{"attributes":{"cluster_id":{"type":"string","description_kind":"plain","required":true},"default_read_concern":{"type":"string","description_kind":"plain","optional":true,"computed":true},"default_write_concern":{"type":"string","description_kind":"plain","optional":true,"computed":true},"id":{"type":"string","description_kind":"plain","optional":true,"computed":true},"slow_op_threshold_ms":{"type":"number","description_kind":"plain","optional":true,"computed":true},"transaction_lifetime_limit_seconds":{"type":"number","description_kind":"plain","optional":true,"computed":true},"verbosity":{"type":"number","description_kind":"plain","optional":true,"computed":true}},"description_kind":"plain"}},"digitalocean_database_mysql_config":{"version":0,"block":{"attributes":{"backup_hour":{"type":"number","description_kind":"plain","optional":true,"computed":true},"backup_minute":{"type":"number","description_kind":"plain","optional":true,"computed":true},"binlog_retention_period":{"type":"number","description_kind":"plain","optional":true,"computed":true},"cluster_id":{"type":"string","description_kind":"plain","required":true},"connect_timeout":{"type":"number","description_kind":"plain","optional":true,"computed":true},"default_time_zone":{"type":"string","description_kind":"plain","optional":true,"computed":true},"group_concat_max_len":{"type":"number","description_kind":"plain","optional":true,"computed":true},"id":{"type":"string","description_kind":"plain","optional":true,"computed":true},"information_schema_stats_expiry":{"type":"number","description_kind":"plain","optional":true,"computed":true},"innodb_ft_min_token_size":{"type":"number","description_kind":"plain","optional":true,"computed":true},"innodb_ft_server_stopword_table":{"type":"string","description_kind":"plain","optional":true,"computed":true},"innodb_lock_wait_timeout":{"type":"number","description_kind":"plain","optional":true,"computed":true},"innodb_log_buffer_size":{"type":"number","description_kind":"plain","optional":true,"computed":true},"innodb_online_alter_log_max_size":{"type":"number","description_kind":"plain","optional":true,"computed":true},"innodb_print_all_deadlocks":{"type":"bool","description_kind":"plain","optional":true,"computed":true},"innodb_rollback_on_timeout":{"type":"bool","description_kind":"plain","optional":true,"computed":true},"interactive_timeout":{"type":"number","description_kind":"plain","optional":true,"computed":true},"internal_tmp_mem_storage_engine":{"type":"string","description_kind":"plain","optional":true,"computed":true},"long_query_time":{"type":"number","description_kind":"plain","optional":true,"computed":true},"max_allowed_packet":{"type":"number","description_kind":"plain","optional":true,"computed":true},"max_heap_table_size":{"type":"number","description_kind":"plain","optional":true,"computed":true},"net_read_timeout":{"type":"number","description_kind":"plain","optional":true,"computed":true},"net_write_timeout":{"type":"number","description_kind":"plain","optional":true,"computed":true},"slow_query_log":{"type":"bool","description_kind":"plain","optional":true,"computed":true},"sort_buffer_size":{"type":"number","description_kind":"plain","optional":true,"computed":true},"sql_mode":{"type":"string","description_kind":"plain","optional":true,"computed":true},"sql_require_primary_key":{"type":"bool","description_kind":"plain","optional":true,"computed":true},"tmp_table_size":{"type":"number","description_kind":"plain","optional":true,"computed":true},"wait_timeout":{"type":"number","description_kind":"plain","optional":true,"computed":true}},"description_kind":"plain"}},"digitalocean_database_online_migration":{"version":0,"block":{"attributes":{"cluster_id":{"type":"string","description_kind":"plain","required":true},"created_at":{"type":"string","description":"The date and time when the online migration was created","description_kind":"plain","computed":true},"disable_ssl":{"type":"bool","description":"Disables SSL encryption when connecting to the source database","description_kind":"plain","optional":true},"id":{"type":"string","description":"The ID of the migration","description_kind":"plain","computed":true},"ignore_dbs":{"type":["set","string"],"description":"The list of databases to be ignored during the migration","description_kind":"plain","optional":true},"status":{"type":"string","description":"The status of the online migration","description_kind":"plain","computed":true}},"block_types":{"source":{"nesting_mode":"list","block":{"attributes":{"db_name":{"type":"string","description":"The name of the default database","description_kind":"plain","required":true},"host":{"type":"string","description":"The FQDN pointing to the database cluster's current primary node","description_kind":"plain","required":true},"password":{"type":"string","description":"The password of the database.","description_kind":"plain","required":true},"port":{"type":"number","description":"The port on which the database cluster is listening","description_kind":"plain","required":true},"username":{"type":"string","description":"The default user of the database","description_kind":"plain","required":true}},"description_kind":"plain"},"min_items":1,"max_items":1}},"description_kind":"plain"}},"digitalocean_database_opensearch_config":{"version":0,"block":{"attributes":{"action_auto_create_index_enabled":{"type":"bool","description_kind":"plain","optional":true,"computed":true},"action_destructive_requires_name":{"type":"bool","description_kind":"plain","optional":true,"computed":true},"cluster_id":{"type":"string","description_kind":"plain","required":true},"cluster_max_shards_per_node":{"type":"number","description_kind":"plain","optional":true,"computed":true},"cluster_routing_allocation_node_concurrent_recoveries":{"type":"number","description_kind":"plain","optional":true,"computed":true},"enable_security_audit":{"type":"bool","description_kind":"plain","optional":true,"computed":true},"http_max_content_length_bytes":{"type":"number","description_kind":"plain","optional":true,"computed":true},"http_max_header_size_bytes":{"type":"number","description_kind":"plain","optional":true,"computed":true},"http_max_initial_line_length_bytes":{"type":"number","description_kind":"plain","optional":true,"computed":true},"id":{"type":"string","description_kind":"plain","optional":true,"computed":true},"indices_fielddata_cache_size_percentage":{"type":"number","description_kind":"plain","optional":true,"computed":true},"indices_memory_index_buffer_size_percentage":{"type":"number","description_kind":"plain","optional":true,"computed":true},"indices_memory_max_index_buffer_size_mb":{"type":"number","description_kind":"plain","optional":true,"computed":true},"indices_memory_min_index_buffer_size_mb":{"type":"number","description_kind":"plain","optional":true,"computed":true},"indices_queries_cache_size_percentage":{"type":"number","description_kind":"plain","optional":true,"computed":true},"indices_query_bool_max_clause_count":{"type":"number","description_kind":"plain","optional":true,"computed":true},"indices_recovery_max_concurrent_file_chunks":{"type":"number","description_kind":"plain","optional":true,"computed":true},"indices_recovery_max_mb_per_sec":{"type":"number","description_kind":"plain","optional":true,"computed":true},"ism_enabled":{"type":"bool","description_kind":"plain","optional":true,"computed":true},"ism_history_enabled":{"type":"bool","description_kind":"plain","optional":true,"computed":true},"ism_history_max_age_hours":{"type":"number","description_kind":"plain","optional":true,"computed":true},"ism_history_max_docs":{"type":"number","description_kind":"plain","optional":true,"computed":true},"ism_history_rollover_check_period_hours":{"type":"number","description_kind":"plain","optional":true,"computed":true},"ism_history_rollover_retention_period_days":{"type":"number","description_kind":"plain","optional":true,"computed":true},"override_main_response_version":{"type":"bool","description_kind":"plain","optional":true,"computed":true},"plugins_alerting_filter_by_backend_roles_enabled":{"type":"bool","description_kind":"plain","optional":true,"computed":true},"reindex_remote_whitelist":{"type":["set","string"],"description_kind":"plain","optional":true},"script_max_compilations_rate":{"type":"string","description_kind":"plain","optional":true,"computed":true},"search_max_buckets":{"type":"number","description_kind":"plain","optional":true,"computed":true},"thread_pool_analyze_queue_size":{"type":"number","description_kind":"plain","optional":true,"computed":true},"thread_pool_analyze_size":{"type":"number","description_kind":"plain","optional":true,"computed":true},"thread_pool_force_merge_size":{"type":"number","description_kind":"plain","optional":true,"computed":true},"thread_pool_get_queue_size":{"type":"number","description_kind":"plain","optional":true,"computed":true},"thread_pool_get_size":{"type":"number","description_kind":"plain","optional":true,"computed":true},"thread_pool_search_queue_size":{"type":"number","description_kind":"plain","optional":true,"computed":true},"thread_pool_search_size":{"type":"number","description_kind":"plain","optional":true,"computed":true},"thread_pool_search_throttled_queue_size":{"type":"number","description_kind":"plain","optional":true,"computed":true},"thread_pool_search_throttled_size":{"type":"number","description_kind":"plain","optional":true,"computed":true},"thread_pool_write_queue_size":{"type":"number","description_kind":"plain","optional":true,"computed":true},"thread_pool_write_size":{"type":"number","description_kind":"plain","optional":true,"computed":true}},"description_kind":"plain"}},"digitalocean_database_postgresql_config":{"version":0,"block":{"attributes":{"autovacuum_analyze_scale_factor":{"type":"number","description_kind":"plain","optional":true,"computed":true},"autovacuum_analyze_threshold":{"type":"number","description_kind":"plain","optional":true,"computed":true},"autovacuum_freeze_max_age":{"type":"number","description_kind":"plain","optional":true,"computed":true},"autovacuum_max_workers":{"type":"number","description_kind":"plain","optional":true,"computed":true},"autovacuum_naptime":{"type":"number","description_kind":"plain","optional":true,"computed":true},"autovacuum_vacuum_cost_delay":{"type":"number","description_kind":"plain","optional":true,"computed":true},"autovacuum_vacuum_cost_limit":{"type":"number","description_kind":"plain","optional":true,"computed":true},"autovacuum_vacuum_scale_factor":{"type":"number","description_kind":"plain","optional":true,"computed":true},"autovacuum_vacuum_threshold":{"type":"number","description_kind":"plain","optional":true,"computed":true},"backup_hour":{"type":"number","description_kind":"plain","optional":true,"computed":true},"backup_minute":{"type":"number","description_kind":"plain","optional":true,"computed":true},"bgwriter_delay":{"type":"number","description_kind":"plain","optional":true,"computed":true},"bgwriter_flush_after":{"type":"number","description_kind":"plain","optional":true,"computed":true},"bgwriter_lru_maxpages":{"type":"number","description_kind":"plain","optional":true,"computed":true},"bgwriter_lru_multiplier":{"type":"number","description_kind":"plain","optional":true,"computed":true},"cluster_id":{"type":"string","description_kind":"plain","required":true},"deadlock_timeout":{"type":"number","description_kind":"plain","optional":true,"computed":true},"default_toast_compression":{"type":"string","description_kind":"plain","optional":true,"computed":true},"id":{"type":"string","description_kind":"plain","optional":true,"computed":true},"idle_in_transaction_session_timeout":{"type":"number","description_kind":"plain","optional":true,"computed":true},"jit":{"type":"bool","description_kind":"plain","optional":true,"computed":true},"log_autovacuum_min_duration":{"type":"number","description_kind":"plain","optional":true,"computed":true},"log_error_verbosity":{"type":"string","description_kind":"plain","optional":true,"computed":true},"log_line_prefix":{"type":"string","description_kind":"plain","optional":true,"computed":true},"log_min_duration_statement":{"type":"number","description_kind":"plain","optional":true,"computed":true},"max_files_per_process":{"type":"number","description_kind":"plain","optional":true,"computed":true},"max_locks_per_transaction":{"type":"number","description_kind":"plain","optional":true,"computed":true},"max_logical_replication_workers":{"type":"number","description_kind":"plain","optional":true,"computed":true},"max_parallel_workers":{"type":"number","description_kind":"plain","optional":true,"computed":true},"max_parallel_workers_per_gather":{"type":"number","description_kind":"plain","optional":true,"computed":true},"max_pred_locks_per_transaction":{"type":"number","description_kind":"plain","optional":true,"computed":true},"max_prepared_transactions":{"type":"number","description_kind":"plain","optional":true,"computed":true},"max_replication_slots":{"type":"number","description_kind":"plain","optional":true,"computed":true},"max_stack_depth":{"type":"number","description_kind":"plain","optional":true,"computed":true},"max_standby_archive_delay":{"type":"number","description_kind":"plain","optional":true,"computed":true},"max_standby_streaming_delay":{"type":"number","description_kind":"plain","optional":true,"computed":true},"max_wal_senders":{"type":"number","description_kind":"plain","optional":true,"computed":true},"max_worker_processes":{"type":"number","description_kind":"plain","optional":true,"computed":true},"pg_partman_bgw_interval":{"type":"number","description_kind":"plain","optional":true,"computed":true},"pg_partman_bgw_role":{"type":"string","description_kind":"plain","optional":true,"computed":true},"pg_stat_statements_track":{"type":"string","description_kind":"plain","optional":true,"computed":true},"shared_buffers_percentage":{"type":"number","description_kind":"plain","optional":true,"computed":true},"temp_file_limit":{"type":"number","description_kind":"plain","optional":true,"computed":true},"timezone":{"type":"string","description_kind":"plain","optional":true,"computed":true},"track_activity_query_size":{"type":"number","description_kind":"plain","optional":true,"computed":true},"track_commit_timestamp":{"type":"string","description_kind":"plain","optional":true,"computed":true},"track_functions":{"type":"string","description_kind":"plain","optional":true,"computed":true},"track_io_timing":{"type":"string","description_kind":"plain","optional":true,"computed":true},"wal_sender_timeout":{"type":"number","description_kind":"plain","optional":true,"computed":true},"wal_writer_delay":{"type":"number","description_kind":"plain","optional":true,"computed":true},"work_mem":{"type":"number","description_kind":"plain","optional":true,"computed":true}},"block_types":{"pgbouncer":{"nesting_mode":"list","block":{"attributes":{"autodb_idle_timeout":{"type":"number","description_kind":"plain","optional":true,"computed":true},"autodb_max_db_connections":{"type":"number","description_kind":"plain","optional":true,"computed":true},"autodb_pool_mode":{"type":"string","description_kind":"plain","optional":true,"computed":true},"autodb_pool_size":{"type":"number","description_kind":"plain","optional":true,"computed":true},"ignore_startup_parameters":{"type":["set","string"],"description_kind":"plain","optional":true,"computed":true},"min_pool_size":{"type":"number","description_kind":"plain","optional":true,"computed":true},"server_idle_timeout":{"type":"number","description_kind":"plain","optional":true,"computed":true},"server_lifetime":{"type":"number","description_kind":"plain","optional":true,"computed":true},"server_reset_query_always":{"type":"bool","description_kind":"plain","optional":true,"computed":true}},"description_kind":"plain"}},"timescaledb":{"nesting_mode":"list","block":{"attributes":{"max_background_workers":{"type":"number","description_kind":"plain","optional":true}},"description_kind":"plain"},"max_items":1}},"description_kind":"plain"}},"digitalocean_database_redis_config":{"version":0,"block":{"attributes":{"acl_channels_default":{"type":"string","description_kind":"plain","optional":true,"computed":true},"cluster_id":{"type":"string","description_kind":"plain","required":true},"id":{"type":"string","description_kind":"plain","optional":true,"computed":true},"io_threads":{"type":"number","description_kind":"plain","optional":true,"computed":true},"lfu_decay_time":{"type":"number","description_kind":"plain","optional":true,"computed":true},"lfu_log_factor":{"type":"number","description_kind":"plain","optional":true,"computed":true},"maxmemory_policy":{"type":"string","description_kind":"plain","optional":true,"computed":true},"notify_keyspace_events":{"type":"string","description_kind":"plain","optional":true,"computed":true},"number_of_databases":{"type":"number","description_kind":"plain","optional":true,"computed":true},"persistence":{"type":"string","description_kind":"plain","optional":true,"computed":true},"pubsub_client_output_buffer_limit":{"type":"number","description_kind":"plain","optional":true,"computed":true},"ssl":{"type":"bool","description_kind":"plain","optional":true,"computed":true},"timeout":{"type":"number","description_kind":"plain","optional":true,"computed":true}},"description_kind":"plain"}},"digitalocean_database_replica":{"version":0,"block":{"attributes":{"cluster_id":{"type":"string","description_kind":"plain","required":true},"database":{"type":"string","description_kind":"plain","computed":true},"host":{"type":"string","description_kind":"plain","computed":true},"id":{"type":"string","description_kind":"plain","optional":true,"computed":true},"name":{"type":"string","description_kind":"plain","required":true},"password":{"type":"string","description_kind":"plain","computed":true,"sensitive":true},"port":{"type":"number","description_kind":"plain","computed":true},"private_host":{"type":"string","description_kind":"plain","computed":true},"private_network_uuid":{"type":"string","description_kind":"plain","optional":true,"computed":true},"private_uri":{"type":"string","description_kind":"plain","computed":true,"sensitive":true},"region":{"type":"string","description_kind":"plain","optional":true},"size":{"type":"string","description_kind":"plain","optional":true},"storage_size_mib":{"type":"string","description_kind":"plain","optional":true,"computed":true},"tags":{"type":["set","string"],"description_kind":"plain","optional":true},"uri":{"type":"string","description_kind":"plain","computed":true,"sensitive":true},"user":{"type":"string","description_kind":"plain","computed":true},"uuid":{"type":"string","description":"The unique universal identifier for the database replica.","description_kind":"plain","computed":true}},"description_kind":"plain"}},"digitalocean_database_user":{"version":0,"block":{"attributes":{"access_cert":{"type":"string","description_kind":"plain","computed":true,"sensitive":true},"access_key":{"type":"string","description_kind":"plain","computed":true,"sensitive":true},"cluster_id":{"type":"string","description_kind":"plain","required":true},"id":{"type":"string","description_kind":"plain","optional":true,"computed":true},"mysql_auth_plugin":{"type":"string","description_kind":"plain","optional":true},"name":{"type":"string","description_kind":"plain","required":true},"password":{"type":"string","description_kind":"plain","computed":true,"sensitive":true},"role":{"type":"string","description_kind":"plain","computed":true}},"block_types":{"settings":{"nesting_mode":"list","block":{"block_types":{"acl":{"nesting_mode":"list","block":{"attributes":{"id":{"type":"string","description_kind":"plain","computed":true},"permission":{"type":"string","description_kind":"plain","required":true},"topic":{"type":"string","description_kind":"plain","required":true}},"description_kind":"plain"}},"opensearch_acl":{"nesting_mode":"list","block":{"attributes":{"index":{"type":"string","description_kind":"plain","required":true},"permission":{"type":"string","description_kind":"plain","required":true}},"description_kind":"plain"}}},"description_kind":"plain"}}},"description_kind":"plain"}},"digitalocean_database_valkey_config":{"version":0,"block":{"attributes":{"acl_channels_default":{"type":"string","description":"Determines default pub/sub channels' ACL for new users if ACL is not supplied. When this option is not defined, all_channels is assumed to keep backward compatibility. This option doesn't affect Valkey configuration acl-pubsub-default.","description_kind":"plain","optional":true,"computed":true},"cluster_id":{"type":"string","description":"A unique identifier for the database cluster.","description_kind":"plain","required":true},"frequent_snapshots":{"type":"bool","description":"Frequent RDB snapshots. When enabled, Valkey will create frequent local RDB snapshots. When disabled, Valkey will only take RDB snapshots when a backup is created, based on the backup schedule. This setting is ignored when valkey_persistence is set to off.","description_kind":"plain","optional":true,"computed":true},"id":{"type":"string","description_kind":"plain","optional":true,"computed":true},"io_threads":{"type":"number","description":"The number of IO threads used by Valkey. Must be between 1 and 32.","description_kind":"plain","optional":true,"computed":true},"lfu_decay_time":{"type":"number","description":"The decay time for Valkey's LFU cache eviction. Must be between 1 and 120.","description_kind":"plain","optional":true,"computed":true},"lfu_log_factor":{"type":"number","description":"The log factor for Valkey's LFU (Least Frequently Used) cache eviction. Must be between 1 and 100.","description_kind":"plain","optional":true,"computed":true},"notify_keyspace_events":{"type":"string","description":"Set notify-keyspace-events option. Requires at least K or E and accepts any combination of the following options. Setting the parameter to \"\" disables notifications.\n\nK — Keyspace events\nE — Keyevent events\ng — Generic commands (e.g. DEL, EXPIRE, RENAME, ...)\n$ — String commands\nl — List commands\ns — Set commands\nh — Hash commands\nz — Sorted set commands\nt — Stream commands\nd — Module key type events\nx — Expired events\ne — Evicted events\nm — Key miss events\nn — New key events\nA — Alias for \"g$lshztxed\"","description_kind":"plain","optional":true,"computed":true},"number_of_databases":{"type":"number","description":"The number of logical databases in the Valkey cluster. Must be between 1 and 128.","description_kind":"plain","optional":true,"computed":true},"persistence":{"type":"string","description":"When persistence is 'rdb', Valkey does RDB dumps each 10 minutes if any key is changed. Also RDB dumps are done according to backup schedule for backup purposes. When persistence is 'off', no RDB dumps and backups are done, so data can be lost at any moment if service is restarted for any reason, or if service is powered off. Also service can't be forked.","description_kind":"plain","optional":true,"computed":true},"pubsub_client_output_buffer_limit":{"type":"number","description":"Set output buffer limit for pub / sub clients in MB. The value is the hard limit, the soft limit is 1/4 of the hard limit. When setting the limit, be mindful of the available memory in the selected service plan.","description_kind":"plain","optional":true,"computed":true},"ssl":{"type":"bool","description":"Whether to enable SSL/TLS for connections to the Valkey cluster.","description_kind":"plain","optional":true,"computed":true},"timeout":{"type":"number","description":"The timeout (in seconds) for Valkey client connections.","description_kind":"plain","optional":true,"computed":true},"valkey_active_expire_effort":{"type":"number","description":"Active expire effort. Valkey reclaims expired keys both when accessed and in the background. The background process scans for expired keys to free memory. Increasing the active-expire-effort setting (default 1, max 10) uses more CPU to reclaim expired keys faster, reducing memory usage but potentially increasing latency.","description_kind":"plain","optional":true,"computed":true}},"description_kind":"plain"}},"digitalocean_domain":{"version":0,"block":{"attributes":{"id":{"type":"string","description_kind":"plain","optional":true,"computed":true},"ip_address":{"type":"string","description_kind":"plain","optional":true},"name":{"type":"string","description_kind":"plain","required":true},"ttl":{"type":"number","description_kind":"plain","computed":true},"urn":{"type":"string","description_kind":"plain","computed":true}},"description_kind":"plain"}},"digitalocean_droplet":{"version":1,"block":{"attributes":{"backups":{"type":"bool","description_kind":"plain","optional":true},"created_at":{"type":"string","description_kind":"plain","computed":true},"disk":{"type":"number","description_kind":"plain","computed":true},"droplet_agent":{"type":"bool","description_kind":"plain","optional":true},"graceful_shutdown":{"type":"bool","description_kind":"plain","optional":true},"id":{"type":"string","description_kind":"plain","optional":true,"computed":true},"image":{"type":"string","description_kind":"plain","required":true},"ipv4_address":{"type":"string","description_kind":"plain","computed":true},"ipv4_address_private":{"type":"string","description_kind":"plain","computed":true},"ipv6":{"type":"bool","description_kind":"plain","optional":true},"ipv6_address":{"type":"string","description_kind":"plain","optional":true,"computed":true},"locked":{"type":"bool","description_kind":"plain","computed":true},"memory":{"type":"number","description_kind":"plain","computed":true},"monitoring":{"type":"bool","description_kind":"plain","optional":true},"name":{"type":"string","description_kind":"plain","required":true},"price_hourly":{"type":"number","description_kind":"plain","computed":true},"price_monthly":{"type":"number","description_kind":"plain","computed":true},"private_networking":{"type":"bool","description_kind":"plain","deprecated":true,"optional":true,"computed":true},"region":{"type":"string","description_kind":"plain","optional":true,"computed":true},"resize_disk":{"type":"bool","description_kind":"plain","optional":true},"size":{"type":"string","description_kind":"plain","required":true},"ssh_keys":{"type":["set","string"],"description_kind":"plain","optional":true},"status":{"type":"string","description_kind":"plain","computed":true},"tags":{"type":["set","string"],"description_kind":"plain","optional":true},"urn":{"type":"string","description_kind":"plain","computed":true},"user_data":{"type":"string","description_kind":"plain","optional":true},"vcpus":{"type":"number","description_kind":"plain","computed":true},"volume_ids":{"type":["set","string"],"description_kind":"plain","optional":true,"computed":true},"vpc_uuid":{"type":"string","description_kind":"plain","optional":true,"computed":true}},"block_types":{"backup_policy":{"nesting_mode":"list","block":{"attributes":{"hour":{"type":"number","description_kind":"plain","optional":true},"plan":{"type":"string","description_kind":"plain","optional":true},"weekday":{"type":"string","description_kind":"plain","optional":true}},"description_kind":"plain"},"max_items":1},"timeouts":{"nesting_mode":"single","block":{"attributes":{"create":{"type":"string","description_kind":"plain","optional":true},"delete":{"type":"string","description_kind":"plain","optional":true},"update":{"type":"string","description_kind":"plain","optional":true}},"description_kind":"plain"}}},"description_kind":"plain"}},"digitalocean_droplet_autoscale":{"version":0,"block":{"attributes":{"created_at":{"type":"string","description":"Droplet autoscale pool create timestamp","description_kind":"plain","computed":true},"current_utilization":{"type":["list",["object",{"cpu":"number","memory":"number"}]],"description_kind":"plain","computed":true},"id":{"type":"string","description":"ID of the Droplet autoscale pool","description_kind":"plain","computed":true},"name":{"type":"string","description":"Name of the Droplet autoscale pool","description_kind":"plain","required":true},"status":{"type":"string","description":"Droplet autoscale pool status","description_kind":"plain","computed":true},"updated_at":{"type":"string","description":"Droplet autoscale pool update timestamp","description_kind":"plain","computed":true}},"block_types":{"config":{"nesting_mode":"list","block":{"attributes":{"cooldown_minutes":{"type":"number","description":"Cooldown duration","description_kind":"plain","optional":true},"max_instances":{"type":"number","description":"Max number of members","description_kind":"plain","optional":true},"min_instances":{"type":"number","description":"Min number of members","description_kind":"plain","optional":true},"target_cpu_utilization":{"type":"number","description":"CPU target threshold","description_kind":"plain","optional":true},"target_memory_utilization":{"type":"number","description":"Memory target threshold","description_kind":"plain","optional":true},"target_number_instances":{"type":"number","description":"Target number of members","description_kind":"plain","optional":true}},"description_kind":"plain"},"min_items":1,"max_items":1},"droplet_template":{"nesting_mode":"list","block":{"attributes":{"image":{"type":"string","description":"Droplet image","description_kind":"plain","required":true},"ipv6":{"type":"bool","description":"Enable droplet IPv6","description_kind":"plain","optional":true},"project_id":{"type":"string","description":"Droplet project ID","description_kind":"plain","optional":true},"region":{"type":"string","description":"Droplet region","description_kind":"plain","required":true},"size":{"type":"string","description":"Droplet size","description_kind":"plain","required":true},"ssh_keys":{"type":["set","string"],"description":"Droplet SSH keys","description_kind":"plain","required":true},"tags":{"type":["set","string"],"description":"Droplet tags","description_kind":"plain","optional":true},"user_data":{"type":"string","description":"Droplet user data","description_kind":"plain","optional":true},"vpc_uuid":{"type":"string","description":"Droplet VPC UUID","description_kind":"plain","optional":true},"with_droplet_agent":{"type":"bool","description":"Enable droplet agent","description_kind":"plain","optional":true}},"description_kind":"plain"},"min_items":1,"max_items":1}},"description_kind":"plain"}},"digitalocean_droplet_snapshot":{"version":0,"block":{"attributes":{"created_at":{"type":"string","description_kind":"plain","computed":true},"droplet_id":{"type":"string","description_kind":"plain","required":true},"id":{"type":"string","description_kind":"plain","optional":true,"computed":true},"min_disk_size":{"type":"number","description_kind":"plain","computed":true},"name":{"type":"string","description_kind":"plain","required":true},"regions":{"type":["set","string"],"description_kind":"plain","computed":true},"size":{"type":"number","description_kind":"plain","computed":true}},"description_kind":"plain"}},"digitalocean_firewall":{"version":0,"block":{"attributes":{"created_at":{"type":"string","description_kind":"plain","computed":true},"droplet_ids":{"type":["set","number"],"description_kind":"plain","optional":true},"id":{"type":"string","description_kind":"plain","optional":true,"computed":true},"name":{"type":"string","description_kind":"plain","required":true},"pending_changes":{"type":["list",["object",{"droplet_id":"number","removing":"bool","status":"string"}]],"description_kind":"plain","computed":true},"status":{"type":"string","description_kind":"plain","computed":true},"tags":{"type":["set","string"],"description_kind":"plain","optional":true}},"block_types":{"inbound_rule":{"nesting_mode":"set","block":{"attributes":{"port_range":{"type":"string","description_kind":"plain","optional":true},"protocol":{"type":"string","description_kind":"plain","required":true},"source_addresses":{"type":["set","string"],"description_kind":"plain","optional":true},"source_droplet_ids":{"type":["set","number"],"description_kind":"plain","optional":true},"source_kubernetes_ids":{"type":["set","string"],"description_kind":"plain","optional":true},"source_load_balancer_uids":{"type":["set","string"],"description_kind":"plain","optional":true},"source_tags":{"type":["set","string"],"description_kind":"plain","optional":true}},"description_kind":"plain"}},"outbound_rule":{"nesting_mode":"set","block":{"attributes":{"destination_addresses":{"type":["set","string"],"description_kind":"plain","optional":true},"destination_droplet_ids":{"type":["set","number"],"description_kind":"plain","optional":true},"destination_kubernetes_ids":{"type":["set","string"],"description_kind":"plain","optional":true},"destination_load_balancer_uids":{"type":["set","string"],"description_kind":"plain","optional":true},"destination_tags":{"type":["set","string"],"description_kind":"plain","optional":true},"port_range":{"type":"string","description_kind":"plain","optional":true},"protocol":{"type":"string","description_kind":"plain","required":true}},"description_kind":"plain"}}},"description_kind":"plain"}},"digitalocean_floating_ip":{"version":0,"block":{"attributes":{"droplet_id":{"type":"number","description_kind":"plain","optional":true},"id":{"type":"string","description_kind":"plain","optional":true,"computed":true},"ip_address":{"type":"string","description_kind":"plain","optional":true,"computed":true},"region":{"type":"string","description_kind":"plain","required":true},"urn":{"type":"string","description":"the uniform resource name for the floating ip","description_kind":"plain","computed":true}},"description_kind":"plain"}},"digitalocean_floating_ip_assignment":{"version":0,"block":{"attributes":{"droplet_id":{"type":"number","description_kind":"plain","required":true},"id":{"type":"string","description_kind":"plain","optional":true,"computed":true},"ip_address":{"type":"string","description_kind":"plain","required":true}},"description_kind":"plain"}},"digitalocean_gradientai_agent":{"version":0,"block":{"attributes":{"anthropic_key_uuid":{"type":"string","description":"Optional Anthropic API key ID to use with Anthropic models","description_kind":"plain","optional":true},"created_at":{"type":"string","description":"Timestamp when the Agent was created","description_kind":"plain","optional":true},"description":{"type":"string","description":"Description for the Agent","description_kind":"plain","optional":true},"id":{"type":"string","description_kind":"plain","optional":true,"computed":true},"if_case":{"type":"string","description":"If case condition","description_kind":"plain","optional":true},"instruction":{"type":"string","description":"Instruction for the Agent","description_kind":"plain","required":true},"k":{"type":"number","description":"K value","description_kind":"plain","optional":true},"knowledge_base_uuid":{"type":["list","string"],"description":"Ids of the knowledge base(s) to attach to the agent","description_kind":"plain","optional":true},"max_tokens":{"type":"number","description":"Maximum tokens allowed","description_kind":"plain","optional":true},"model_uuid":{"type":"string","description":"Model UUID of the Agent","description_kind":"plain","required":true},"name":{"type":"string","description":"Name of the Agent","description_kind":"plain","required":true},"open_ai_key_uuid":{"type":"string","description":"Optional OpenAI API key ID to use with OpenAI models","description_kind":"plain","optional":true},"project_id":{"type":"string","description":"Project ID of the Agent","description_kind":"plain","required":true},"provide_citations":{"type":"bool","description":"Indicates if the agent should provide citations in responses","description_kind":"plain","optional":true},"region":{"type":"string","description":"Region where the Agent is deployed","description_kind":"plain","required":true},"retrieval_method":{"type":"string","description":"Retrieval method used","description_kind":"plain","optional":true},"route_created_at":{"type":"string","description":"Timestamp when the route was created","description_kind":"plain","computed":true},"route_created_by":{"type":"string","description":"User who created the route","description_kind":"plain","optional":true},"route_name":{"type":"string","description":"Route name","description_kind":"plain","optional":true},"route_uuid":{"type":"string","description":"Route UUID","description_kind":"plain","optional":true},"tags":{"type":["list","string"],"description":"List of Tags","description_kind":"plain","optional":true},"temperature":{"type":"number","description":"Agent temperature setting","description_kind":"plain","optional":true},"top_p":{"type":"number","description":"Top P sampling parameter","description_kind":"plain","optional":true},"updated_at":{"type":"string","description":"Timestamp when the Agent was updated","description_kind":"plain","computed":true},"url":{"type":"string","description":"URL for the Agent","description_kind":"plain","optional":true},"user_id":{"type":"string","description":"User ID linked with the Agent","description_kind":"plain","optional":true}},"block_types":{"agent_guardrail":{"nesting_mode":"list","block":{"attributes":{"agent_uuid":{"type":"string","description":"Agent UUID for the Guardrail","description_kind":"plain","optional":true},"created_at":{"type":"string","description":"Created At timestamp for the Guardrail","description_kind":"plain","computed":true},"default_response":{"type":"string","description":"Default response for the Guardrail","description_kind":"plain","optional":true},"description":{"type":"string","description":"Description of the Guardrail","description_kind":"plain","optional":true},"guardrail_uuid":{"type":"string","description":"Guardrail UUID","description_kind":"plain","optional":true},"is_attached":{"type":"bool","description":"Indicates if the Guardrail is attached","description_kind":"plain","computed":true},"is_default":{"type":"bool","description":"Indicates if the Guardrail is default","description_kind":"plain","optional":true},"name":{"type":"string","description":"Name of Guardrail","description_kind":"plain","optional":true},"priority":{"type":"number","description":"Priority of the Guardrail","description_kind":"plain","optional":true},"type":{"type":"string","description":"Type of the Guardrail","description_kind":"plain","optional":true},"updated_at":{"type":"string","description":"Updated At timestamp for the Guardrail","description_kind":"plain","computed":true},"uuid":{"type":"string","description":"Guardrail UUID","description_kind":"plain","optional":true}},"description":"AgentGuardrail represents a Guardrail attached to Gen AI Agent","description_kind":"plain"}},"anthropic_api_key":{"nesting_mode":"list","block":{"attributes":{"created_at":{"type":"string","description":"Timestamp when the API Key was created","description_kind":"plain","computed":true},"created_by":{"type":"string","description":"Created By user ID for the API Key","description_kind":"plain","optional":true},"deleted_at":{"type":"string","description":"Deleted At timestamp for the API Key","description_kind":"plain","computed":true},"name":{"type":"string","description":"Name of the API Key","description_kind":"plain","optional":true},"updated_at":{"type":"string","description":"Updated At timestamp for the API Key","description_kind":"plain","computed":true},"uuid":{"type":"string","description":"API Key value","description_kind":"plain","optional":true}},"description":"Anthropic API Key information","description_kind":"plain"}},"api_key_infos":{"nesting_mode":"list","block":{"attributes":{"created_at":{"type":"string","description":"API Key value","description_kind":"plain","computed":true},"created_by":{"type":"string","description":"Created By user ID for the API Key","description_kind":"plain","optional":true},"deleted_at":{"type":"string","description":"Deleted At timestamp for the API Key","description_kind":"plain","computed":true},"name":{"type":"string","description":"Name of the API Key","description_kind":"plain","optional":true},"secret_key":{"type":"string","description":"Updated At timestamp for the API Key","description_kind":"plain","optional":true},"uuid":{"type":"string","description":"API Key value","description_kind":"plain","optional":true}},"description":"List of API Key Infos","description_kind":"plain"}},"api_keys":{"nesting_mode":"list","block":{"attributes":{"api_key":{"type":"string","description":"API Key value","description_kind":"plain","optional":true}},"description":"List of API Keys","description_kind":"plain"}},"chatbot":{"nesting_mode":"list","block":{"attributes":{"button_background_color":{"type":"string","description":"Background color for the chatbot button","description_kind":"plain","optional":true},"logo":{"type":"string","description":"Logo for the chatbot","description_kind":"plain","optional":true},"name":{"type":"string","description":"Name of the chatbot","description_kind":"plain","optional":true},"primary_color":{"type":"string","description":"Primary color for the chatbot","description_kind":"plain","optional":true},"secondary_color":{"type":"string","description":"Secondary color for the chatbot","description_kind":"plain","optional":true},"starting_message":{"type":"string","description":"Starting message for the chatbot","description_kind":"plain","optional":true}},"description":"ChatBot configuration","description_kind":"plain"}},"chatbot_identifiers":{"nesting_mode":"list","block":{"attributes":{"chatbot_id":{"type":"string","description_kind":"plain","computed":true}},"description":"List of Chatbot Identifiers","description_kind":"plain"}},"child_agents":{"nesting_mode":"list","block":{"attributes":{"agent_id":{"type":"string","description":"ID of the child agent","description_kind":"plain","computed":true},"description":{"type":"string","description":"Description for the Agent","description_kind":"plain","optional":true},"instruction":{"type":"string","description":"Instruction for the Agent","description_kind":"plain","required":true},"model_uuid":{"type":"string","description":"Model UUID of the Agent","description_kind":"plain","required":true},"name":{"type":"string","description":"Name of the Agent","description_kind":"plain","required":true},"project_id":{"type":"string","description":"Project ID of the Agent","description_kind":"plain","required":true},"region":{"type":"string","description":"Region where the Agent is deployed","description_kind":"plain","required":true}},"block_types":{"anthropic_api_key":{"nesting_mode":"list","block":{"attributes":{"created_at":{"type":"string","description":"Timestamp when the API Key was created","description_kind":"plain","computed":true},"created_by":{"type":"string","description":"Created By user ID for the API Key","description_kind":"plain","optional":true},"deleted_at":{"type":"string","description":"Deleted At timestamp for the API Key","description_kind":"plain","computed":true},"name":{"type":"string","description":"Name of the API Key","description_kind":"plain","optional":true},"updated_at":{"type":"string","description":"Updated At timestamp for the API Key","description_kind":"plain","computed":true},"uuid":{"type":"string","description":"API Key value","description_kind":"plain","optional":true}},"description":"Anthropic API Key information","description_kind":"plain"}},"api_key_infos":{"nesting_mode":"list","block":{"attributes":{"created_at":{"type":"string","description":"API Key value","description_kind":"plain","computed":true},"created_by":{"type":"string","description":"Created By user ID for the API Key","description_kind":"plain","optional":true},"deleted_at":{"type":"string","description":"Deleted At timestamp for the API Key","description_kind":"plain","computed":true},"name":{"type":"string","description":"Name of the API Key","description_kind":"plain","optional":true},"secret_key":{"type":"string","description":"Updated At timestamp for the API Key","description_kind":"plain","optional":true},"uuid":{"type":"string","description":"API Key value","description_kind":"plain","optional":true}},"description":"List of API Key Infos","description_kind":"plain"}},"api_keys":{"nesting_mode":"list","block":{"attributes":{"api_key":{"type":"string","description":"API Key value","description_kind":"plain","optional":true}},"description":"List of API Keys","description_kind":"plain"}},"chatbot":{"nesting_mode":"list","block":{"attributes":{"button_background_color":{"type":"string","description":"Background color for the chatbot button","description_kind":"plain","optional":true},"logo":{"type":"string","description":"Logo for the chatbot","description_kind":"plain","optional":true},"name":{"type":"string","description":"Name of the chatbot","description_kind":"plain","optional":true},"primary_color":{"type":"string","description":"Primary color for the chatbot","description_kind":"plain","optional":true},"secondary_color":{"type":"string","description":"Secondary color for the chatbot","description_kind":"plain","optional":true},"starting_message":{"type":"string","description":"Starting message for the chatbot","description_kind":"plain","optional":true}},"description":"ChatBot configuration","description_kind":"plain"}},"chatbot_identifiers":{"nesting_mode":"list","block":{"attributes":{"chatbot_id":{"type":"string","description_kind":"plain","computed":true}},"description":"List of Chatbot Identifiers","description_kind":"plain"}},"deployment":{"nesting_mode":"list","block":{"attributes":{"created_at":{"type":"string","description":"API Key value","description_kind":"plain","computed":true},"name":{"type":"string","description":"Name of the API Key","description_kind":"plain","optional":true},"status":{"type":"string","description":"Status of the Deployment","description_kind":"plain","optional":true},"updated_at":{"type":"string","description":"Updated At timestamp for the Agent","description_kind":"plain","computed":true},"url":{"type":"string","description":"Url of the Deployment","description_kind":"plain","optional":true},"uuid":{"type":"string","description":"API Key value","description_kind":"plain","optional":true},"visibility":{"type":"string","description":"Visibility of the Deployment","description_kind":"plain","optional":true}},"description":"List of API Key Infos","description_kind":"plain"}}},"description":"List of child agents","description_kind":"plain"}},"deployment":{"nesting_mode":"list","block":{"attributes":{"created_at":{"type":"string","description":"API Key value","description_kind":"plain","computed":true},"name":{"type":"string","description":"Name of the API Key","description_kind":"plain","optional":true},"status":{"type":"string","description":"Status of the Deployment","description_kind":"plain","optional":true},"updated_at":{"type":"string","description":"Updated At timestamp for the Agent","description_kind":"plain","computed":true},"url":{"type":"string","description":"Url of the Deployment","description_kind":"plain","optional":true},"uuid":{"type":"string","description":"API Key value","description_kind":"plain","optional":true},"visibility":{"type":"string","description":"Visibility of the Deployment","description_kind":"plain","optional":true}},"description":"List of API Key Infos","description_kind":"plain"}},"functions":{"nesting_mode":"list","block":{"attributes":{"api_key":{"type":"string","description":"API Key value","description_kind":"plain","optional":true},"created_at":{"type":"string","description":"Created At timestamp for the Function","description_kind":"plain","computed":true},"description":{"type":"string","description":"Description of the Function","description_kind":"plain","optional":true},"faasname":{"type":"string","description":"Name of function","description_kind":"plain","optional":true},"faasnamespace":{"type":"string","description":"Namespace of function","description_kind":"plain","optional":true},"guardrail_uuid":{"type":"string","description":"Guardrail UUID for the Function","description_kind":"plain","optional":true},"name":{"type":"string","description":"Name of function","description_kind":"plain","optional":true},"updated_at":{"type":"string","description":"Updated At timestamp for the Agent","description_kind":"plain","computed":true},"url":{"type":"string","description":"Url of the Deployment","description_kind":"plain","optional":true},"uuid":{"type":"string","description":"API Key value","description_kind":"plain","optional":true}},"description":"List of Functions","description_kind":"plain"}},"knowledge_bases":{"nesting_mode":"list","block":{"attributes":{"added_to_agent_at":{"type":"string","description":"Timestamp when the Knowledge Base was added to the Agent","description_kind":"plain","computed":true},"created_at":{"type":"string","description":"Created At timestamp for the Knowledge Base","description_kind":"plain","computed":true},"database_id":{"type":"string","description":"Database ID of the Knowledge Base","description_kind":"plain","optional":true},"embedding_model_uuid":{"type":"string","description":"Embedding model UUID for the Knowledge Base","description_kind":"plain","optional":true},"is_public":{"type":"bool","description":"Indicates if the Knowledge Base is public","description_kind":"plain","optional":true},"name":{"type":"string","description":"Name of the Knowledge Base","description_kind":"plain","optional":true},"project_id":{"type":"string","description":"Project ID of the Knowledge Base","description_kind":"plain","optional":true},"region":{"type":"string","description":"Region of the Knowledge Base","description_kind":"plain","optional":true},"tags":{"type":["list","string"],"description":"List of tags","description_kind":"plain","optional":true},"updated_at":{"type":"string","description":"Timestamp when the Knowledge Base was updated","description_kind":"plain","computed":true},"user_id":{"type":"string","description":"User ID of the Knowledge Base","description_kind":"plain","optional":true},"uuid":{"type":"string","description":"UUID of the Knowledge Base","description_kind":"plain","computed":true}},"block_types":{"last_indexing_job":{"nesting_mode":"list","block":{"attributes":{"completed_datasources":{"type":"number","description":"Number of completed datasources in the last indexing job","description_kind":"plain","optional":true},"created_at":{"type":"string","description":"Created At timestamp for the last indexing job","description_kind":"plain","computed":true},"data_source_uuids":{"type":["list","string"],"description":"Datasource UUIDs for the last indexing job","description_kind":"plain","optional":true},"finished_at":{"type":"string","description":"Timestamp when the last indexing job finished","description_kind":"plain","computed":true},"knowledge_base_uuid":{"type":"string","description":"UUID  of the Knowledge Base for the last indexing job","description_kind":"plain","computed":true},"phase":{"type":"string","description":"Phase of the last indexing job","description_kind":"plain","optional":true},"started_at":{"type":"string","description":"Timestamp when the last indexing job started","description_kind":"plain","computed":true},"tokens":{"type":"number","description":"Number of tokens processed in the last indexing job","description_kind":"plain","optional":true},"total_datasources":{"type":"number","description":"Total number of datasources in the last indexing job","description_kind":"plain","optional":true},"updated_at":{"type":"string","description":"Timestamp when the last indexing job updated","description_kind":"plain","computed":true},"uuid":{"type":"string","description":"UUID  of the last indexing job","description_kind":"plain","optional":true}},"description":"Last indexing job for the Knowledge Base","description_kind":"plain"},"max_items":1}},"description":"List of Knowledge Bases","description_kind":"plain"}},"model":{"nesting_mode":"list","block":{"attributes":{"created_at":{"type":"string","description":"Created At timestamp for the Knowledge Base","description_kind":"plain","computed":true},"inference_name":{"type":"string","description":"Inference name of the model","description_kind":"plain","optional":true},"inference_version":{"type":"string","description":"Infernce version of the model","description_kind":"plain","optional":true},"is_foundational":{"type":"bool","description":"Indicates if the Model Base is foundational","description_kind":"plain","optional":true},"name":{"type":"string","description":"Name of the Knowledge Base","description_kind":"plain","optional":true},"parent_uuid":{"type":"string","description":"Parent UUID of the Model","description_kind":"plain","optional":true},"provider":{"type":"string","description":"Provider of the Model","description_kind":"plain","optional":true},"updated_at":{"type":"string","description":"Timestamp when the Knowledge Base was updated","description_kind":"plain","computed":true},"upload_complete":{"type":"bool","description":"Indicates if the Model upload is complete","description_kind":"plain","optional":true},"url":{"type":"string","description":"URL of the Model","description_kind":"plain","optional":true},"usecases":{"type":["list","string"],"description":"List of Usecases for the Model","description_kind":"plain","optional":true}},"block_types":{"agreement":{"nesting_mode":"list","block":{"attributes":{"description":{"type":"string","description":"Description of the agreement","description_kind":"plain","optional":true},"name":{"type":"string","description":"Name of the agreement","description_kind":"plain","optional":true},"url":{"type":"string","description":"URL of the agreement","description_kind":"plain","optional":true},"uuid":{"type":"string","description":"UUID of the agreement","description_kind":"plain","optional":true}},"description":"Agreement information for the model","description_kind":"plain"}},"versions":{"nesting_mode":"list","block":{"attributes":{"major":{"type":"number","description":"Major version of the model","description_kind":"plain","optional":true},"minor":{"type":"number","description":"Minor version of the model","description_kind":"plain","optional":true},"patch":{"type":"number","description":"Patch version of the model","description_kind":"plain","optional":true}},"description":"URL of the Model","description_kind":"plain"}}},"description":"Model of the Agent","description_kind":"plain"}},"open_ai_api_key":{"nesting_mode":"list","block":{"attributes":{"created_at":{"type":"string","description":"Timestamp when the API Key was created","description_kind":"plain","computed":true},"created_by":{"type":"string","description":"Created By user ID for the API Key","description_kind":"plain","optional":true},"deleted_at":{"type":"string","description":"Deleted At timestamp for the API Key","description_kind":"plain","computed":true},"name":{"type":"string","description":"Name of the API Key","description_kind":"plain","optional":true},"updated_at":{"type":"string","description":"Updated At timestamp for the API Key","description_kind":"plain","computed":true},"uuid":{"type":"string","description":"API Key value","description_kind":"plain","optional":true}},"description":"OpenAI API Key information","description_kind":"plain"}},"parent_agents":{"nesting_mode":"list","block":{"attributes":{"agent_id":{"type":"string","description":"ID of the child agent","description_kind":"plain","computed":true},"description":{"type":"string","description":"Description for the Agent","description_kind":"plain","optional":true},"instruction":{"type":"string","description":"Instruction for the Agent","description_kind":"plain","required":true},"model_uuid":{"type":"string","description":"Model UUID of the Agent","description_kind":"plain","required":true},"name":{"type":"string","description":"Name of the Agent","description_kind":"plain","required":true},"project_id":{"type":"string","description":"Project ID of the Agent","description_kind":"plain","required":true},"region":{"type":"string","description":"Region where the Agent is deployed","description_kind":"plain","required":true}},"block_types":{"anthropic_api_key":{"nesting_mode":"list","block":{"attributes":{"created_at":{"type":"string","description":"Timestamp when the API Key was created","description_kind":"plain","computed":true},"created_by":{"type":"string","description":"Created By user ID for the API Key","description_kind":"plain","optional":true},"deleted_at":{"type":"string","description":"Deleted At timestamp for the API Key","description_kind":"plain","computed":true},"name":{"type":"string","description":"Name of the API Key","description_kind":"plain","optional":true},"updated_at":{"type":"string","description":"Updated At timestamp for the API Key","description_kind":"plain","computed":true},"uuid":{"type":"string","description":"API Key value","description_kind":"plain","optional":true}},"description":"Anthropic API Key information","description_kind":"plain"}},"api_key_infos":{"nesting_mode":"list","block":{"attributes":{"created_at":{"type":"string","description":"API Key value","description_kind":"plain","computed":true},"created_by":{"type":"string","description":"Created By user ID for the API Key","description_kind":"plain","optional":true},"deleted_at":{"type":"string","description":"Deleted At timestamp for the API Key","description_kind":"plain","computed":true},"name":{"type":"string","description":"Name of the API Key","description_kind":"plain","optional":true},"secret_key":{"type":"string","description":"Updated At timestamp for the API Key","description_kind":"plain","optional":true},"uuid":{"type":"string","description":"API Key value","description_kind":"plain","optional":true}},"description":"List of API Key Infos","description_kind":"plain"}},"api_keys":{"nesting_mode":"list","block":{"attributes":{"api_key":{"type":"string","description":"API Key value","description_kind":"plain","optional":true}},"description":"List of API Keys","description_kind":"plain"}},"chatbot":{"nesting_mode":"list","block":{"attributes":{"button_background_color":{"type":"string","description":"Background color for the chatbot button","description_kind":"plain","optional":true},"logo":{"type":"string","description":"Logo for the chatbot","description_kind":"plain","optional":true},"name":{"type":"string","description":"Name of the chatbot","description_kind":"plain","optional":true},"primary_color":{"type":"string","description":"Primary color for the chatbot","description_kind":"plain","optional":true},"secondary_color":{"type":"string","description":"Secondary color for the chatbot","description_kind":"plain","optional":true},"starting_message":{"type":"string","description":"Starting message for the chatbot","description_kind":"plain","optional":true}},"description":"ChatBot configuration","description_kind":"plain"}},"chatbot_identifiers":{"nesting_mode":"list","block":{"attributes":{"chatbot_id":{"type":"string","description_kind":"plain","computed":true}},"description":"List of Chatbot Identifiers","description_kind":"plain"}},"deployment":{"nesting_mode":"list","block":{"attributes":{"created_at":{"type":"string","description":"API Key value","description_kind":"plain","computed":true},"name":{"type":"string","description":"Name of the API Key","description_kind":"plain","optional":true},"status":{"type":"string","description":"Status of the Deployment","description_kind":"plain","optional":true},"updated_at":{"type":"string","description":"Updated At timestamp for the Agent","description_kind":"plain","computed":true},"url":{"type":"string","description":"Url of the Deployment","description_kind":"plain","optional":true},"uuid":{"type":"string","description":"API Key value","description_kind":"plain","optional":true},"visibility":{"type":"string","description":"Visibility of the Deployment","description_kind":"plain","optional":true}},"description":"List of API Key Infos","description_kind":"plain"}}},"description":"List of child agents","description_kind":"plain"}},"template":{"nesting_mode":"list","block":{"attributes":{"created_at":{"type":"string","description":"Created At timestamp for the Knowledge Base","description_kind":"plain","computed":true},"description":{"type":"string","description":"Description of the Agent Template","description_kind":"plain","optional":true},"instruction":{"type":"string","description":"Instruction for the Agent","description_kind":"plain","optional":true},"k":{"type":"number","description":"K value for the Agent Template","description_kind":"plain","optional":true},"max_tokens":{"type":"number","description":"Maximum tokens allowed","description_kind":"plain","optional":true},"name":{"type":"string","description":"Name of the Agent Template","description_kind":"plain","optional":true},"temperature":{"type":"number","description":"Agent temperature setting","description_kind":"plain","optional":true},"top_p":{"type":"number","description":"Top P sampling parameter","description_kind":"plain","optional":true},"updated_at":{"type":"string","description":"Updated At timestamp for the Agent Template","description_kind":"plain","computed":true},"uuid":{"type":"string","description":"uuid of the Agent Template","description_kind":"plain","optional":true}},"block_types":{"knowledge_bases":{"nesting_mode":"list","block":{"attributes":{"added_to_agent_at":{"type":"string","description":"Timestamp when the Knowledge Base was added to the Agent","description_kind":"plain","computed":true},"created_at":{"type":"string","description":"Created At timestamp for the Knowledge Base","description_kind":"plain","computed":true},"database_id":{"type":"string","description":"Database ID of the Knowledge Base","description_kind":"plain","optional":true},"embedding_model_uuid":{"type":"string","description":"Embedding model UUID for the Knowledge Base","description_kind":"plain","optional":true},"is_public":{"type":"bool","description":"Indicates if the Knowledge Base is public","description_kind":"plain","optional":true},"name":{"type":"string","description":"Name of the Knowledge Base","description_kind":"plain","optional":true},"project_id":{"type":"string","description":"Project ID of the Knowledge Base","description_kind":"plain","optional":true},"region":{"type":"string","description":"Region of the Knowledge Base","description_kind":"plain","optional":true},"tags":{"type":["list","string"],"description":"List of tags","description_kind":"plain","optional":true},"updated_at":{"type":"string","description":"Timestamp when the Knowledge Base was updated","description_kind":"plain","computed":true},"user_id":{"type":"string","description":"User ID of the Knowledge Base","description_kind":"plain","optional":true},"uuid":{"type":"string","description":"UUID of the Knowledge Base","description_kind":"plain","computed":true}},"block_types":{"last_indexing_job":{"nesting_mode":"list","block":{"attributes":{"completed_datasources":{"type":"number","description":"Number of completed datasources in the last indexing job","description_kind":"plain","optional":true},"created_at":{"type":"string","description":"Created At timestamp for the last indexing job","description_kind":"plain","computed":true},"data_source_uuids":{"type":["list","string"],"description":"Datasource UUIDs for the last indexing job","description_kind":"plain","optional":true},"finished_at":{"type":"string","description":"Timestamp when the last indexing job finished","description_kind":"plain","computed":true},"knowledge_base_uuid":{"type":"string","description":"UUID  of the Knowledge Base for the last indexing job","description_kind":"plain","computed":true},"phase":{"type":"string","description":"Phase of the last indexing job","description_kind":"plain","optional":true},"started_at":{"type":"string","description":"Timestamp when the last indexing job started","description_kind":"plain","computed":true},"tokens":{"type":"number","description":"Number of tokens processed in the last indexing job","description_kind":"plain","optional":true},"total_datasources":{"type":"number","description":"Total number of datasources in the last indexing job","description_kind":"plain","optional":true},"updated_at":{"type":"string","description":"Timestamp when the last indexing job updated","description_kind":"plain","computed":true},"uuid":{"type":"string","description":"UUID  of the last indexing job","description_kind":"plain","optional":true}},"description":"Last indexing job for the Knowledge Base","description_kind":"plain"},"max_items":1}},"description":"List of Knowledge Bases","description_kind":"plain"}},"model":{"nesting_mode":"list","block":{"attributes":{"created_at":{"type":"string","description":"Created At timestamp for the Knowledge Base","description_kind":"plain","computed":true},"inference_name":{"type":"string","description":"Inference name of the model","description_kind":"plain","optional":true},"inference_version":{"type":"string","description":"Infernce version of the model","description_kind":"plain","optional":true},"is_foundational":{"type":"bool","description":"Indicates if the Model Base is foundational","description_kind":"plain","optional":true},"name":{"type":"string","description":"Name of the Knowledge Base","description_kind":"plain","optional":true},"parent_uuid":{"type":"string","description":"Parent UUID of the Model","description_kind":"plain","optional":true},"provider":{"type":"string","description":"Provider of the Model","description_kind":"plain","optional":true},"updated_at":{"type":"string","description":"Timestamp when the Knowledge Base was updated","description_kind":"plain","computed":true},"upload_complete":{"type":"bool","description":"Indicates if the Model upload is complete","description_kind":"plain","optional":true},"url":{"type":"string","description":"URL of the Model","description_kind":"plain","optional":true},"usecases":{"type":["list","string"],"description":"List of Usecases for the Model","description_kind":"plain","optional":true}},"block_types":{"agreement":{"nesting_mode":"list","block":{"attributes":{"description":{"type":"string","description":"Description of the agreement","description_kind":"plain","optional":true},"name":{"type":"string","description":"Name of the agreement","description_kind":"plain","optional":true},"url":{"type":"string","description":"URL of the agreement","description_kind":"plain","optional":true},"uuid":{"type":"string","description":"UUID of the agreement","description_kind":"plain","optional":true}},"description":"Agreement information for the model","description_kind":"plain"}},"versions":{"nesting_mode":"list","block":{"attributes":{"major":{"type":"number","description":"Major version of the model","description_kind":"plain","optional":true},"minor":{"type":"number","description":"Minor version of the model","description_kind":"plain","optional":true},"patch":{"type":"number","description":"Patch version of the model","description_kind":"plain","optional":true}},"description":"URL of the Model","description_kind":"plain"}}},"description":"Model of the Agent Template","description_kind":"plain"}}},"description":"Agent Template","description_kind":"plain"}}},"description_kind":"plain"}},"digitalocean_gradientai_agent_knowledge_base_attachment":{"version":0,"block":{"attributes":{"agent_uuid":{"type":"string","description":"A unique identifier for an agent.","description_kind":"plain","required":true},"id":{"type":"string","description_kind":"plain","optional":true,"computed":true},"knowledge_base_uuid":{"type":"string","description":"A unique identifier for a knowledge base.","description_kind":"plain","required":true}},"description_kind":"plain"}},"digitalocean_gradientai_agent_route":{"version":0,"block":{"attributes":{"child_agent_uuid":{"type":"string","description":"The UUID of the child agent.","description_kind":"plain","required":true},"id":{"type":"string","description_kind":"plain","optional":true,"computed":true},"if_case":{"type":"string","description":"if-case condition for the route.","description_kind":"plain","optional":true},"parent_agent_uuid":{"type":"string","description":"The UUID of the parent agent.","description_kind":"plain","required":true},"rollback":{"type":"bool","description_kind":"plain","optional":true},"route_name":{"type":"string","description":"A name for the route.","description_kind":"plain","optional":true},"uuid":{"type":"string","description":"The UUID of the linkage","description_kind":"plain","computed":true}},"description_kind":"plain"}},"digitalocean_gradientai_function":{"version":0,"block":{"attributes":{"agent_id":{"type":"string","description":"The name of the GradientAI resource.","description_kind":"plain","required":true},"description":{"type":"string","description":"The region where the GradientAI resource will be created.","description_kind":"plain","required":true},"faas_name":{"type":"string","description":"The model to use for the GradientAI resource.","description_kind":"plain","optional":true},"faas_namespace":{"type":"string","description":"The current status of the GradientAI resource.","description_kind":"plain","required":true},"function_name":{"type":"string","description":"The creation timestamp of the GradientAI resource.","description_kind":"plain","required":true},"function_uuid":{"type":"string","description":"The unique identifier of the GradientAI function.","description_kind":"plain","computed":true},"id":{"type":"string","description_kind":"plain","optional":true,"computed":true},"input_schema":{"type":"string","description":"The input schema of the GradientAI resource.","description_kind":"plain","required":true},"output_schema":{"type":"string","description":"The output schema of the GradientAI resource.","description_kind":"plain","optional":true}},"description_kind":"plain"}},"digitalocean_gradientai_indexing_job_cancel":{"version":0,"block":{"attributes":{"completed_datasources":{"type":"number","description":"Number of data sources that were completed before cancellation.","description_kind":"plain","computed":true},"created_at":{"type":"string","description":"When the indexing job was created.","description_kind":"plain","computed":true},"data_source_uuids":{"type":["list","string"],"description":"List of data source UUIDs associated with this indexing job.","description_kind":"plain","computed":true},"finished_at":{"type":"string","description":"When the indexing job was finished.","description_kind":"plain","computed":true},"id":{"type":"string","description_kind":"plain","optional":true,"computed":true},"knowledge_base_uuid":{"type":"string","description":"The UUID of the knowledge base associated with this indexing job.","description_kind":"plain","computed":true},"phase":{"type":"string","description":"Current phase of the indexing job.","description_kind":"plain","computed":true},"started_at":{"type":"string","description":"When the indexing job was started.","description_kind":"plain","computed":true},"status":{"type":"string","description":"The status of the indexing job after cancellation.","description_kind":"plain","computed":true},"tokens":{"type":"number","description":"Number of tokens processed before cancellation.","description_kind":"plain","computed":true},"total_datasources":{"type":"number","description":"Total number of data sources in the indexing job.","description_kind":"plain","computed":true},"total_items_failed":{"type":"number","description":"Total number of items that failed during indexing.","description_kind":"plain","computed":true},"total_items_indexed":{"type":"number","description":"Total number of items that were successfully indexed.","description_kind":"plain","computed":true},"total_items_skipped":{"type":"number","description":"Total number of items that were skipped during indexing.","description_kind":"plain","computed":true},"updated_at":{"type":"string","description":"When the indexing job was last updated.","description_kind":"plain","computed":true},"uuid":{"type":"string","description":"The UUID of the indexing job to cancel.","description_kind":"plain","required":true}},"description_kind":"plain"}},"digitalocean_gradientai_knowledge_base":{"version":0,"block":{"attributes":{"added_to_agent_at":{"type":"string","description":"The time when the knowledge base was added to the agent.","description_kind":"plain","optional":true},"created_at":{"type":"string","description":"The time when the knowledge base was created.","description_kind":"plain","computed":true},"database_id":{"type":"string","description":"The unique identifier of the DigitalOcean OpenSearch database this knowledge base will use","description_kind":"plain","optional":true},"embedding_model_uuid":{"type":"string","description":"The unique identifier of the embedding model","description_kind":"plain","required":true},"id":{"type":"string","description_kind":"plain","optional":true,"computed":true},"is_public":{"type":"bool","description":"Indicates whether the knowledge base is public or private.","description_kind":"plain","optional":true},"name":{"type":"string","description":"The name of the knowledge base.","description_kind":"plain","required":true},"project_id":{"type":"string","description":"The unique identifier of the project to which the knowledge base belongs.","description_kind":"plain","required":true},"region":{"type":"string","description_kind":"plain","required":true},"tags":{"type":["set","string"],"description_kind":"plain","optional":true},"vpc_uuid":{"type":"string","description":"The unique identifier of the VPC to which the knowledge base belongs.","description_kind":"plain","optional":true}},"block_types":{"datasources":{"nesting_mode":"list","block":{"attributes":{"created_at":{"type":"string","description":"Created At timestamp for the Knowledge Base","description_kind":"plain","computed":true},"updated_at":{"type":"string","description":"Timestamp when the Knowledge Base was updated","description_kind":"plain","computed":true},"uuid":{"type":"string","description":"UUID of the Knowledge Base","description_kind":"plain","optional":true}},"block_types":{"file_upload_data_source":{"nesting_mode":"list","block":{"attributes":{"original_file_name":{"type":"string","description":"The original name of the uploaded file","description_kind":"plain","optional":true},"size_in_bytes":{"type":"string","description":"The size of the file in bytes","description_kind":"plain","optional":true},"stored_object_key":{"type":"string","description":"The stored object key for the file","description_kind":"plain","optional":true}},"description":"File upload data source configuration","description_kind":"plain"}},"last_indexing_job":{"nesting_mode":"list","block":{"attributes":{"completed_datasources":{"type":"number","description":"Number of completed datasources in the last indexing job","description_kind":"plain","optional":true},"created_at":{"type":"string","description":"Created At timestamp for the last indexing job","description_kind":"plain","computed":true},"data_source_uuids":{"type":["list","string"],"description":"Datasource UUIDs for the last indexing job","description_kind":"plain","optional":true},"finished_at":{"type":"string","description":"Timestamp when the last indexing job finished","description_kind":"plain","computed":true},"knowledge_base_uuid":{"type":"string","description":"UUID  of the Knowledge Base for the last indexing job","description_kind":"plain","computed":true},"phase":{"type":"string","description":"Phase of the last indexing job","description_kind":"plain","optional":true},"started_at":{"type":"string","description":"Timestamp when the last indexing job started","description_kind":"plain","computed":true},"tokens":{"type":"number","description":"Number of tokens processed in the last indexing job","description_kind":"plain","optional":true},"total_datasources":{"type":"number","description":"Total number of datasources in the last indexing job","description_kind":"plain","optional":true},"updated_at":{"type":"string","description":"Timestamp when the last indexing job updated","description_kind":"plain","computed":true},"uuid":{"type":"string","description":"UUID  of the last indexing job","description_kind":"plain","optional":true}},"description":"Last indexing job for the data source","description_kind":"plain"}},"spaces_data_source":{"nesting_mode":"list","block":{"attributes":{"bucket_name":{"type":"string","description":"The name of the Spaces bucket","description_kind":"plain","optional":true},"item_path":{"type":"string","description":"The path to the item in the bucket","description_kind":"plain","optional":true},"region":{"type":"string","description":"The region of the Spaces bucket","description_kind":"plain","optional":true}},"description":"Spaces data source configuration","description_kind":"plain"}},"web_crawler_data_source":{"nesting_mode":"list","block":{"attributes":{"base_url":{"type":"string","description":"The base URL to crawl","description_kind":"plain","optional":true},"crawling_option":{"type":"string","description":"Options for specifying how URLs found on pages should be handled. \n- UNKNOWN: Default unknown value\n- SCOPED: Only include the base URL.\n- PATH: Crawl the base URL and linked pages within the URL path.\n- DOMAIN: Crawl the base URL and linked pages within the same domain.\n- SUBDOMAINS: Crawl the base URL and linked pages for any subdomain.","description_kind":"plain","optional":true},"embed_media":{"type":"bool","description":"Whether to embed media content","description_kind":"plain","optional":true}},"description":"Web crawler data source configuration","description_kind":"plain"}}},"description":"Data sources for the knowledge base","description_kind":"plain"},"min_items":1},"last_indexing_job":{"nesting_mode":"list","block":{"attributes":{"completed_datasources":{"type":"number","description":"Number of completed datasources in the last indexing job","description_kind":"plain","optional":true},"created_at":{"type":"string","description":"Created At timestamp for the last indexing job","description_kind":"plain","computed":true},"data_source_uuids":{"type":["list","string"],"description":"Datasource UUIDs for the last indexing job","description_kind":"plain","optional":true},"finished_at":{"type":"string","description":"Timestamp when the last indexing job finished","description_kind":"plain","computed":true},"knowledge_base_uuid":{"type":"string","description":"UUID  of the Knowledge Base for the last indexing job","description_kind":"plain","computed":true},"phase":{"type":"string","description":"Phase of the last indexing job","description_kind":"plain","optional":true},"started_at":{"type":"string","description":"Timestamp when the last indexing job started","description_kind":"plain","computed":true},"tokens":{"type":"number","description":"Number of tokens processed in the last indexing job","description_kind":"plain","optional":true},"total_datasources":{"type":"number","description":"Total number of datasources in the last indexing job","description_kind":"plain","optional":true},"updated_at":{"type":"string","description":"Timestamp when the last indexing job updated","description_kind":"plain","computed":true},"uuid":{"type":"string","description":"UUID  of the last indexing job","description_kind":"plain","optional":true}},"description":"The last indexing job for the knowledge base.","description_kind":"plain"}}},"description_kind":"plain"}},"digitalocean_gradientai_knowledge_base_data_source":{"version":0,"block":{"attributes":{"id":{"type":"string","description_kind":"plain","optional":true,"computed":true},"knowledge_base_uuid":{"type":"string","description":"UUID of the Knowledge Base","description_kind":"plain","required":true}},"block_types":{"spaces_data_source":{"nesting_mode":"list","block":{"attributes":{"bucket_name":{"type":"string","description":"The name of the Spaces bucket","description_kind":"plain","optional":true},"item_path":{"type":"string","description":"The path to the item in the bucket","description_kind":"plain","optional":true},"region":{"type":"string","description":"The region of the Spaces bucket","description_kind":"plain","optional":true}},"description_kind":"plain"},"max_items":1},"web_crawler_data_source":{"nesting_mode":"list","block":{"attributes":{"base_url":{"type":"string","description":"The base URL to crawl","description_kind":"plain","optional":true},"crawling_option":{"type":"string","description":"Options for specifying how URLs found on pages should be handled. \n- UNKNOWN: Default unknown value\n- SCOPED: Only include the base URL.\n- PATH: Crawl the base URL and linked pages within the URL path.\n- DOMAIN: Crawl the base URL and linked pages within the same domain.\n- SUBDOMAINS: Crawl the base URL and linked pages for any subdomain.","description_kind":"plain","optional":true},"embed_media":{"type":"bool","description":"Whether to embed media content","description_kind":"plain","optional":true}},"description_kind":"plain"},"max_items":1}},"description_kind":"plain"}},"digitalocean_gradientai_openai_api_key":{"version":0,"block":{"attributes":{"api_key":{"type":"string","description":"The OpenAI API key.","description_kind":"plain","required":true},"created_at":{"type":"string","description":"When the API key was created.","description_kind":"plain","computed":true},"created_by":{"type":"string","description":"Who created the API key.","description_kind":"plain","computed":true},"deleted_at":{"type":"string","description":"When the API key was deleted.","description_kind":"plain","computed":true},"id":{"type":"string","description_kind":"plain","optional":true,"computed":true},"name":{"type":"string","description":"A name for the API key.","description_kind":"plain","required":true},"updated_at":{"type":"string","description":"When the API key was last updated.","description_kind":"plain","computed":true},"uuid":{"type":"string","description":"The UUID of the API key.","description_kind":"plain","computed":true}},"block_types":{"model":{"nesting_mode":"list","block":{"attributes":{"created_at":{"type":"string","description":"Created At timestamp for the Knowledge Base","description_kind":"plain","computed":true},"inference_name":{"type":"string","description":"Inference name of the model","description_kind":"plain","optional":true},"inference_version":{"type":"string","description":"Infernce version of the model","description_kind":"plain","optional":true},"is_foundational":{"type":"bool","description":"Indicates if the Model Base is foundational","description_kind":"plain","optional":true},"name":{"type":"string","description":"Name of the Knowledge Base","description_kind":"plain","optional":true},"parent_uuid":{"type":"string","description":"Parent UUID of the Model","description_kind":"plain","optional":true},"provider":{"type":"string","description":"Provider of the Model","description_kind":"plain","optional":true},"updated_at":{"type":"string","description":"Timestamp when the Knowledge Base was updated","description_kind":"plain","computed":true},"upload_complete":{"type":"bool","description":"Indicates if the Model upload is complete","description_kind":"plain","optional":true},"url":{"type":"string","description":"URL of the Model","description_kind":"plain","optional":true},"usecases":{"type":["list","string"],"description":"List of Usecases for the Model","description_kind":"plain","optional":true}},"block_types":{"agreement":{"nesting_mode":"list","block":{"attributes":{"description":{"type":"string","description":"Description of the agreement","description_kind":"plain","optional":true},"name":{"type":"string","description":"Name of the agreement","description_kind":"plain","optional":true},"url":{"type":"string","description":"URL of the agreement","description_kind":"plain","optional":true},"uuid":{"type":"string","description":"UUID of the agreement","description_kind":"plain","optional":true}},"description":"Agreement information for the model","description_kind":"plain"}},"versions":{"nesting_mode":"list","block":{"attributes":{"major":{"type":"number","description":"Major version of the model","description_kind":"plain","optional":true},"minor":{"type":"number","description":"Minor version of the model","description_kind":"plain","optional":true},"patch":{"type":"number","description":"Patch version of the model","description_kind":"plain","optional":true}},"description":"URL of the Model","description_kind":"plain"}}},"description":"Models associated with the OpenAI API key","description_kind":"plain"}}},"description_kind":"plain"}},"digitalocean_kubernetes_cluster":{"version":3,"block":{"attributes":{"auto_upgrade":{"type":"bool","description_kind":"plain","optional":true},"cluster_subnet":{"type":"string","description_kind":"plain","optional":true,"computed":true},"created_at":{"type":"string","description_kind":"plain","computed":true},"destroy_all_associated_resources":{"type":"bool","description_kind":"plain","optional":true},"endpoint":{"type":"string","description_kind":"plain","computed":true},"ha":{"type":"bool","description_kind":"plain","optional":true},"id":{"type":"string","description_kind":"plain","optional":true,"computed":true},"ipv4_address":{"type":"string","description_kind":"plain","computed":true},"kube_config":{"type":["list",["object",{"client_certificate":"string","client_key":"string","cluster_ca_certificate":"string","expires_at":"string","host":"string","raw_config":"string","token":"string"}]],"description_kind":"plain","computed":true,"sensitive":true},"kubeconfig_expire_seconds":{"type":"number","description_kind":"plain","optional":true},"name":{"type":"string","description_kind":"plain","required":true},"region":{"type":"string","description_kind":"plain","required":true},"registry_integration":{"type":"bool","description_kind":"plain","optional":true},"service_subnet":{"type":"string","description_kind":"plain","optional":true,"computed":true},"status":{"type":"string","description_kind":"plain","computed":true},"surge_upgrade":{"type":"bool","description_kind":"plain","optional":true},"tags":{"type":["set","string"],"description_kind":"plain","optional":true},"updated_at":{"type":"string","description_kind":"plain","computed":true},"urn":{"type":"string","description_kind":"plain","computed":true},"version":{"type":"string","description_kind":"plain","required":true},"vpc_uuid":{"type":"string","description_kind":"plain","optional":true,"computed":true}},"block_types":{"amd_gpu_device_metrics_exporter_plugin":{"nesting_mode":"list","block":{"attributes":{"enabled":{"type":"bool","description_kind":"plain","required":true}},"description_kind":"plain"},"max_items":1},"amd_gpu_device_plugin":{"nesting_mode":"list","block":{"attributes":{"enabled":{"type":"bool","description_kind":"plain","required":true}},"description_kind":"plain"},"max_items":1},"cluster_autoscaler_configuration":{"nesting_mode":"list","block":{"attributes":{"expanders":{"type":["list","string"],"description_kind":"plain","optional":true},"scale_down_unneeded_time":{"type":"string","description_kind":"plain","optional":true},"scale_down_utilization_threshold":{"type":"number","description_kind":"plain","optional":true}},"description_kind":"plain"}},"control_plane_firewall":{"nesting_mode":"list","block":{"attributes":{"allowed_addresses":{"type":["list","string"],"description_kind":"plain","required":true},"enabled":{"type":"bool","description_kind":"plain","required":true}},"description_kind":"plain"},"max_items":1},"maintenance_policy":{"nesting_mode":"list","block":{"attributes":{"day":{"type":"string","description_kind":"plain","optional":true,"computed":true},"duration":{"type":"string","description_kind":"plain","computed":true},"start_time":{"type":"string","description_kind":"plain","optional":true,"computed":true}},"description_kind":"plain"},"max_items":1},"node_pool":{"nesting_mode":"list","block":{"attributes":{"actual_node_count":{"type":"number","description_kind":"plain","computed":true},"auto_scale":{"type":"bool","description_kind":"plain","optional":true},"id":{"type":"string","description_kind":"plain","computed":true},"labels":{"type":["map","string"],"description_kind":"plain","optional":true},"max_nodes":{"type":"number","description_kind":"plain","optional":true},"min_nodes":{"type":"number","description_kind":"plain","optional":true},"name":{"type":"string","description_kind":"plain","required":true},"node_count":{"type":"number","description_kind":"plain","optional":true},"nodes":{"type":["list",["object",{"created_at":"string","droplet_id":"string","id":"string","name":"string","status":"string","updated_at":"string"}]],"description_kind":"plain","computed":true},"size":{"type":"string","description_kind":"plain","required":true},"tags":{"type":["set","string"],"description_kind":"plain","optional":true}},"block_types":{"taint":{"nesting_mode":"set","block":{"attributes":{"effect":{"type":"string","description_kind":"plain","required":true},"key":{"type":"string","description_kind":"plain","required":true},"value":{"type":"string","description_kind":"plain","required":true}},"description_kind":"plain"}}},"description_kind":"plain"},"min_items":1,"max_items":1},"nvidia_gpu_device_plugin":{"nesting_mode":"list","block":{"attributes":{"enabled":{"type":"bool","description_kind":"plain","required":true}},"description_kind":"plain"},"max_items":1},"rdma_shared_device_plugin":{"nesting_mode":"list","block":{"attributes":{"enabled":{"type":"bool","description_kind":"plain","required":true}},"description_kind":"plain"},"max_items":1},"routing_agent":{"nesting_mode":"list","block":{"attributes":{"enabled":{"type":"bool","description_kind":"plain","required":true}},"description_kind":"plain"},"max_items":1},"timeouts":{"nesting_mode":"single","block":{"attributes":{"create":{"type":"string","description_kind":"plain","optional":true}},"description_kind":"plain"}}},"description_kind":"plain"}},"digitalocean_kubernetes_node_pool":{"version":1,"block":{"attributes":{"actual_node_count":{"type":"number","description_kind":"plain","computed":true},"auto_scale":{"type":"bool","description_kind":"plain","optional":true},"cluster_id":{"type":"string","description_kind":"plain","required":true},"id":{"type":"string","description_kind":"plain","optional":true,"computed":true},"labels":{"type":["map","string"],"description_kind":"plain","optional":true},"max_nodes":{"type":"number","description_kind":"plain","optional":true},"min_nodes":{"type":"number","description_kind":"plain","optional":true},"name":{"type":"string","description_kind":"plain","required":true},"node_count":{"type":"number","description_kind":"plain","optional":true},"nodes":{"type":["list",["object",{"created_at":"string","droplet_id":"string","id":"string","name":"string","status":"string","updated_at":"string"}]],"description_kind":"plain","computed":true},"size":{"type":"string","description_kind":"plain","required":true},"tags":{"type":["set","string"],"description_kind":"plain","optional":true}},"block_types":{"taint":{"nesting_mode":"set","block":{"attributes":{"effect":{"type":"string","description_kind":"plain","required":true},"key":{"type":"string","description_kind":"plain","required":true},"value":{"type":"string","description_kind":"plain","required":true}},"description_kind":"plain"}},"timeouts":{"nesting_mode":"single","block":{"attributes":{"create":{"type":"string","description_kind":"plain","optional":true},"delete":{"type":"string","description_kind":"plain","optional":true}},"description_kind":"plain"}}},"description_kind":"plain"}},"digitalocean_loadbalancer":{"version":1,"block":{"attributes":{"algorithm":{"type":"string","description_kind":"plain","deprecated":true,"optional":true},"disable_lets_encrypt_dns_records":{"type":"bool","description_kind":"plain","optional":true},"droplet_ids":{"type":["set","number"],"description_kind":"plain","optional":true,"computed":true},"droplet_tag":{"type":"string","description_kind":"plain","optional":true},"enable_backend_keepalive":{"type":"bool","description_kind":"plain","optional":true},"enable_proxy_protocol":{"type":"bool","description_kind":"plain","optional":true},"http_idle_timeout_seconds":{"type":"number","description_kind":"plain","optional":true,"computed":true},"id":{"type":"string","description_kind":"plain","optional":true,"computed":true},"ip":{"type":"string","description_kind":"plain","computed":true},"ipv6":{"type":"string","description_kind":"plain","computed":true},"name":{"type":"string","description_kind":"plain","required":true},"network":{"type":"string","description":"the type of network the load balancer is accessible from (EXTERNAL or INTERNAL)","description_kind":"plain","optional":true},"network_stack":{"type":"string","description":"The network stack determines the allocation of ipv4/ipv6 addresses to the load balancer. Enum: 'IPV4' 'DUALSTACK'","description_kind":"plain","optional":true},"project_id":{"type":"string","description_kind":"plain","optional":true,"computed":true},"redirect_http_to_https":{"type":"bool","description_kind":"plain","optional":true},"region":{"type":"string","description_kind":"plain","optional":true},"size":{"type":"string","description_kind":"plain","optional":true},"size_unit":{"type":"number","description_kind":"plain","optional":true,"computed":true},"status":{"type":"string","description_kind":"plain","computed":true},"target_load_balancer_ids":{"type":["set","string"],"description":"list of load balancer IDs to put behind a global load balancer","description_kind":"plain","optional":true,"computed":true},"tls_cipher_policy":{"type":"string","description":"The tls cipher policy to be used for the load balancer. Enum: 'DEFAULT' 'STRONG'","description_kind":"plain","optional":true},"type":{"type":"string","description":"the type of the load balancer (GLOBAL, REGIONAL, or REGIONAL_NETWORK)","description_kind":"plain","optional":true,"computed":true},"urn":{"type":"string","description":"the uniform resource name for the load balancer","description_kind":"plain","computed":true},"vpc_uuid":{"type":"string","description_kind":"plain","optional":true,"computed":true}},"block_types":{"domains":{"nesting_mode":"set","block":{"attributes":{"certificate_id":{"type":"string","description":"certificate ID for TLS handshaking","description_kind":"plain","computed":true},"certificate_name":{"type":"string","description":"name of certificate required for TLS handshaking","description_kind":"plain","optional":true,"computed":true},"is_managed":{"type":"bool","description":"flag indicating if domain is managed by DigitalOcean","description_kind":"plain","optional":true},"name":{"type":"string","description":"domain name","description_kind":"plain","required":true},"ssl_validation_error_reasons":{"type":["list","string"],"description":"list of domain SSL validation errors","description_kind":"plain","computed":true},"verification_error_reasons":{"type":["list","string"],"description":"list of domain verification errors","description_kind":"plain","computed":true}},"description":"the list of domains required to ingress traffic to global load balancer","description_kind":"plain"}},"firewall":{"nesting_mode":"set","block":{"attributes":{"allow":{"type":["list","string"],"description":"the rules for ALLOWING traffic to the LB (strings in the form: 'ip:1.2.3.4' or 'cidr:1.2.0.0/16')","description_kind":"plain","optional":true},"deny":{"type":["list","string"],"description":"the rules for DENYING traffic to the LB (strings in the form: 'ip:1.2.3.4' or 'cidr:1.2.0.0/16')","description_kind":"plain","optional":true}},"description_kind":"plain"},"max_items":1},"forwarding_rule":{"nesting_mode":"set","block":{"attributes":{"certificate_id":{"type":"string","description_kind":"plain","deprecated":true,"optional":true,"computed":true},"certificate_name":{"type":"string","description_kind":"plain","optional":true,"computed":true},"entry_port":{"type":"number","description_kind":"plain","required":true},"entry_protocol":{"type":"string","description_kind":"plain","required":true},"target_port":{"type":"number","description_kind":"plain","required":true},"target_protocol":{"type":"string","description_kind":"plain","required":true},"tls_passthrough":{"type":"bool","description_kind":"plain","optional":true}},"description_kind":"plain"}},"glb_settings":{"nesting_mode":"list","block":{"attributes":{"failover_threshold":{"type":"number","description":"fail-over threshold","description_kind":"plain","optional":true},"region_priorities":{"type":["map","number"],"description":"region priority map","description_kind":"plain","optional":true},"target_port":{"type":"number","description":"target port rules","description_kind":"plain","required":true},"target_protocol":{"type":"string","description":"target protocol rules","description_kind":"plain","required":true}},"block_types":{"cdn":{"nesting_mode":"list","block":{"attributes":{"is_enabled":{"type":"bool","description":"cache enable flag","description_kind":"plain","optional":true}},"description":"CDN specific configurations","description_kind":"plain"},"max_items":1}},"description":"configuration options for global load balancer","description_kind":"plain"},"max_items":1},"healthcheck":{"nesting_mode":"list","block":{"attributes":{"check_interval_seconds":{"type":"number","description_kind":"plain","optional":true},"healthy_threshold":{"type":"number","description_kind":"plain","optional":true},"path":{"type":"string","description_kind":"plain","optional":true},"port":{"type":"number","description_kind":"plain","required":true},"protocol":{"type":"string","description_kind":"plain","required":true},"response_timeout_seconds":{"type":"number","description_kind":"plain","optional":true},"unhealthy_threshold":{"type":"number","description_kind":"plain","optional":true}},"description_kind":"plain"},"max_items":1},"sticky_sessions":{"nesting_mode":"list","block":{"attributes":{"cookie_name":{"type":"string","description_kind":"plain","optional":true},"cookie_ttl_seconds":{"type":"number","description_kind":"plain","optional":true},"type":{"type":"string","description_kind":"plain","optional":true}},"description_kind":"plain"},"max_items":1}},"description_kind":"plain"}},"digitalocean_monitor_alert":{"version":0,"block":{"attributes":{"compare":{"type":"string","description":"The comparison operator to use for value","description_kind":"plain","required":true},"description":{"type":"string","description":"Description of the alert policy","description_kind":"plain","required":true},"enabled":{"type":"bool","description_kind":"plain","optional":true},"entities":{"type":["set","string"],"description":"The droplets to apply the alert policy to","description_kind":"plain","optional":true},"id":{"type":"string","description_kind":"plain","optional":true,"computed":true},"tags":{"type":["set","string"],"description_kind":"plain","optional":true},"type":{"type":"string","description_kind":"plain","required":true},"uuid":{"type":"string","description_kind":"plain","computed":true},"value":{"type":"number","description_kind":"plain","required":true},"window":{"type":"string","description_kind":"plain","required":true}},"block_types":{"alerts":{"nesting_mode":"list","block":{"attributes":{"email":{"type":["list","string"],"description":"List of email addresses to sent notifications to","description_kind":"plain","optional":true}},"block_types":{"slack":{"nesting_mode":"list","block":{"attributes":{"channel":{"type":"string","description":"The Slack channel to send alerts to","description_kind":"plain","required":true},"url":{"type":"string","description":"The webhook URL for Slack","description_kind":"plain","required":true}},"description_kind":"plain"}}},"description":"List with details how to notify about the alert. Support for Slack or email.","description_kind":"plain"},"min_items":1,"max_items":1}},"description_kind":"plain"}},"digitalocean_nfs":{"version":0,"block":{"attributes":{"host":{"type":"string","description":"The host IP of the NFS server accessible from the associated VPC","description_kind":"plain","computed":true},"id":{"type":"string","description_kind":"plain","optional":true,"computed":true},"mount_path":{"type":"string","description":"The mount path for accessing the NFS share","description_kind":"plain","computed":true},"name":{"type":"string","description_kind":"plain","required":true},"region":{"type":"string","description_kind":"plain","required":true},"size":{"type":"number","description_kind":"plain","required":true},"status":{"type":"string","description_kind":"plain","computed":true},"tags":{"type":["set","string"],"description_kind":"plain","optional":true},"vpc_id":{"type":"string","description_kind":"plain","required":true},"vpc_ids":{"type":["set","string"],"description_kind":"plain","computed":true}},"description_kind":"plain"}},"digitalocean_nfs_attachment":{"version":0,"block":{"attributes":{"id":{"type":"string","description_kind":"plain","optional":true,"computed":true},"region":{"type":"string","description_kind":"plain","required":true},"share_id":{"type":"string","description_kind":"plain","required":true},"vpc_id":{"type":"string","description_kind":"plain","required":true}},"description_kind":"plain"}},"digitalocean_nfs_snapshot":{"version":0,"block":{"attributes":{"created_at":{"type":"string","description_kind":"plain","computed":true},"id":{"type":"string","description_kind":"plain","optional":true,"computed":true},"name":{"type":"string","description_kind":"plain","required":true},"region":{"type":"string","description_kind":"plain","required":true},"share_id":{"type":"string","description_kind":"plain","required":true},"size":{"type":"number","description_kind":"plain","computed":true},"status":{"type":"string","description_kind":"plain","computed":true}},"description_kind":"plain"}},"digitalocean_partner_attachment":{"version":0,"block":{"attributes":{"children":{"type":["list","string"],"description":"The children uuids of Partner Attachment","description_kind":"plain","computed":true},"connection_bandwidth_in_mbps":{"type":"number","description":"The connection bandwidth in Mbps","description_kind":"plain","required":true},"created_at":{"type":"string","description":"The date and time when the Partner Attachment was created","description_kind":"plain","computed":true},"id":{"type":"string","description":"The ID of the Partner Attachment","description_kind":"plain","computed":true},"naas_provider":{"type":"string","description":"The NaaS provider","description_kind":"plain","required":true},"name":{"type":"string","description":"The name of the Partner Attachment","description_kind":"plain","required":true},"parent_uuid":{"type":"string","description":"The UUID of the Parent Partner Attachment ","description_kind":"plain","optional":true},"redundancy_zone":{"type":"string","description":"The redundancy zone for the NaaS","description_kind":"plain","optional":true,"computed":true},"region":{"type":"string","description":"The region where the Partner Attachment will be created","description_kind":"plain","required":true},"state":{"type":"string","description":"The state of the Partner Attachment","description_kind":"plain","computed":true},"vpc_ids":{"type":["set","string"],"description":"The list of VPC IDs to attach the Partner Attachment to","description_kind":"plain","required":true}},"block_types":{"bgp":{"nesting_mode":"list","block":{"attributes":{"auth_key":{"type":"string","description_kind":"plain","optional":true,"sensitive":true},"local_router_ip":{"type":"string","description_kind":"plain","optional":true},"peer_router_asn":{"type":"number","description_kind":"plain","optional":true},"peer_router_ip":{"type":"string","description_kind":"plain","optional":true}},"description_kind":"plain"},"max_items":1},"timeouts":{"nesting_mode":"single","block":{"attributes":{"create":{"type":"string","description_kind":"plain","optional":true},"delete":{"type":"string","description_kind":"plain","optional":true}},"description_kind":"plain"}}},"description_kind":"plain"}},"digitalocean_project":{"version":0,"block":{"attributes":{"created_at":{"type":"string","description":"the date and time when the project was created, (ISO8601)","description_kind":"plain","computed":true},"description":{"type":"string","description":"the description of the project","description_kind":"plain","optional":true},"environment":{"type":"string","description":"the environment of the project's resources","description_kind":"plain","optional":true},"id":{"type":"string","description_kind":"plain","optional":true,"computed":true},"is_default":{"type":"bool","description":"determine if the project is the default or not.","description_kind":"plain","optional":true},"name":{"type":"string","description":"the human-readable name for the project","description_kind":"plain","required":true},"owner_id":{"type":"number","description":"the id of the project owner.","description_kind":"plain","computed":true},"owner_uuid":{"type":"string","description":"the unique universal identifier of the project owner.","description_kind":"plain","computed":true},"purpose":{"type":"string","description":"the purpose of the project","description_kind":"plain","optional":true},"resources":{"type":["set","string"],"description":"the resources associated with the project","description_kind":"plain","optional":true,"computed":true},"updated_at":{"type":"string","description":"the date and time when the project was last updated, (ISO8601)","description_kind":"plain","computed":true}},"block_types":{"timeouts":{"nesting_mode":"single","block":{"attributes":{"delete":{"type":"string","description_kind":"plain","optional":true}},"description_kind":"plain"}}},"description_kind":"plain"}},"digitalocean_project_resources":{"version":0,"block":{"attributes":{"id":{"type":"string","description_kind":"plain","optional":true,"computed":true},"project":{"type":"string","description":"project ID","description_kind":"plain","required":true},"resources":{"type":["set","string"],"description":"the resources associated with the project","description_kind":"plain","required":true}},"description_kind":"plain"}},"digitalocean_record":{"version":0,"block":{"attributes":{"domain":{"type":"string","description_kind":"plain","required":true},"flags":{"type":"number","description_kind":"plain","optional":true},"fqdn":{"type":"string","description_kind":"plain","computed":true},"id":{"type":"string","description_kind":"plain","optional":true,"computed":true},"name":{"type":"string","description_kind":"plain","required":true},"port":{"type":"number","description_kind":"plain","optional":true},"priority":{"type":"number","description_kind":"plain","optional":true},"tag":{"type":"string","description_kind":"plain","optional":true},"ttl":{"type":"number","description_kind":"plain","optional":true,"computed":true},"type":{"type":"string","description_kind":"plain","required":true},"value":{"type":"string","description_kind":"plain","required":true},"weight":{"type":"number","description_kind":"plain","optional":true}},"description_kind":"plain"}},"digitalocean_reserved_ip":{"version":0,"block":{"attributes":{"droplet_id":{"type":"number","description_kind":"plain","optional":true},"id":{"type":"string","description_kind":"plain","optional":true,"computed":true},"ip_address":{"type":"string","description_kind":"plain","optional":true,"computed":true},"region":{"type":"string","description_kind":"plain","required":true},"urn":{"type":"string","description":"the uniform resource name for the reserved ip","description_kind":"plain","computed":true}},"description_kind":"plain"}},"digitalocean_reserved_ip_assignment":{"version":0,"block":{"attributes":{"droplet_id":{"type":"number","description_kind":"plain","required":true},"id":{"type":"string","description_kind":"plain","optional":true,"computed":true},"ip_address":{"type":"string","description_kind":"plain","required":true}},"description_kind":"plain"}},"digitalocean_reserved_ipv6":{"version":0,"block":{"attributes":{"droplet_id":{"type":"number","description_kind":"plain","optional":true,"computed":true},"id":{"type":"string","description_kind":"plain","optional":true,"computed":true},"ip":{"type":"string","description_kind":"plain","optional":true,"computed":true},"region_slug":{"type":"string","description_kind":"plain","required":true},"urn":{"type":"string","description":"the uniform resource name for the reserved ipv6","description_kind":"plain","computed":true}},"description_kind":"plain"}},"digitalocean_reserved_ipv6_assignment":{"version":0,"block":{"attributes":{"droplet_id":{"type":"number","description_kind":"plain","required":true},"id":{"type":"string","description_kind":"plain","optional":true,"computed":true},"ip":{"type":"string","description_kind":"plain","required":true}},"description_kind":"plain"}},"digitalocean_spaces_bucket":{"version":0,"block":{"attributes":{"acl":{"type":"string","description":"Canned ACL applied on bucket creation","description_kind":"plain","optional":true},"bucket_domain_name":{"type":"string","description":"The FQDN of the bucket","description_kind":"plain","computed":true},"endpoint":{"type":"string","description":"The FQDN of the bucket without the bucket name","description_kind":"plain","computed":true},"force_destroy":{"type":"bool","description":"Unless true, the bucket will only be destroyed if empty","description_kind":"plain","optional":true},"id":{"type":"string","description_kind":"plain","optional":true,"computed":true},"name":{"type":"string","description":"Bucket name","description_kind":"plain","required":true},"region":{"type":"string","description":"Bucket region","description_kind":"plain","optional":true},"urn":{"type":"string","description":"the uniform resource name for the bucket","description_kind":"plain","computed":true}},"block_types":{"cors_rule":{"nesting_mode":"list","block":{"attributes":{"allowed_headers":{"type":["list","string"],"description":"A list of headers that will be included in the CORS preflight request's Access-Control-Request-Headers. A header may contain one wildcard (e.g. x-amz-*).","description_kind":"plain","optional":true},"allowed_methods":{"type":["list","string"],"description":"A list of HTTP methods (e.g. GET) which are allowed from the specified origin.","description_kind":"plain","required":true},"allowed_origins":{"type":["list","string"],"description":"A list of hosts from which requests using the specified methods are allowed. A host may contain one wildcard (e.g. http://*.example.com).","description_kind":"plain","required":true},"max_age_seconds":{"type":"number","description_kind":"plain","optional":true}},"description":"A container holding a list of elements describing allowed methods for a specific origin.","description_kind":"plain","deprecated":true}},"lifecycle_rule":{"nesting_mode":"list","block":{"attributes":{"abort_incomplete_multipart_upload_days":{"type":"number","description_kind":"plain","optional":true},"enabled":{"type":"bool","description_kind":"plain","required":true},"id":{"type":"string","description_kind":"plain","optional":true,"computed":true},"prefix":{"type":"string","description_kind":"plain","optional":true}},"block_types":{"expiration":{"nesting_mode":"set","block":{"attributes":{"date":{"type":"string","description_kind":"plain","optional":true},"days":{"type":"number","description_kind":"plain","optional":true},"expired_object_delete_marker":{"type":"bool","description_kind":"plain","optional":true}},"description_kind":"plain"},"max_items":1},"noncurrent_version_expiration":{"nesting_mode":"set","block":{"attributes":{"days":{"type":"number","description_kind":"plain","optional":true}},"description_kind":"plain"},"max_items":1}},"description_kind":"plain"}},"versioning":{"nesting_mode":"list","block":{"attributes":{"enabled":{"type":"bool","description_kind":"plain","optional":true}},"description_kind":"plain"},"max_items":1}},"description_kind":"plain"}},"digitalocean_spaces_bucket_cors_configuration":{"version":0,"block":{"attributes":{"bucket":{"type":"string","description":"Bucket ID","description_kind":"plain","required":true},"id":{"type":"string","description_kind":"plain","optional":true,"computed":true},"region":{"type":"string","description_kind":"plain","required":true}},"block_types":{"cors_rule":{"nesting_mode":"set","block":{"attributes":{"allowed_headers":{"type":["set","string"],"description_kind":"plain","optional":true},"allowed_methods":{"type":["set","string"],"description_kind":"plain","required":true},"allowed_origins":{"type":["set","string"],"description_kind":"plain","required":true},"expose_headers":{"type":["set","string"],"description_kind":"plain","optional":true},"id":{"type":"string","description_kind":"plain","optional":true},"max_age_seconds":{"type":"number","description_kind":"plain","optional":true}},"description_kind":"plain"},"min_items":1,"max_items":100}},"description_kind":"plain"}},"digitalocean_spaces_bucket_logging":{"version":0,"block":{"attributes":{"bucket":{"type":"string","description_kind":"plain","required":true},"id":{"type":"string","description_kind":"plain","optional":true,"computed":true},"region":{"type":"string","description_kind":"plain","required":true},"target_bucket":{"type":"string","description_kind":"plain","required":true},"target_prefix":{"type":"string","description_kind":"plain","required":true}},"description_kind":"plain"}},"digitalocean_spaces_bucket_object":{"version":0,"block":{"attributes":{"acl":{"type":"string","description_kind":"plain","optional":true},"bucket":{"type":"string","description_kind":"plain","required":true},"cache_control":{"type":"string","description_kind":"plain","optional":true},"content":{"type":"string","description_kind":"plain","optional":true},"content_base64":{"type":"string","description_kind":"plain","optional":true},"content_disposition":{"type":"string","description_kind":"plain","optional":true},"content_encoding":{"type":"string","description_kind":"plain","optional":true},"content_language":{"type":"string","description_kind":"plain","optional":true},"content_type":{"type":"string","description_kind":"plain","optional":true,"computed":true},"etag":{"type":"string","description_kind":"plain","optional":true,"computed":true},"force_destroy":{"type":"bool","description_kind":"plain","optional":true},"id":{"type":"string","description_kind":"plain","optional":true,"computed":true},"key":{"type":"string","description_kind":"plain","required":true},"metadata":{"type":["map","string"],"description_kind":"plain","optional":true},"region":{"type":"string","description_kind":"plain","required":true},"source":{"type":"string","description_kind":"plain","optional":true},"version_id":{"type":"string","description_kind":"plain","computed":true},"website_redirect":{"type":"string","description_kind":"plain","optional":true}},"description_kind":"plain"}},"digitalocean_spaces_bucket_policy":{"version":0,"block":{"attributes":{"bucket":{"type":"string","description_kind":"plain","required":true},"id":{"type":"string","description_kind":"plain","optional":true,"computed":true},"policy":{"type":"string","description_kind":"plain","required":true},"region":{"type":"string","description_kind":"plain","required":true}},"description_kind":"plain"}},"digitalocean_spaces_key":{"version":0,"block":{"attributes":{"access_key":{"type":"string","description":"The access key for the Spaces key","description_kind":"plain","computed":true},"created_at":{"type":"string","description":"The date and time the key was created","description_kind":"plain","computed":true},"id":{"type":"string","description_kind":"plain","optional":true,"computed":true},"name":{"type":"string","description":"A name for the key. This is used to identify the key in the DigitalOcean control panel.","description_kind":"plain","required":true},"secret_key":{"type":"string","description":"The secret key for the Spaces key","description_kind":"plain","computed":true,"sensitive":true}},"block_types":{"grant":{"nesting_mode":"list","block":{"attributes":{"bucket":{"type":"string","description":"The name of the bucket to grant the key access to.","description_kind":"plain","required":true},"permission":{"type":"string","description":"The permission to grant the key. Valid values are `read`, `readwrite`, or `fullaccess`.","description_kind":"plain","required":true}},"description":"A list of grants to apply to the key. Can be left empty to apply no grants.","description_kind":"plain"}}},"description_kind":"plain"}},"digitalocean_ssh_key":{"version":0,"block":{"attributes":{"fingerprint":{"type":"string","description_kind":"plain","computed":true},"id":{"type":"string","description_kind":"plain","optional":true,"computed":true},"name":{"type":"string","description_kind":"plain","required":true},"public_key":{"type":"string","description_kind":"plain","required":true}},"block_types":{"timeouts":{"nesting_mode":"single","block":{"attributes":{"create":{"type":"string","description_kind":"plain","optional":true}},"description_kind":"plain"}}},"description_kind":"plain"}},"digitalocean_tag":{"version":0,"block":{"attributes":{"databases_count":{"type":"number","description_kind":"plain","computed":true},"droplets_count":{"type":"number","description_kind":"plain","computed":true},"id":{"type":"string","description_kind":"plain","optional":true,"computed":true},"images_count":{"type":"number","description_kind":"plain","computed":true},"name":{"type":"string","description_kind":"plain","required":true},"total_resource_count":{"type":"number","description_kind":"plain","computed":true},"volume_snapshots_count":{"type":"number","description_kind":"plain","computed":true},"volumes_count":{"type":"number","description_kind":"plain","computed":true}},"description_kind":"plain"}},"digitalocean_uptime_alert":{"version":0,"block":{"attributes":{"check_id":{"type":"string","description":"A unique identifier for a check.","description_kind":"plain","required":true},"comparison":{"type":"string","description":"The comparison operator used against the alert's threshold. Enum: 'greater_than' 'less_than","description_kind":"plain","optional":true},"id":{"type":"string","description_kind":"plain","computed":true},"name":{"type":"string","description":"A human-friendly display name for the alert.","description_kind":"plain","required":true},"period":{"type":"string","description":"Period of time the threshold must be exceeded to trigger the alert. Enum '2m' '3m' '5m' '10m' '15m' '30m' '1h'","description_kind":"plain","optional":true},"threshold":{"type":"number","description":"The threshold at which the alert will enter a trigger state. The specific threshold is dependent on the alert type.","description_kind":"plain","optional":true},"type":{"type":"string","description":"The type of health check to perform. Enum: 'latency' 'down' 'down_global' 'ssl_expiry'","description_kind":"plain","required":true}},"block_types":{"notifications":{"nesting_mode":"list","block":{"attributes":{"email":{"type":["list","string"],"description":"List of email addresses to sent notifications to","description_kind":"plain","optional":true}},"block_types":{"slack":{"nesting_mode":"list","block":{"attributes":{"channel":{"type":"string","description":"The Slack channel to send alerts to","description_kind":"plain","required":true},"url":{"type":"string","description":"The webhook URL for Slack","description_kind":"plain","required":true}},"description_kind":"plain"}}},"description":"The notification settings for a trigger alert.","description_kind":"plain"},"min_items":1}},"description_kind":"plain"}},"digitalocean_uptime_check":{"version":0,"block":{"attributes":{"enabled":{"type":"bool","description":"A boolean value indicating whether the check is enabled/disabled.","description_kind":"plain","optional":true},"id":{"type":"string","description_kind":"plain","computed":true},"name":{"type":"string","description":"A human-friendly display name for the check.","description_kind":"plain","required":true},"regions":{"type":["set","string"],"description":"An array containing the selected regions to perform healthchecks from.","description_kind":"plain","optional":true},"target":{"type":"string","description":"The endpoint to perform healthchecks on.","description_kind":"plain","required":true},"type":{"type":"string","description":"The type of health check to perform. Enum: 'ping' 'http' 'https'","description_kind":"plain","optional":true}},"description_kind":"plain"}},"digitalocean_volume":{"version":0,"block":{"attributes":{"description":{"type":"string","description_kind":"plain","optional":true},"droplet_ids":{"type":["set","number"],"description_kind":"plain","computed":true},"filesystem_label":{"type":"string","description_kind":"plain","computed":true},"filesystem_type":{"type":"string","description_kind":"plain","deprecated":true,"optional":true,"computed":true},"id":{"type":"string","description_kind":"plain","optional":true,"computed":true},"initial_filesystem_label":{"type":"string","description_kind":"plain","optional":true},"initial_filesystem_type":{"type":"string","description_kind":"plain","optional":true},"name":{"type":"string","description_kind":"plain","required":true},"region":{"type":"string","description_kind":"plain","required":true},"size":{"type":"number","description_kind":"plain","required":true},"snapshot_id":{"type":"string","description_kind":"plain","optional":true},"tags":{"type":["set","string"],"description_kind":"plain","optional":true},"urn":{"type":"string","description":"the uniform resource name for the volume.","description_kind":"plain","computed":true}},"description_kind":"plain"}},"digitalocean_volume_attachment":{"version":0,"block":{"attributes":{"droplet_id":{"type":"number","description_kind":"plain","required":true},"id":{"type":"string","description_kind":"plain","optional":true,"computed":true},"volume_id":{"type":"string","description_kind":"plain","required":true}},"description_kind":"plain"}},"digitalocean_volume_snapshot":{"version":0,"block":{"attributes":{"created_at":{"type":"string","description_kind":"plain","computed":true},"id":{"type":"string","description_kind":"plain","optional":true,"computed":true},"min_disk_size":{"type":"number","description_kind":"plain","computed":true},"name":{"type":"string","description_kind":"plain","required":true},"regions":{"type":["set","string"],"description_kind":"plain","computed":true},"size":{"type":"number","description_kind":"plain","computed":true},"tags":{"type":["set","string"],"description_kind":"plain","optional":true},"volume_id":{"type":"string","description_kind":"plain","required":true}},"description_kind":"plain"}},"digitalocean_vpc":{"version":0,"block":{"attributes":{"created_at":{"type":"string","description":"The date and time of when the VPC was created","description_kind":"plain","computed":true},"default":{"type":"bool","description":"Whether or not the VPC is the default one for the region","description_kind":"plain","computed":true},"description":{"type":"string","description":"A free-form description for the VPC","description_kind":"plain","optional":true},"id":{"type":"string","description_kind":"plain","optional":true,"computed":true},"ip_range":{"type":"string","description":"The range of IP addresses for the VPC in CIDR notation","description_kind":"plain","optional":true,"computed":true},"name":{"type":"string","description":"The name of the VPC","description_kind":"plain","required":true},"region":{"type":"string","description":"DigitalOcean region slug for the VPC's location","description_kind":"plain","required":true},"urn":{"type":"string","description":"The uniform resource name (URN) for the VPC","description_kind":"plain","computed":true}},"block_types":{"timeouts":{"nesting_mode":"single","block":{"attributes":{"delete":{"type":"string","description_kind":"plain","optional":true}},"description_kind":"plain"}}},"description_kind":"plain"}},"digitalocean_vpc_nat_gateway":{"version":0,"block":{"attributes":{"created_at":{"type":"string","description":"VPC NAT Gateway create timestamp","description_kind":"plain","computed":true},"egresses":{"type":["list",["object",{"public_gateways":["set",["object",{"ipv4":"string"}]]}]],"description":"List of egresses","description_kind":"plain","computed":true},"icmp_timeout_seconds":{"type":"number","description":"ICMP connection timeout (in seconds)","description_kind":"plain","optional":true,"computed":true},"id":{"type":"string","description":"ID of the VPC NAT Gateway","description_kind":"plain","computed":true},"name":{"type":"string","description":"Name of the VPC NAT Gateway","description_kind":"plain","required":true},"project_id":{"type":"string","description":"ID of the project to which the VPC NAT Gateway will be assigned.","description_kind":"plain","optional":true,"computed":true},"region":{"type":"string","description":"Region of the VPC NAT Gateway","description_kind":"plain","required":true},"size":{"type":"number","description":"Size of the VPC NAT Gateway","description_kind":"plain","required":true},"state":{"type":"string","description":"State of the VPC NAT Gateway","description_kind":"plain","computed":true},"tcp_timeout_seconds":{"type":"number","description":"TCP connection timeout (in seconds)","description_kind":"plain","optional":true,"computed":true},"type":{"type":"string","description":"Type of the VPC NAT Gateway","description_kind":"plain","required":true},"udp_timeout_seconds":{"type":"number","description":"UDP connection timeout (in seconds)","description_kind":"plain","optional":true,"computed":true},"updated_at":{"type":"string","description":"VPC NAT Gateway update timestamp","description_kind":"plain","computed":true}},"block_types":{"vpcs":{"nesting_mode":"set","block":{"attributes":{"default_gateway":{"type":"bool","description":"Indicates if this is the default VPC NAT Gateway in the VPC","description_kind":"plain","optional":true},"gateway_ip":{"type":"string","description":"Gateway IP of the VPC NAT Gateway","description_kind":"plain","computed":true},"vpc_uuid":{"type":"string","description":"ID of the ingress VPC","description_kind":"plain","required":true}},"description":"List of ingress VPCs","description_kind":"plain"},"min_items":1}},"description_kind":"plain"}},"digitalocean_vpc_peering":{"version":0,"block":{"attributes":{"created_at":{"type":"string","description":"The date and time when the VPC was created","description_kind":"plain","computed":true},"id":{"type":"string","description":"The ID of the VPC Peering","description_kind":"plain","computed":true},"name":{"type":"string","description":"The name of the VPC Peering","description_kind":"plain","required":true},"status":{"type":"string","description":"The status of the VPC Peering","description_kind":"plain","computed":true},"vpc_ids":{"type":["set","string"],"description":"The list of VPCs to be peered","description_kind":"plain","required":true}},"block_types":{"timeouts":{"nesting_mode":"single","block":{"attributes":{"create":{"type":"string","description_kind":"plain","optional":true},"delete":{"type":"string","description_kind":"plain","optional":true}},"description_kind":"plain"}}},"description_kind":"plain"}}},"data_source_schemas":{"digitalocean_account":{"version":0,"block":{"attributes":{"droplet_limit":{"type":"number","description":"The total number of Droplets current user or team may have active at one time.","description_kind":"plain","computed":true},"email":{"type":"string","description":"The email address used by the current user to register for DigitalOcean.","description_kind":"plain","computed":true},"email_verified":{"type":"bool","description":"If true, the user has verified their account via email. False otherwise.","description_kind":"plain","computed":true},"floating_ip_limit":{"type":"number","description":"The total number of Floating IPs the current user or team may have.","description_kind":"plain","computed":true},"id":{"type":"string","description_kind":"plain","optional":true,"computed":true},"status":{"type":"string","description":"This value is one of \"active\", \"warning\" or \"locked\".","description_kind":"plain","computed":true},"status_message":{"type":"string","description":"A human-readable message giving more details about the status of the account.","description_kind":"plain","computed":true},"uuid":{"type":"string","description":"The unique universal identifier for the current user.","description_kind":"plain","computed":true}},"description_kind":"plain"}},"digitalocean_app":{"version":0,"block":{"attributes":{"active_deployment_id":{"type":"string","description":"The ID the App's currently active deployment","description_kind":"plain","computed":true},"app_id":{"type":"string","description_kind":"plain","required":true},"created_at":{"type":"string","description":"The date and time of when the App was created","description_kind":"plain","computed":true},"default_ingress":{"type":"string","description":"The default URL to access the App","description_kind":"plain","computed":true},"id":{"type":"string","description_kind":"plain","optional":true,"computed":true},"live_domain":{"type":"string","description_kind":"plain","computed":true},"live_url":{"type":"string","description_kind":"plain","computed":true},"project_id":{"type":"string","description_kind":"plain","computed":true},"spec":{"type":["list",["object",{"alert":["list",["object",{"destinations":["set",["object",{"emails":["list","string"],"slack_webhooks":["list",["object",{"channel":"string","url":"string"}]]}]],"disabled":"bool","rule":"string"}]],"database":["list",["object",{"cluster_name":"string","db_name":"string","db_user":"string","engine":"string","name":"string","production":"bool","version":"string"}]],"disable_edge_cache":"bool","disable_email_obfuscation":"bool","domain":["list",["object",{"name":"string","type":"string","wildcard":"bool","zone":"string"}]],"domains":["set","string"],"egress":["list",["object",{"type":"string"}]],"enhanced_threat_control_enabled":"bool","env":["set",["object",{"key":"string","scope":"string","type":"string","value":"string"}]],"features":["set","string"],"function":["list",["object",{"alert":["list",["object",{"destinations":["set",["object",{"emails":["list","string"],"slack_webhooks":["list",["object",{"channel":"string","url":"string"}]]}]],"disabled":"bool","operator":"string","rule":"string","value":"number","window":"string"}]],"bitbucket":["list",["object",{"branch":"string","deploy_on_push":"bool","repo":"string"}]],"cors":["list",["object",{"allow_credentials":"bool","allow_headers":["set","string"],"allow_methods":["set","string"],"allow_origins":["list",["object",{"exact":"string","prefix":"string","regex":"string"}]],"expose_headers":["set","string"],"max_age":"string"}]],"env":["set",["object",{"key":"string","scope":"string","type":"string","value":"string"}]],"git":["list",["object",{"branch":"string","repo_clone_url":"string"}]],"github":["list",["object",{"branch":"string","deploy_on_push":"bool","repo":"string"}]],"gitlab":["list",["object",{"branch":"string","deploy_on_push":"bool","repo":"string"}]],"log_destination":["list",["object",{"datadog":["list",["object",{"api_key":"string","endpoint":"string"}]],"logtail":["list",["object",{"token":"string"}]],"name":"string","open_search":["list",["object",{"basic_auth":["list",["object",{"password":"string","user":"string"}]],"cluster_name":"string","endpoint":"string","index_name":"string"}]],"papertrail":["list",["object",{"endpoint":"string"}]]}]],"name":"string","routes":["list",["object",{"path":"string","preserve_path_prefix":"bool"}]],"source_dir":"string"}]],"ingress":["list",["object",{"rule":["list",["object",{"component":["list",["object",{"name":"string","preserve_path_prefix":"bool","rewrite":"string"}]],"cors":["list",["object",{"allow_credentials":"bool","allow_headers":["set","string"],"allow_methods":["set","string"],"allow_origins":["list",["object",{"exact":"string","prefix":"string","regex":"string"}]],"expose_headers":["set","string"],"max_age":"string"}]],"match":["list",["object",{"authority":["list",["object",{"exact":"string"}]],"path":["list",["object",{"prefix":"string"}]]}]],"redirect":["list",["object",{"authority":"string","port":"number","redirect_code":"number","scheme":"string","uri":"string"}]]}]]}]],"job":["list",["object",{"alert":["list",["object",{"destinations":["set",["object",{"emails":["list","string"],"slack_webhooks":["list",["object",{"channel":"string","url":"string"}]]}]],"disabled":"bool","operator":"string","rule":"string","value":"number","window":"string"}]],"bitbucket":["list",["object",{"branch":"string","deploy_on_push":"bool","repo":"string"}]],"build_command":"string","dockerfile_path":"string","env":["set",["object",{"key":"string","scope":"string","type":"string","value":"string"}]],"environment_slug":"string","git":["list",["object",{"branch":"string","repo_clone_url":"string"}]],"github":["list",["object",{"branch":"string","deploy_on_push":"bool","repo":"string"}]],"gitlab":["list",["object",{"branch":"string","deploy_on_push":"bool","repo":"string"}]],"image":["list",["object",{"deploy_on_push":["list",["object",{"enabled":"bool"}]],"digest":"string","registry":"string","registry_credentials":"string","registry_type":"string","repository":"string","tag":"string"}]],"instance_count":"number","instance_size_slug":"string","kind":"string","log_destination":["list",["object",{"datadog":["list",["object",{"api_key":"string","endpoint":"string"}]],"logtail":["list",["object",{"token":"string"}]],"name":"string","open_search":["list",["object",{"basic_auth":["list",["object",{"password":"string","user":"string"}]],"cluster_name":"string","endpoint":"string","index_name":"string"}]],"papertrail":["list",["object",{"endpoint":"string"}]]}]],"name":"string","run_command":"string","source_dir":"string","termination":["list",["object",{"grace_period_seconds":"number"}]]}]],"maintenance":["list",["object",{"archive":"bool","enabled":"bool","offline_page_url":"string"}]],"name":"string","region":"string","service":["list",["object",{"alert":["list",["object",{"destinations":["set",["object",{"emails":["list","string"],"slack_webhooks":["list",["object",{"channel":"string","url":"string"}]]}]],"disabled":"bool","operator":"string","rule":"string","value":"number","window":"string"}]],"autoscaling":["list",["object",{"max_instance_count":"number","metrics":["list",["object",{"cpu":["list",["object",{"percent":"number"}]]}]],"min_instance_count":"number"}]],"bitbucket":["list",["object",{"branch":"string","deploy_on_push":"bool","repo":"string"}]],"build_command":"string","cors":["list",["object",{"allow_credentials":"bool","allow_headers":["set","string"],"allow_methods":["set","string"],"allow_origins":["list",["object",{"exact":"string","prefix":"string","regex":"string"}]],"expose_headers":["set","string"],"max_age":"string"}]],"dockerfile_path":"string","env":["set",["object",{"key":"string","scope":"string","type":"string","value":"string"}]],"environment_slug":"string","git":["list",["object",{"branch":"string","repo_clone_url":"string"}]],"github":["list",["object",{"branch":"string","deploy_on_push":"bool","repo":"string"}]],"gitlab":["list",["object",{"branch":"string","deploy_on_push":"bool","repo":"string"}]],"health_check":["list",["object",{"failure_threshold":"number","http_path":"string","initial_delay_seconds":"number","period_seconds":"number","port":"number","success_threshold":"number","timeout_seconds":"number"}]],"http_port":"number","image":["list",["object",{"deploy_on_push":["list",["object",{"enabled":"bool"}]],"digest":"string","registry":"string","registry_credentials":"string","registry_type":"string","repository":"string","tag":"string"}]],"instance_count":"number","instance_size_slug":"string","internal_ports":["set","number"],"log_destination":["list",["object",{"datadog":["list",["object",{"api_key":"string","endpoint":"string"}]],"logtail":["list",["object",{"token":"string"}]],"name":"string","open_search":["list",["object",{"basic_auth":["list",["object",{"password":"string","user":"string"}]],"cluster_name":"string","endpoint":"string","index_name":"string"}]],"papertrail":["list",["object",{"endpoint":"string"}]]}]],"name":"string","routes":["list",["object",{"path":"string","preserve_path_prefix":"bool"}]],"run_command":"string","source_dir":"string","termination":["list",["object",{"drain_seconds":"number","grace_period_seconds":"number"}]]}]],"static_site":["list",["object",{"bitbucket":["list",["object",{"branch":"string","deploy_on_push":"bool","repo":"string"}]],"build_command":"string","catchall_document":"string","cors":["list",["object",{"allow_credentials":"bool","allow_headers":["set","string"],"allow_methods":["set","string"],"allow_origins":["list",["object",{"exact":"string","prefix":"string","regex":"string"}]],"expose_headers":["set","string"],"max_age":"string"}]],"dockerfile_path":"string","env":["set",["object",{"key":"string","scope":"string","type":"string","value":"string"}]],"environment_slug":"string","error_document":"string","git":["list",["object",{"branch":"string","repo_clone_url":"string"}]],"github":["list",["object",{"branch":"string","deploy_on_push":"bool","repo":"string"}]],"gitlab":["list",["object",{"branch":"string","deploy_on_push":"bool","repo":"string"}]],"index_document":"string","name":"string","output_dir":"string","routes":["list",["object",{"path":"string","preserve_path_prefix":"bool"}]],"source_dir":"string"}]],"vpc":["list",["object",{"id":"string"}]],"worker":["list",["object",{"alert":["list",["object",{"destinations":["set",["object",{"emails":["list","string"],"slack_webhooks":["list",["object",{"channel":"string","url":"string"}]]}]],"disabled":"bool","operator":"string","rule":"string","value":"number","window":"string"}]],"autoscaling":["list",["object",{"max_instance_count":"number","metrics":["list",["object",{"cpu":["list",["object",{"percent":"number"}]]}]],"min_instance_count":"number"}]],"bitbucket":["list",["object",{"branch":"string","deploy_on_push":"bool","repo":"string"}]],"build_command":"string","dockerfile_path":"string","env":["set",["object",{"key":"string","scope":"string","type":"string","value":"string"}]],"environment_slug":"string","git":["list",["object",{"branch":"string","repo_clone_url":"string"}]],"github":["list",["object",{"branch":"string","deploy_on_push":"bool","repo":"string"}]],"gitlab":["list",["object",{"branch":"string","deploy_on_push":"bool","repo":"string"}]],"image":["list",["object",{"deploy_on_push":["list",["object",{"enabled":"bool"}]],"digest":"string","registry":"string","registry_credentials":"string","registry_type":"string","repository":"string","tag":"string"}]],"instance_count":"number","instance_size_slug":"string","log_destination":["list",["object",{"datadog":["list",["object",{"api_key":"string","endpoint":"string"}]],"logtail":["list",["object",{"token":"string"}]],"name":"string","open_search":["list",["object",{"basic_auth":["list",["object",{"password":"string","user":"string"}]],"cluster_name":"string","endpoint":"string","index_name":"string"}]],"papertrail":["list",["object",{"endpoint":"string"}]]}]],"name":"string","run_command":"string","source_dir":"string","termination":["list",["object",{"grace_period_seconds":"number"}]]}]]}]],"description":"A DigitalOcean App Platform Spec","description_kind":"plain","computed":true},"updated_at":{"type":"string","description":"The date and time of when the App was last updated","description_kind":"plain","computed":true},"urn":{"type":"string","description":"The uniform resource identifier for the app","description_kind":"plain","computed":true}},"block_types":{"dedicated_ips":{"nesting_mode":"list","block":{"attributes":{"id":{"type":"string","description":"The ID of the dedicated egress IP.","description_kind":"plain","optional":true,"computed":true},"ip":{"type":"string","description":"The IP address of the dedicated egress IP.","description_kind":"plain","optional":true,"computed":true},"status":{"type":"string","description":"The status of the dedicated egress IP: 'UNKNOWN', 'ASSIGNING', 'ASSIGNED', or 'REMOVED'","description_kind":"plain","optional":true,"computed":true}},"description":"The dedicated egress IP addresses associated with the app.","description_kind":"plain"}}},"description_kind":"plain"}},"digitalocean_byoip_prefix":{"version":0,"block":{"attributes":{"advertised":{"type":"bool","description":"Whether the prefix is advertised","description_kind":"plain","computed":true},"failure_reason":{"type":"string","description":"Reason for failure if status is failed","description_kind":"plain","computed":true},"id":{"type":"string","description_kind":"plain","optional":true,"computed":true},"prefix":{"type":"string","description":"CIDR notation of the prefix","description_kind":"plain","computed":true},"region":{"type":"string","description":"Region where the prefix is deployed","description_kind":"plain","computed":true},"status":{"type":"string","description":"Status of the BYOIP prefix","description_kind":"plain","computed":true},"uuid":{"type":"string","description":"UUID of the BYOIP prefix","description_kind":"plain","required":true}},"description_kind":"plain"}},"digitalocean_byoip_prefix_resources":{"version":0,"block":{"attributes":{"addresses":{"type":["list",["object",{"assigned_at":"string","id":"number","ip_address":"string","region":"string"}]],"description":"List of IP addresses already assigned from the BYOIP prefix to resources","description_kind":"plain","computed":true},"byoip_prefix_uuid":{"type":"string","description":"UUID of the BYOIP prefix to list assigned addresses from","description_kind":"plain","required":true},"id":{"type":"string","description_kind":"plain","optional":true,"computed":true}},"description_kind":"plain"}},"digitalocean_certificate":{"version":1,"block":{"attributes":{"domains":{"type":["set","string"],"description":"domains for which the certificate was issued","description_kind":"plain","computed":true},"id":{"type":"string","description_kind":"plain","optional":true,"computed":true},"name":{"type":"string","description":"name of the certificate","description_kind":"plain","required":true},"not_after":{"type":"string","description":"expiration date and time of the certificate","description_kind":"plain","computed":true},"sha1_fingerprint":{"type":"string","description":"SHA1 fingerprint of the certificate","description_kind":"plain","computed":true},"state":{"type":"string","description":"current state of the certificate","description_kind":"plain","computed":true},"type":{"type":"string","description":"type of the certificate","description_kind":"plain","computed":true},"uuid":{"type":"string","description":"uuid of the certificate","description_kind":"plain","computed":true}},"description_kind":"plain"}},"digitalocean_container_registries":{"version":0,"block":{"attributes":{"created_at":{"type":"string","description_kind":"plain","computed":true},"endpoint":{"type":"string","description_kind":"plain","computed":true},"id":{"type":"string","description_kind":"plain","optional":true,"computed":true},"name":{"type":"string","description":"name of the container registries","description_kind":"plain","required":true},"region":{"type":"string","description_kind":"plain","computed":true},"server_url":{"type":"string","description_kind":"plain","computed":true},"storage_usage_bytes":{"type":"number","description_kind":"plain","computed":true},"subscription_tier_slug":{"type":"string","description_kind":"plain","computed":true}},"description_kind":"plain"}},"digitalocean_container_registry":{"version":0,"block":{"attributes":{"created_at":{"type":"string","description_kind":"plain","computed":true},"endpoint":{"type":"string","description_kind":"plain","computed":true},"id":{"type":"string","description_kind":"plain","optional":true,"computed":true},"name":{"type":"string","description":"name of the container registry","description_kind":"plain","required":true},"region":{"type":"string","description_kind":"plain","computed":true},"server_url":{"type":"string","description_kind":"plain","computed":true},"storage_usage_bytes":{"type":"number","description_kind":"plain","computed":true},"subscription_tier_slug":{"type":"string","description_kind":"plain","computed":true}},"description_kind":"plain"}},"digitalocean_database_ca":{"version":0,"block":{"attributes":{"certificate":{"type":"string","description_kind":"plain","computed":true},"cluster_id":{"type":"string","description_kind":"plain","required":true},"id":{"type":"string","description_kind":"plain","optional":true,"computed":true}},"description_kind":"plain"}},"digitalocean_database_cluster":{"version":0,"block":{"attributes":{"database":{"type":"string","description_kind":"plain","computed":true},"engine":{"type":"string","description_kind":"plain","computed":true},"host":{"type":"string","description_kind":"plain","computed":true},"id":{"type":"string","description_kind":"plain","optional":true,"computed":true},"maintenance_window":{"type":["list",["object",{"day":"string","hour":"string"}]],"description_kind":"plain","computed":true},"metrics_endpoints":{"type":["list","string"],"description_kind":"plain","computed":true},"name":{"type":"string","description_kind":"plain","required":true},"node_count":{"type":"number","description_kind":"plain","computed":true},"password":{"type":"string","description_kind":"plain","computed":true,"sensitive":true},"port":{"type":"number","description_kind":"plain","computed":true},"private_host":{"type":"string","description_kind":"plain","computed":true},"private_network_uuid":{"type":"string","description_kind":"plain","computed":true},"private_uri":{"type":"string","description_kind":"plain","computed":true,"sensitive":true},"project_id":{"type":"string","description_kind":"plain","computed":true},"region":{"type":"string","description_kind":"plain","computed":true},"size":{"type":"string","description_kind":"plain","computed":true},"storage_size_mib":{"type":"string","description_kind":"plain","computed":true},"tags":{"type":["set","string"],"description_kind":"plain","optional":true},"ui_database":{"type":"string","description_kind":"plain","computed":true},"ui_host":{"type":"string","description_kind":"plain","computed":true},"ui_password":{"type":"string","description_kind":"plain","computed":true,"sensitive":true},"ui_port":{"type":"number","description_kind":"plain","computed":true},"ui_uri":{"type":"string","description_kind":"plain","computed":true,"sensitive":true},"ui_user":{"type":"string","description_kind":"plain","computed":true},"uri":{"type":"string","description_kind":"plain","computed":true,"sensitive":true},"urn":{"type":"string","description_kind":"plain","computed":true},"user":{"type":"string","description_kind":"plain","computed":true},"version":{"type":"string","description_kind":"plain","computed":true}},"description_kind":"plain"}},"digitalocean_database_connection_pool":{"version":0,"block":{"attributes":{"cluster_id":{"type":"string","description_kind":"plain","required":true},"db_name":{"type":"string","description_kind":"plain","computed":true},"host":{"type":"string","description_kind":"plain","computed":true},"id":{"type":"string","description_kind":"plain","optional":true,"computed":true},"mode":{"type":"string","description_kind":"plain","computed":true},"name":{"type":"string","description_kind":"plain","required":true},"password":{"type":"string","description_kind":"plain","computed":true,"sensitive":true},"port":{"type":"number","description_kind":"plain","computed":true},"private_host":{"type":"string","description_kind":"plain","computed":true},"private_uri":{"type":"string","description_kind":"plain","computed":true,"sensitive":true},"size":{"type":"number","description_kind":"plain","computed":true},"uri":{"type":"string","description_kind":"plain","computed":true,"sensitive":true},"user":{"type":"string","description_kind":"plain","computed":true}},"description_kind":"plain"}},"digitalocean_database_metrics_credentials":{"version":0,"block":{"attributes":{"id":{"type":"string","description_kind":"plain","optional":true,"computed":true},"password":{"type":"string","description_kind":"plain","computed":true,"sensitive":true},"username":{"type":"string","description_kind":"plain","computed":true}},"description_kind":"plain"}},"digitalocean_database_replica":{"version":0,"block":{"attributes":{"cluster_id":{"type":"string","description_kind":"plain","required":true},"database":{"type":"string","description_kind":"plain","computed":true},"host":{"type":"string","description_kind":"plain","computed":true},"id":{"type":"string","description_kind":"plain","optional":true,"computed":true},"name":{"type":"string","description_kind":"plain","required":true},"password":{"type":"string","description_kind":"plain","computed":true,"sensitive":true},"port":{"type":"number","description_kind":"plain","computed":true},"private_host":{"type":"string","description_kind":"plain","computed":true},"private_network_uuid":{"type":"string","description_kind":"plain","computed":true},"private_uri":{"type":"string","description_kind":"plain","computed":true,"sensitive":true},"region":{"type":"string","description_kind":"plain","computed":true},"storage_size_mib":{"type":"string","description_kind":"plain","computed":true},"tags":{"type":["set","string"],"description_kind":"plain","optional":true},"uri":{"type":"string","description_kind":"plain","computed":true,"sensitive":true},"user":{"type":"string","description_kind":"plain","computed":true},"uuid":{"type":"string","description_kind":"plain","computed":true}},"description_kind":"plain"}},"digitalocean_database_user":{"version":0,"block":{"attributes":{"access_cert":{"type":"string","description_kind":"plain","computed":true,"sensitive":true},"access_key":{"type":"string","description_kind":"plain","computed":true,"sensitive":true},"cluster_id":{"type":"string","description_kind":"plain","required":true},"id":{"type":"string","description_kind":"plain","optional":true,"computed":true},"mysql_auth_plugin":{"type":"string","description_kind":"plain","computed":true},"name":{"type":"string","description_kind":"plain","required":true},"password":{"type":"string","description_kind":"plain","computed":true,"sensitive":true},"role":{"type":"string","description_kind":"plain","computed":true},"settings":{"type":["list",["object",{"acl":["list",["object",{"id":"string","permission":"string","topic":"string"}]],"opensearch_acl":["list",["object",{"index":"string","permission":"string"}]]}]],"description_kind":"plain","computed":true}},"description_kind":"plain"}},"digitalocean_domain":{"version":0,"block":{"attributes":{"id":{"type":"string","description_kind":"plain","optional":true,"computed":true},"name":{"type":"string","description":"name of the domain","description_kind":"plain","required":true},"ttl":{"type":"number","description":"ttl of the domain","description_kind":"plain","computed":true},"urn":{"type":"string","description":"the uniform resource name for the domain","description_kind":"plain","computed":true},"zone_file":{"type":"string","description":"zone file of the domain","description_kind":"plain","computed":true}},"description_kind":"plain"}},"digitalocean_domains":{"version":0,"block":{"attributes":{"domains":{"type":["list",["object",{"name":"string","ttl":"number","urn":"string"}]],"description_kind":"plain","computed":true},"id":{"type":"string","description_kind":"plain","optional":true,"computed":true}},"block_types":{"filter":{"nesting_mode":"set","block":{"attributes":{"all":{"type":"bool","description_kind":"plain","optional":true},"key":{"type":"string","description_kind":"plain","required":true},"match_by":{"type":"string","description_kind":"plain","optional":true},"values":{"type":["list","string"],"description_kind":"plain","required":true}},"description":"One or more key/value pairs on which to filter results","description_kind":"plain"}},"sort":{"nesting_mode":"list","block":{"attributes":{"direction":{"type":"string","description_kind":"plain","optional":true},"key":{"type":"string","description_kind":"plain","required":true}},"description":"One or more key/direction pairs on which to sort results","description_kind":"plain"}}},"description_kind":"plain"}},"digitalocean_droplet":{"version":1,"block":{"attributes":{"backups":{"type":"bool","description":"whether the Droplet has backups enabled","description_kind":"plain","computed":true},"created_at":{"type":"string","description":"the creation date for the Droplet","description_kind":"plain","computed":true},"disk":{"type":"number","description":"the size of the Droplets disk in gigabytes","description_kind":"plain","computed":true},"gpu":{"type":"bool","description_kind":"plain","optional":true},"id":{"type":"number","description":"id of the Droplet","description_kind":"plain","optional":true,"computed":true},"image":{"type":"string","description":"the image id or slug of the Droplet","description_kind":"plain","computed":true},"ipv4_address":{"type":"string","description":"the Droplets public ipv4 address","description_kind":"plain","computed":true},"ipv4_address_private":{"type":"string","description":"the Droplets private ipv4 address","description_kind":"plain","computed":true},"ipv6":{"type":"bool","description":"whether the Droplet has ipv6 enabled","description_kind":"plain","computed":true},"ipv6_address":{"type":"string","description":"the Droplets public ipv6 address","description_kind":"plain","computed":true},"ipv6_address_private":{"type":"string","description":"the Droplets private ipv4 address","description_kind":"plain","computed":true},"locked":{"type":"bool","description":"whether the Droplet has been locked","description_kind":"plain","computed":true},"memory":{"type":"number","description":"memory of the Droplet in megabytes","description_kind":"plain","computed":true},"monitoring":{"type":"bool","description":"whether the Droplet has monitoring enabled","description_kind":"plain","computed":true},"name":{"type":"string","description":"name of the Droplet","description_kind":"plain","optional":true,"computed":true},"price_hourly":{"type":"number","description":"the Droplets hourly price","description_kind":"plain","computed":true},"price_monthly":{"type":"number","description":"the Droplets monthly price","description_kind":"plain","computed":true},"private_networking":{"type":"bool","description":"whether the Droplet has private networking enabled","description_kind":"plain","computed":true},"region":{"type":"string","description":"the region that the Droplet instance is deployed in","description_kind":"plain","computed":true},"size":{"type":"string","description":"the current size of the Droplet","description_kind":"plain","computed":true},"status":{"type":"string","description":"state of the Droplet instance","description_kind":"plain","computed":true},"tag":{"type":"string","description":"unique tag of the Droplet","description_kind":"plain","optional":true},"tags":{"type":["set","string"],"description_kind":"plain","computed":true},"urn":{"type":"string","description":"the uniform resource name for the Droplet","description_kind":"plain","computed":true},"vcpus":{"type":"number","description":"the number of virtual cpus","description_kind":"plain","computed":true},"volume_ids":{"type":["set","string"],"description":"list of volumes attached to the Droplet","description_kind":"plain","computed":true},"vpc_uuid":{"type":"string","description":"UUID of the VPC in which the Droplet is located","description_kind":"plain","computed":true}},"description_kind":"plain"}},"digitalocean_droplet_autoscale":{"version":0,"block":{"attributes":{"config":{"type":["list",["object",{"cooldown_minutes":"number","max_instances":"number","min_instances":"number","target_cpu_utilization":"number","target_memory_utilization":"number","target_number_instances":"number"}]],"description_kind":"plain","computed":true},"created_at":{"type":"string","description":"Droplet autoscale pool create timestamp","description_kind":"plain","computed":true},"current_utilization":{"type":["list",["object",{"cpu":"number","memory":"number"}]],"description_kind":"plain","computed":true},"droplet_template":{"type":["list",["object",{"image":"string","ipv6":"bool","project_id":"string","region":"string","size":"string","ssh_keys":["set","string"],"tags":["set","string"],"user_data":"string","vpc_uuid":"string","with_droplet_agent":"bool"}]],"description_kind":"plain","computed":true},"id":{"type":"string","description":"ID of the Droplet autoscale pool","description_kind":"plain","optional":true},"name":{"type":"string","description":"Name of the Droplet autoscale pool","description_kind":"plain","optional":true},"status":{"type":"string","description":"Droplet autoscale pool status","description_kind":"plain","computed":true},"updated_at":{"type":"string","description":"Droplet autoscale pool update timestamp","description_kind":"plain","computed":true}},"description_kind":"plain"}},"digitalocean_droplet_snapshot":{"version":0,"block":{"attributes":{"created_at":{"type":"string","description_kind":"plain","computed":true},"droplet_id":{"type":"string","description_kind":"plain","computed":true},"id":{"type":"string","description_kind":"plain","optional":true,"computed":true},"min_disk_size":{"type":"number","description_kind":"plain","computed":true},"most_recent":{"type":"bool","description_kind":"plain","optional":true},"name":{"type":"string","description_kind":"plain","optional":true},"name_regex":{"type":"string","description_kind":"plain","optional":true},"region":{"type":"string","description_kind":"plain","optional":true},"regions":{"type":["set","string"],"description_kind":"plain","computed":true},"size":{"type":"number","description_kind":"plain","computed":true}},"description_kind":"plain"}},"digitalocean_droplets":{"version":0,"block":{"attributes":{"droplets":{"type":["list",["object",{"backups":"bool","created_at":"string","disk":"number","id":"number","image":"string","ipv4_address":"string","ipv4_address_private":"string","ipv6":"bool","ipv6_address":"string","ipv6_address_private":"string","locked":"bool","memory":"number","monitoring":"bool","name":"string","price_hourly":"number","price_monthly":"number","private_networking":"bool","region":"string","size":"string","status":"string","tags":["set","string"],"urn":"string","vcpus":"number","volume_ids":["set","string"],"vpc_uuid":"string"}]],"description_kind":"plain","computed":true},"gpus":{"type":"bool","description_kind":"plain","optional":true},"id":{"type":"string","description_kind":"plain","optional":true,"computed":true}},"block_types":{"filter":{"nesting_mode":"set","block":{"attributes":{"all":{"type":"bool","description_kind":"plain","optional":true},"key":{"type":"string","description_kind":"plain","required":true},"match_by":{"type":"string","description_kind":"plain","optional":true},"values":{"type":["list","string"],"description_kind":"plain","required":true}},"description":"One or more key/value pairs on which to filter results","description_kind":"plain"}},"sort":{"nesting_mode":"list","block":{"attributes":{"direction":{"type":"string","description_kind":"plain","optional":true},"key":{"type":"string","description_kind":"plain","required":true}},"description":"One or more key/direction pairs on which to sort results","description_kind":"plain"}}},"description_kind":"plain"}},"digitalocean_firewall":{"version":0,"block":{"attributes":{"created_at":{"type":"string","description_kind":"plain","computed":true},"droplet_ids":{"type":["set","number"],"description_kind":"plain","optional":true,"computed":true},"firewall_id":{"type":"string","description_kind":"plain","required":true},"id":{"type":"string","description_kind":"plain","optional":true,"computed":true},"name":{"type":"string","description_kind":"plain","computed":true},"pending_changes":{"type":["list",["object",{"droplet_id":"number","removing":"bool","status":"string"}]],"description_kind":"plain","computed":true},"status":{"type":"string","description_kind":"plain","computed":true},"tags":{"type":["set","string"],"description_kind":"plain","optional":true,"computed":true}},"block_types":{"inbound_rule":{"nesting_mode":"set","block":{"attributes":{"port_range":{"type":"string","description_kind":"plain","optional":true},"protocol":{"type":"string","description_kind":"plain","required":true},"source_addresses":{"type":["set","string"],"description_kind":"plain","optional":true},"source_droplet_ids":{"type":["set","number"],"description_kind":"plain","optional":true},"source_kubernetes_ids":{"type":["set","string"],"description_kind":"plain","optional":true},"source_load_balancer_uids":{"type":["set","string"],"description_kind":"plain","optional":true},"source_tags":{"type":["set","string"],"description_kind":"plain","optional":true}},"description_kind":"plain"}},"outbound_rule":{"nesting_mode":"set","block":{"attributes":{"destination_addresses":{"type":["set","string"],"description_kind":"plain","optional":true},"destination_droplet_ids":{"type":["set","number"],"description_kind":"plain","optional":true},"destination_kubernetes_ids":{"type":["set","string"],"description_kind":"plain","optional":true},"destination_load_balancer_uids":{"type":["set","string"],"description_kind":"plain","optional":true},"destination_tags":{"type":["set","string"],"description_kind":"plain","optional":true},"port_range":{"type":"string","description_kind":"plain","optional":true},"protocol":{"type":"string","description_kind":"plain","required":true}},"description_kind":"plain"}}},"description_kind":"plain"}},"digitalocean_floating_ip":{"version":0,"block":{"attributes":{"droplet_id":{"type":"number","description":"the droplet id that the floating ip has been assigned to.","description_kind":"plain","computed":true},"id":{"type":"string","description_kind":"plain","optional":true,"computed":true},"ip_address":{"type":"string","description":"floating ip address","description_kind":"plain","required":true},"region":{"type":"string","description":"the region that the floating ip is reserved to","description_kind":"plain","computed":true},"urn":{"type":"string","description":"the uniform resource name for the floating ip","description_kind":"plain","computed":true}},"description_kind":"plain"}},"digitalocean_gradientai_agent":{"version":0,"block":{"attributes":{"agent_id":{"type":"string","description":"ID of the Agent to retrieve","description_kind":"plain","required":true},"child_agents":{"type":["list",["object",{"agent_id":"string","anthropic_api_key":["list",["object",{"created_at":"string","created_by":"string","deleted_at":"string","name":"string","updated_at":"string","uuid":"string"}]],"api_key_infos":["list",["object",{"created_at":"string","created_by":"string","deleted_at":"string","name":"string","secret_key":"string","uuid":"string"}]],"api_keys":["list",["object",{"api_key":"string"}]],"chatbot":["list",["object",{"button_background_color":"string","logo":"string","name":"string","primary_color":"string","secondary_color":"string","starting_message":"string"}]],"chatbot_identifiers":["list",["object",{"chatbot_id":"string"}]],"deployment":["list",["object",{"created_at":"string","name":"string","status":"string","updated_at":"string","url":"string","uuid":"string","visibility":"string"}]],"description":"string","instruction":"string","model_uuid":"string","name":"string","project_id":"string","region":"string"}]],"description":"List of child agents","description_kind":"plain","computed":true},"created_at":{"type":"string","description":"Timestamp when the Agent was created","description_kind":"plain","computed":true},"description":{"type":"string","description":"Description for the Agent","description_kind":"plain","optional":true},"id":{"type":"string","description_kind":"plain","optional":true,"computed":true},"if_case":{"type":"string","description":"If case condition","description_kind":"plain","optional":true},"instruction":{"type":"string","description":"Instruction for the Agent","description_kind":"plain","computed":true},"k":{"type":"number","description":"K value","description_kind":"plain","optional":true},"max_tokens":{"type":"number","description":"Maximum tokens allowed","description_kind":"plain","optional":true},"model_uuid":{"type":"string","description":"Model UUID of the Agent","description_kind":"plain","computed":true},"name":{"type":"string","description":"Name of the Agent","description_kind":"plain","computed":true},"parent_agents":{"type":["list",["object",{"agent_id":"string","anthropic_api_key":["list",["object",{"created_at":"string","created_by":"string","deleted_at":"string","name":"string","updated_at":"string","uuid":"string"}]],"api_key_infos":["list",["object",{"created_at":"string","created_by":"string","deleted_at":"string","name":"string","secret_key":"string","uuid":"string"}]],"api_keys":["list",["object",{"api_key":"string"}]],"chatbot":["list",["object",{"button_background_color":"string","logo":"string","name":"string","primary_color":"string","secondary_color":"string","starting_message":"string"}]],"chatbot_identifiers":["list",["object",{"chatbot_id":"string"}]],"deployment":["list",["object",{"created_at":"string","name":"string","status":"string","updated_at":"string","url":"string","uuid":"string","visibility":"string"}]],"description":"string","instruction":"string","model_uuid":"string","name":"string","project_id":"string","region":"string"}]],"description":"List of parent agents","description_kind":"plain","computed":true},"project_id":{"type":"string","description":"Project ID of the Agent","description_kind":"plain","computed":true},"region":{"type":"string","description":"Region where the Agent is deployed","description_kind":"plain","computed":true},"retrieval_method":{"type":"string","description":"Retrieval method used","description_kind":"plain","optional":true},"route_created_at":{"type":"string","description":"Timestamp when the route was created","description_kind":"plain","computed":true},"route_created_by":{"type":"string","description":"User who created the route","description_kind":"plain","optional":true},"route_name":{"type":"string","description":"Route name","description_kind":"plain","optional":true},"route_uuid":{"type":"string","description":"Route UUID","description_kind":"plain","optional":true},"tags":{"type":["list","string"],"description":"List of Tags","description_kind":"plain","optional":true},"temperature":{"type":"number","description":"Agent temperature setting","description_kind":"plain","optional":true},"top_p":{"type":"number","description":"Top P sampling parameter","description_kind":"plain","optional":true},"updated_at":{"type":"string","description":"Timestamp when the Agent was updated","description_kind":"plain","computed":true},"url":{"type":"string","description":"URL for the Agent","description_kind":"plain","optional":true},"user_id":{"type":"string","description":"User ID linked with the Agent","description_kind":"plain","optional":true}},"block_types":{"agent_guardrail":{"nesting_mode":"list","block":{"attributes":{"agent_uuid":{"type":"string","description":"Agent UUID for the Guardrail","description_kind":"plain","optional":true},"created_at":{"type":"string","description":"Created At timestamp for the Guardrail","description_kind":"plain","computed":true},"default_response":{"type":"string","description":"Default response for the Guardrail","description_kind":"plain","optional":true},"description":{"type":"string","description":"Description of the Guardrail","description_kind":"plain","optional":true},"guardrail_uuid":{"type":"string","description":"Guardrail UUID","description_kind":"plain","optional":true},"is_attached":{"type":"bool","description":"Indicates if the Guardrail is attached","description_kind":"plain","computed":true},"is_default":{"type":"bool","description":"Indicates if the Guardrail is default","description_kind":"plain","optional":true},"name":{"type":"string","description":"Name of Guardrail","description_kind":"plain","optional":true},"priority":{"type":"number","description":"Priority of the Guardrail","description_kind":"plain","optional":true},"type":{"type":"string","description":"Type of the Guardrail","description_kind":"plain","optional":true},"updated_at":{"type":"string","description":"Updated At timestamp for the Guardrail","description_kind":"plain","computed":true},"uuid":{"type":"string","description":"Guardrail UUID","description_kind":"plain","optional":true}},"description":"AgentGuardrail represents a Guardrail attached to Gen AI Agent","description_kind":"plain"}},"anthropic_api_key":{"nesting_mode":"list","block":{"attributes":{"created_at":{"type":"string","description":"Timestamp when the API Key was created","description_kind":"plain","computed":true},"created_by":{"type":"string","description":"Created By user ID for the API Key","description_kind":"plain","optional":true},"deleted_at":{"type":"string","description":"Deleted At timestamp for the API Key","description_kind":"plain","computed":true},"name":{"type":"string","description":"Name of the API Key","description_kind":"plain","optional":true},"updated_at":{"type":"string","description":"Updated At timestamp for the API Key","description_kind":"plain","computed":true},"uuid":{"type":"string","description":"API Key value","description_kind":"plain","optional":true}},"description":"Anthropic API Key information","description_kind":"plain"}},"api_key_infos":{"nesting_mode":"list","block":{"attributes":{"created_at":{"type":"string","description":"API Key value","description_kind":"plain","computed":true},"created_by":{"type":"string","description":"Created By user ID for the API Key","description_kind":"plain","optional":true},"deleted_at":{"type":"string","description":"Deleted At timestamp for the API Key","description_kind":"plain","computed":true},"name":{"type":"string","description":"Name of the API Key","description_kind":"plain","optional":true},"secret_key":{"type":"string","description":"Updated At timestamp for the API Key","description_kind":"plain","optional":true},"uuid":{"type":"string","description":"API Key value","description_kind":"plain","optional":true}},"description":"List of API Key Infos","description_kind":"plain"}},"api_keys":{"nesting_mode":"list","block":{"attributes":{"api_key":{"type":"string","description":"API Key value","description_kind":"plain","optional":true}},"description":"List of API Keys","description_kind":"plain"}},"chatbot":{"nesting_mode":"list","block":{"attributes":{"button_background_color":{"type":"string","description":"Background color for the chatbot button","description_kind":"plain","optional":true},"logo":{"type":"string","description":"Logo for the chatbot","description_kind":"plain","optional":true},"name":{"type":"string","description":"Name of the chatbot","description_kind":"plain","optional":true},"primary_color":{"type":"string","description":"Primary color for the chatbot","description_kind":"plain","optional":true},"secondary_color":{"type":"string","description":"Secondary color for the chatbot","description_kind":"plain","optional":true},"starting_message":{"type":"string","description":"Starting message for the chatbot","description_kind":"plain","optional":true}},"description":"ChatBot configuration","description_kind":"plain"}},"chatbot_identifiers":{"nesting_mode":"list","block":{"attributes":{"chatbot_id":{"type":"string","description":"Chatbot ID","description_kind":"plain","optional":true}},"description":"List of Chatbot Identifiers","description_kind":"plain"}},"deployment":{"nesting_mode":"list","block":{"attributes":{"created_at":{"type":"string","description":"API Key value","description_kind":"plain","computed":true},"name":{"type":"string","description":"Name of the API Key","description_kind":"plain","optional":true},"status":{"type":"string","description":"Status of the Deployment","description_kind":"plain","optional":true},"updated_at":{"type":"string","description":"Updated At timestamp for the Agent","description_kind":"plain","computed":true},"url":{"type":"string","description":"Url of the Deployment","description_kind":"plain","optional":true},"uuid":{"type":"string","description":"API Key value","description_kind":"plain","optional":true},"visibility":{"type":"string","description":"Visibility of the Deployment","description_kind":"plain","optional":true}},"description":"List of API Key Infos","description_kind":"plain"}},"functions":{"nesting_mode":"list","block":{"attributes":{"api_key":{"type":"string","description":"API Key value","description_kind":"plain","optional":true},"created_at":{"type":"string","description":"Created At timestamp for the Function","description_kind":"plain","computed":true},"description":{"type":"string","description":"Description of the Function","description_kind":"plain","optional":true},"faasname":{"type":"string","description":"Name of function","description_kind":"plain","optional":true},"faasnamespace":{"type":"string","description":"Namespace of function","description_kind":"plain","optional":true},"guardrail_uuid":{"type":"string","description":"Guardrail UUID for the Function","description_kind":"plain","optional":true},"name":{"type":"string","description":"Name of function","description_kind":"plain","optional":true},"updated_at":{"type":"string","description":"Updated At timestamp for the Agent","description_kind":"plain","computed":true},"url":{"type":"string","description":"Url of the Deployment","description_kind":"plain","optional":true},"uuid":{"type":"string","description":"API Key value","description_kind":"plain","optional":true}},"description":"List of API Key Infos","description_kind":"plain"}},"knowledge_bases":{"nesting_mode":"list","block":{"attributes":{"added_to_agent_at":{"type":"string","description":"Timestamp when the Knowledge Base was added to the Agent","description_kind":"plain","computed":true},"created_at":{"type":"string","description":"Created At timestamp for the Knowledge Base","description_kind":"plain","computed":true},"database_id":{"type":"string","description":"Database ID of the Knowledge Base","description_kind":"plain","optional":true},"embedding_model_uuid":{"type":"string","description":"Embedding model UUID for the Knowledge Base","description_kind":"plain","optional":true},"is_public":{"type":"bool","description":"Indicates if the Knowledge Base is public","description_kind":"plain","optional":true},"name":{"type":"string","description":"Name of the Knowledge Base","description_kind":"plain","optional":true},"project_id":{"type":"string","description":"Project ID of the Knowledge Base","description_kind":"plain","optional":true},"region":{"type":"string","description":"Region of the Knowledge Base","description_kind":"plain","optional":true},"tags":{"type":["list","string"],"description":"List of tags","description_kind":"plain","optional":true},"updated_at":{"type":"string","description":"Timestamp when the Knowledge Base was updated","description_kind":"plain","computed":true},"user_id":{"type":"string","description":"User ID of the Knowledge Base","description_kind":"plain","optional":true},"uuid":{"type":"string","description":"UUID of the Knowledge Base","description_kind":"plain","computed":true}},"block_types":{"last_indexing_job":{"nesting_mode":"list","block":{"attributes":{"completed_datasources":{"type":"number","description":"Number of completed datasources in the last indexing job","description_kind":"plain","optional":true},"created_at":{"type":"string","description":"Created At timestamp for the last indexing job","description_kind":"plain","computed":true},"data_source_uuids":{"type":["list","string"],"description":"Datasource UUIDs for the last indexing job","description_kind":"plain","optional":true},"finished_at":{"type":"string","description":"Timestamp when the last indexing job finished","description_kind":"plain","computed":true},"knowledge_base_uuid":{"type":"string","description":"UUID  of the Knowledge Base for the last indexing job","description_kind":"plain","computed":true},"phase":{"type":"string","description":"Phase of the last indexing job","description_kind":"plain","optional":true},"started_at":{"type":"string","description":"Timestamp when the last indexing job started","description_kind":"plain","computed":true},"tokens":{"type":"number","description":"Number of tokens processed in the last indexing job","description_kind":"plain","optional":true},"total_datasources":{"type":"number","description":"Total number of datasources in the last indexing job","description_kind":"plain","optional":true},"updated_at":{"type":"string","description":"Timestamp when the last indexing job updated","description_kind":"plain","computed":true},"uuid":{"type":"string","description":"UUID  of the last indexing job","description_kind":"plain","optional":true}},"description":"Last indexing job for the Knowledge Base","description_kind":"plain"},"max_items":1}},"description":"List of Knowledge Bases","description_kind":"plain"}},"model":{"nesting_mode":"list","block":{"attributes":{"created_at":{"type":"string","description":"Created At timestamp for the Knowledge Base","description_kind":"plain","computed":true},"inference_name":{"type":"string","description":"Inference name of the model","description_kind":"plain","optional":true},"inference_version":{"type":"string","description":"Infernce version of the model","description_kind":"plain","optional":true},"is_foundational":{"type":"bool","description":"Indicates if the Model Base is foundational","description_kind":"plain","optional":true},"name":{"type":"string","description":"Name of the Knowledge Base","description_kind":"plain","optional":true},"parent_uuid":{"type":"string","description":"Parent UUID of the Model","description_kind":"plain","optional":true},"provider":{"type":"string","description":"Provider of the Model","description_kind":"plain","optional":true},"updated_at":{"type":"string","description":"Timestamp when the Knowledge Base was updated","description_kind":"plain","computed":true},"upload_complete":{"type":"bool","description":"Indicates if the Model upload is complete","description_kind":"plain","optional":true},"url":{"type":"string","description":"URL of the Model","description_kind":"plain","optional":true},"usecases":{"type":["list","string"],"description":"List of Usecases for the Model","description_kind":"plain","optional":true}},"block_types":{"agreement":{"nesting_mode":"list","block":{"attributes":{"description":{"type":"string","description":"Description of the agreement","description_kind":"plain","optional":true},"name":{"type":"string","description":"Name of the agreement","description_kind":"plain","optional":true},"url":{"type":"string","description":"URL of the agreement","description_kind":"plain","optional":true},"uuid":{"type":"string","description":"UUID of the agreement","description_kind":"plain","optional":true}},"description":"Agreement information for the model","description_kind":"plain"}},"versions":{"nesting_mode":"list","block":{"attributes":{"major":{"type":"number","description":"Major version of the model","description_kind":"plain","optional":true},"minor":{"type":"number","description":"Minor version of the model","description_kind":"plain","optional":true},"patch":{"type":"number","description":"Patch version of the model","description_kind":"plain","optional":true}},"description":"URL of the Model","description_kind":"plain"}}},"description":"Model of the Agent","description_kind":"plain"}},"open_ai_api_key":{"nesting_mode":"list","block":{"attributes":{"api_key":{"type":"string","description":"OpenAI API Key","description_kind":"plain","optional":true}},"description":"OpenAI API Key information","description_kind":"plain"}},"template":{"nesting_mode":"list","block":{"attributes":{"created_at":{"type":"string","description":"Created At timestamp for the Knowledge Base","description_kind":"plain","computed":true},"description":{"type":"string","description":"Description of the Agent Template","description_kind":"plain","optional":true},"instruction":{"type":"string","description":"Instruction for the Agent","description_kind":"plain","optional":true},"k":{"type":"number","description":"K value for the Agent Template","description_kind":"plain","optional":true},"max_tokens":{"type":"number","description":"Maximum tokens allowed","description_kind":"plain","optional":true},"name":{"type":"string","description":"Name of the Agent Template","description_kind":"plain","optional":true},"temperature":{"type":"number","description":"Agent temperature setting","description_kind":"plain","optional":true},"top_p":{"type":"number","description":"Top P sampling parameter","description_kind":"plain","optional":true},"updated_at":{"type":"string","description":"Updated At timestamp for the Agent Template","description_kind":"plain","computed":true},"uuid":{"type":"string","description":"uuid of the Agent Template","description_kind":"plain","optional":true}},"block_types":{"knowledge_bases":{"nesting_mode":"list","block":{"attributes":{"added_to_agent_at":{"type":"string","description":"Timestamp when the Knowledge Base was added to the Agent","description_kind":"plain","computed":true},"created_at":{"type":"string","description":"Created At timestamp for the Knowledge Base","description_kind":"plain","computed":true},"database_id":{"type":"string","description":"Database ID of the Knowledge Base","description_kind":"plain","optional":true},"embedding_model_uuid":{"type":"string","description":"Embedding model UUID for the Knowledge Base","description_kind":"plain","optional":true},"is_public":{"type":"bool","description":"Indicates if the Knowledge Base is public","description_kind":"plain","optional":true},"name":{"type":"string","description":"Name of the Knowledge Base","description_kind":"plain","optional":true},"project_id":{"type":"string","description":"Project ID of the Knowledge Base","description_kind":"plain","optional":true},"region":{"type":"string","description":"Region of the Knowledge Base","description_kind":"plain","optional":true},"tags":{"type":["list","string"],"description":"List of tags","description_kind":"plain","optional":true},"updated_at":{"type":"string","description":"Timestamp when the Knowledge Base was updated","description_kind":"plain","computed":true},"user_id":{"type":"string","description":"User ID of the Knowledge Base","description_kind":"plain","optional":true},"uuid":{"type":"string","description":"UUID of the Knowledge Base","description_kind":"plain","computed":true}},"block_types":{"last_indexing_job":{"nesting_mode":"list","block":{"attributes":{"completed_datasources":{"type":"number","description":"Number of completed datasources in the last indexing job","description_kind":"plain","optional":true},"created_at":{"type":"string","description":"Created At timestamp for the last indexing job","description_kind":"plain","computed":true},"data_source_uuids":{"type":["list","string"],"description":"Datasource UUIDs for the last indexing job","description_kind":"plain","optional":true},"finished_at":{"type":"string","description":"Timestamp when the last indexing job finished","description_kind":"plain","computed":true},"knowledge_base_uuid":{"type":"string","description":"UUID  of the Knowledge Base for the last indexing job","description_kind":"plain","computed":true},"phase":{"type":"string","description":"Phase of the last indexing job","description_kind":"plain","optional":true},"started_at":{"type":"string","description":"Timestamp when the last indexing job started","description_kind":"plain","computed":true},"tokens":{"type":"number","description":"Number of tokens processed in the last indexing job","description_kind":"plain","optional":true},"total_datasources":{"type":"number","description":"Total number of datasources in the last indexing job","description_kind":"plain","optional":true},"updated_at":{"type":"string","description":"Timestamp when the last indexing job updated","description_kind":"plain","computed":true},"uuid":{"type":"string","description":"UUID  of the last indexing job","description_kind":"plain","optional":true}},"description":"Last indexing job for the Knowledge Base","description_kind":"plain"},"max_items":1}},"description":"List of Knowledge Bases","description_kind":"plain"}},"model":{"nesting_mode":"list","block":{"attributes":{"created_at":{"type":"string","description":"Created At timestamp for the Knowledge Base","description_kind":"plain","computed":true},"inference_name":{"type":"string","description":"Inference name of the model","description_kind":"plain","optional":true},"inference_version":{"type":"string","description":"Infernce version of the model","description_kind":"plain","optional":true},"is_foundational":{"type":"bool","description":"Indicates if the Model Base is foundational","description_kind":"plain","optional":true},"name":{"type":"string","description":"Name of the Knowledge Base","description_kind":"plain","optional":true},"parent_uuid":{"type":"string","description":"Parent UUID of the Model","description_kind":"plain","optional":true},"provider":{"type":"string","description":"Provider of the Model","description_kind":"plain","optional":true},"updated_at":{"type":"string","description":"Timestamp when the Knowledge Base was updated","description_kind":"plain","computed":true},"upload_complete":{"type":"bool","description":"Indicates if the Model upload is complete","description_kind":"plain","optional":true},"url":{"type":"string","description":"URL of the Model","description_kind":"plain","optional":true},"usecases":{"type":["list","string"],"description":"List of Usecases for the Model","description_kind":"plain","optional":true}},"block_types":{"agreement":{"nesting_mode":"list","block":{"attributes":{"description":{"type":"string","description":"Description of the agreement","description_kind":"plain","optional":true},"name":{"type":"string","description":"Name of the agreement","description_kind":"plain","optional":true},"url":{"type":"string","description":"URL of the agreement","description_kind":"plain","optional":true},"uuid":{"type":"string","description":"UUID of the agreement","description_kind":"plain","optional":true}},"description":"Agreement information for the model","description_kind":"plain"}},"versions":{"nesting_mode":"list","block":{"attributes":{"major":{"type":"number","description":"Major version of the model","description_kind":"plain","optional":true},"minor":{"type":"number","description":"Minor version of the model","description_kind":"plain","optional":true},"patch":{"type":"number","description":"Patch version of the model","description_kind":"plain","optional":true}},"description":"URL of the Model","description_kind":"plain"}}},"description":"Model of the Agent Template","description_kind":"plain"}}},"description":"Agent Template","description_kind":"plain"}}},"description_kind":"plain"}},"digitalocean_gradientai_agent_versions":{"version":0,"block":{"attributes":{"agent_id":{"type":"string","description":"The ID of the agent to fetch versions for","description_kind":"plain","required":true},"agent_versions":{"type":["list",["object",{"agent_uuid":"string","attached_child_agents":["list",["object",{"agent_name":"string","child_agent_uuid":"string","if_case":"string","is_deleted":"bool","route_name":"string"}]],"attached_functions":["list",["object",{"description":"string","faas_name":"string","faas_namespace":"string","is_deleted":"bool","name":"string"}]],"attached_guardrails":["list",["object",{"is_deleted":"bool","name":"string","priority":"number","uuid":"string"}]],"attached_knowledge_bases":["list",["object",{"is_deleted":"bool","name":"string","uuid":"string"}]],"can_rollback":"bool","created_at":"string","created_by_email":"string","currently_applied":"bool","description":"string","id":"string","instruction":"string","k":"number","max_tokens":"number","model_name":"string","name":"string","provide_citations":"bool","retrieval_method":"string","tags":["list","string"],"temperature":"number","top_p":"number","trigger_action":"string","version_hash":"string"}]],"description_kind":"plain","computed":true},"id":{"type":"string","description_kind":"plain","optional":true,"computed":true}},"block_types":{"filter":{"nesting_mode":"set","block":{"attributes":{"all":{"type":"bool","description_kind":"plain","optional":true},"key":{"type":"string","description_kind":"plain","required":true},"match_by":{"type":"string","description_kind":"plain","optional":true},"values":{"type":["list","string"],"description_kind":"plain","required":true}},"description":"One or more key/value pairs on which to filter results","description_kind":"plain"}},"sort":{"nesting_mode":"list","block":{"attributes":{"direction":{"type":"string","description_kind":"plain","optional":true},"key":{"type":"string","description_kind":"plain","required":true}},"description":"One or more key/direction pairs on which to sort results","description_kind":"plain"}}},"description_kind":"plain"}},"digitalocean_gradientai_agents":{"version":0,"block":{"attributes":{"agents":{"type":["list",["object",{"agent_guardrail":["list",["object",{"agent_uuid":"string","created_at":"string","default_response":"string","description":"string","guardrail_uuid":"string","is_attached":"bool","is_default":"bool","name":"string","priority":"number","type":"string","updated_at":"string","uuid":"string"}]],"agent_id":"string","anthropic_api_key":["list",["object",{"created_at":"string","created_by":"string","deleted_at":"string","name":"string","updated_at":"string","uuid":"string"}]],"api_key_infos":["list",["object",{"created_at":"string","created_by":"string","deleted_at":"string","name":"string","secret_key":"string","uuid":"string"}]],"api_keys":["list",["object",{"api_key":"string"}]],"chatbot":["list",["object",{"button_background_color":"string","logo":"string","name":"string","primary_color":"string","secondary_color":"string","starting_message":"string"}]],"chatbot_identifiers":["list",["object",{"chatbot_id":"string"}]],"child_agents":["list",["object",{"agent_id":"string","anthropic_api_key":["list",["object",{"created_at":"string","created_by":"string","deleted_at":"string","name":"string","updated_at":"string","uuid":"string"}]],"api_key_infos":["list",["object",{"created_at":"string","created_by":"string","deleted_at":"string","name":"string","secret_key":"string","uuid":"string"}]],"api_keys":["list",["object",{"api_key":"string"}]],"chatbot":["list",["object",{"button_background_color":"string","logo":"string","name":"string","primary_color":"string","secondary_color":"string","starting_message":"string"}]],"chatbot_identifiers":["list",["object",{"chatbot_id":"string"}]],"deployment":["list",["object",{"created_at":"string","name":"string","status":"string","updated_at":"string","url":"string","uuid":"string","visibility":"string"}]],"description":"string","instruction":"string","model_uuid":"string","name":"string","project_id":"string","region":"string"}]],"created_at":"string","deployment":["list",["object",{"created_at":"string","name":"string","status":"string","updated_at":"string","url":"string","uuid":"string","visibility":"string"}]],"description":"string","functions":["list",["object",{"api_key":"string","created_at":"string","description":"string","faasname":"string","faasnamespace":"string","guardrail_uuid":"string","name":"string","updated_at":"string","url":"string","uuid":"string"}]],"if_case":"string","instruction":"string","k":"number","knowledge_bases":["list",["object",{"added_to_agent_at":"string","created_at":"string","database_id":"string","embedding_model_uuid":"string","is_public":"bool","last_indexing_job":["list",["object",{"completed_datasources":"number","created_at":"string","data_source_uuids":["list","string"],"finished_at":"string","knowledge_base_uuid":"string","phase":"string","started_at":"string","tokens":"number","total_datasources":"number","updated_at":"string","uuid":"string"}]],"name":"string","project_id":"string","region":"string","tags":["list","string"],"updated_at":"string","user_id":"string","uuid":"string"}]],"max_tokens":"number","model":["list",["object",{"agreement":["list",["object",{"description":"string","name":"string","url":"string","uuid":"string"}]],"created_at":"string","inference_name":"string","inference_version":"string","is_foundational":"bool","name":"string","parent_uuid":"string","provider":"string","updated_at":"string","upload_complete":"bool","url":"string","usecases":["list","string"],"versions":["list",["object",{"major":"number","minor":"number","patch":"number"}]]}]],"model_uuid":"string","name":"string","open_ai_api_key":["list",["object",{"api_key":"string"}]],"parent_agents":["list",["object",{"agent_id":"string","anthropic_api_key":["list",["object",{"created_at":"string","created_by":"string","deleted_at":"string","name":"string","updated_at":"string","uuid":"string"}]],"api_key_infos":["list",["object",{"created_at":"string","created_by":"string","deleted_at":"string","name":"string","secret_key":"string","uuid":"string"}]],"api_keys":["list",["object",{"api_key":"string"}]],"chatbot":["list",["object",{"button_background_color":"string","logo":"string","name":"string","primary_color":"string","secondary_color":"string","starting_message":"string"}]],"chatbot_identifiers":["list",["object",{"chatbot_id":"string"}]],"deployment":["list",["object",{"created_at":"string","name":"string","status":"string","updated_at":"string","url":"string","uuid":"string","visibility":"string"}]],"description":"string","instruction":"string","model_uuid":"string","name":"string","project_id":"string","region":"string"}]],"project_id":"string","region":"string","retrieval_method":"string","route_created_at":"string","route_created_by":"string","route_name":"string","route_uuid":"string","tags":["list","string"],"temperature":"number","template":["list",["object",{"created_at":"string","description":"string","instruction":"string","k":"number","knowledge_bases":["list",["object",{"added_to_agent_at":"string","created_at":"string","database_id":"string","embedding_model_uuid":"string","is_public":"bool","last_indexing_job":["list",["object",{"completed_datasources":"number","created_at":"string","data_source_uuids":["list","string"],"finished_at":"string","knowledge_base_uuid":"string","phase":"string","started_at":"string","tokens":"number","total_datasources":"number","updated_at":"string","uuid":"string"}]],"name":"string","project_id":"string","region":"string","tags":["list","string"],"updated_at":"string","user_id":"string","uuid":"string"}]],"max_tokens":"number","model":["list",["object",{"agreement":["list",["object",{"description":"string","name":"string","url":"string","uuid":"string"}]],"created_at":"string","inference_name":"string","inference_version":"string","is_foundational":"bool","name":"string","parent_uuid":"string","provider":"string","updated_at":"string","upload_complete":"bool","url":"string","usecases":["list","string"],"versions":["list",["object",{"major":"number","minor":"number","patch":"number"}]]}]],"name":"string","temperature":"number","top_p":"number","updated_at":"string","uuid":"string"}]],"top_p":"number","updated_at":"string","url":"string","user_id":"string"}]],"description_kind":"plain","computed":true},"id":{"type":"string","description_kind":"plain","optional":true,"computed":true},"only_deployed":{"type":"bool","description_kind":"plain","optional":true}},"block_types":{"filter":{"nesting_mode":"set","block":{"attributes":{"all":{"type":"bool","description_kind":"plain","optional":true},"key":{"type":"string","description_kind":"plain","required":true},"match_by":{"type":"string","description_kind":"plain","optional":true},"values":{"type":["list","string"],"description_kind":"plain","required":true}},"description":"One or more key/value pairs on which to filter results","description_kind":"plain"}},"sort":{"nesting_mode":"list","block":{"attributes":{"direction":{"type":"string","description_kind":"plain","optional":true},"key":{"type":"string","description_kind":"plain","required":true}},"description":"One or more key/direction pairs on which to sort results","description_kind":"plain"}}},"description_kind":"plain"}},"digitalocean_gradientai_agents_by_openai_api_key":{"version":0,"block":{"attributes":{"agents":{"type":["list",["object",{"agent_guardrail":["list",["object",{"agent_uuid":"string","created_at":"string","default_response":"string","description":"string","guardrail_uuid":"string","is_attached":"bool","is_default":"bool","name":"string","priority":"number","type":"string","updated_at":"string","uuid":"string"}]],"agent_id":"string","anthropic_api_key":["list",["object",{"created_at":"string","created_by":"string","deleted_at":"string","name":"string","updated_at":"string","uuid":"string"}]],"api_key_infos":["list",["object",{"created_at":"string","created_by":"string","deleted_at":"string","name":"string","secret_key":"string","uuid":"string"}]],"api_keys":["list",["object",{"api_key":"string"}]],"chatbot":["list",["object",{"button_background_color":"string","logo":"string","name":"string","primary_color":"string","secondary_color":"string","starting_message":"string"}]],"chatbot_identifiers":["list",["object",{"chatbot_id":"string"}]],"child_agents":["list",["object",{"agent_id":"string","anthropic_api_key":["list",["object",{"created_at":"string","created_by":"string","deleted_at":"string","name":"string","updated_at":"string","uuid":"string"}]],"api_key_infos":["list",["object",{"created_at":"string","created_by":"string","deleted_at":"string","name":"string","secret_key":"string","uuid":"string"}]],"api_keys":["list",["object",{"api_key":"string"}]],"chatbot":["list",["object",{"button_background_color":"string","logo":"string","name":"string","primary_color":"string","secondary_color":"string","starting_message":"string"}]],"chatbot_identifiers":["list",["object",{"chatbot_id":"string"}]],"deployment":["list",["object",{"created_at":"string","name":"string","status":"string","updated_at":"string","url":"string","uuid":"string","visibility":"string"}]],"description":"string","instruction":"string","model_uuid":"string","name":"string","project_id":"string","region":"string"}]],"created_at":"string","deployment":["list",["object",{"created_at":"string","name":"string","status":"string","updated_at":"string","url":"string","uuid":"string","visibility":"string"}]],"description":"string","functions":["list",["object",{"api_key":"string","created_at":"string","description":"string","faasname":"string","faasnamespace":"string","guardrail_uuid":"string","name":"string","updated_at":"string","url":"string","uuid":"string"}]],"if_case":"string","instruction":"string","k":"number","knowledge_bases":["list",["object",{"added_to_agent_at":"string","created_at":"string","database_id":"string","embedding_model_uuid":"string","is_public":"bool","last_indexing_job":["list",["object",{"completed_datasources":"number","created_at":"string","data_source_uuids":["list","string"],"finished_at":"string","knowledge_base_uuid":"string","phase":"string","started_at":"string","tokens":"number","total_datasources":"number","updated_at":"string","uuid":"string"}]],"name":"string","project_id":"string","region":"string","tags":["list","string"],"updated_at":"string","user_id":"string","uuid":"string"}]],"max_tokens":"number","model":["list",["object",{"agreement":["list",["object",{"description":"string","name":"string","url":"string","uuid":"string"}]],"created_at":"string","inference_name":"string","inference_version":"string","is_foundational":"bool","name":"string","parent_uuid":"string","provider":"string","updated_at":"string","upload_complete":"bool","url":"string","usecases":["list","string"],"versions":["list",["object",{"major":"number","minor":"number","patch":"number"}]]}]],"model_uuid":"string","name":"string","open_ai_api_key":["list",["object",{"api_key":"string"}]],"parent_agents":["list",["object",{"agent_id":"string","anthropic_api_key":["list",["object",{"created_at":"string","created_by":"string","deleted_at":"string","name":"string","updated_at":"string","uuid":"string"}]],"api_key_infos":["list",["object",{"created_at":"string","created_by":"string","deleted_at":"string","name":"string","secret_key":"string","uuid":"string"}]],"api_keys":["list",["object",{"api_key":"string"}]],"chatbot":["list",["object",{"button_background_color":"string","logo":"string","name":"string","primary_color":"string","secondary_color":"string","starting_message":"string"}]],"chatbot_identifiers":["list",["object",{"chatbot_id":"string"}]],"deployment":["list",["object",{"created_at":"string","name":"string","status":"string","updated_at":"string","url":"string","uuid":"string","visibility":"string"}]],"description":"string","instruction":"string","model_uuid":"string","name":"string","project_id":"string","region":"string"}]],"project_id":"string","region":"string","retrieval_method":"string","route_created_at":"string","route_created_by":"string","route_name":"string","route_uuid":"string","tags":["list","string"],"temperature":"number","template":["list",["object",{"created_at":"string","description":"string","instruction":"string","k":"number","knowledge_bases":["list",["object",{"added_to_agent_at":"string","created_at":"string","database_id":"string","embedding_model_uuid":"string","is_public":"bool","last_indexing_job":["list",["object",{"completed_datasources":"number","created_at":"string","data_source_uuids":["list","string"],"finished_at":"string","knowledge_base_uuid":"string","phase":"string","started_at":"string","tokens":"number","total_datasources":"number","updated_at":"string","uuid":"string"}]],"name":"string","project_id":"string","region":"string","tags":["list","string"],"updated_at":"string","user_id":"string","uuid":"string"}]],"max_tokens":"number","model":["list",["object",{"agreement":["list",["object",{"description":"string","name":"string","url":"string","uuid":"string"}]],"created_at":"string","inference_name":"string","inference_version":"string","is_foundational":"bool","name":"string","parent_uuid":"string","provider":"string","updated_at":"string","upload_complete":"bool","url":"string","usecases":["list","string"],"versions":["list",["object",{"major":"number","minor":"number","patch":"number"}]]}]],"name":"string","temperature":"number","top_p":"number","updated_at":"string","uuid":"string"}]],"top_p":"number","updated_at":"string","url":"string","user_id":"string"}]],"description":"List of agents associated with the OpenAI API key.","description_kind":"plain","computed":true},"id":{"type":"string","description_kind":"plain","optional":true,"computed":true},"uuid":{"type":"string","description":"The UUID of the OpenAI API key.","description_kind":"plain","required":true}},"description_kind":"plain"}},"digitalocean_gradientai_indexing_job":{"version":0,"block":{"attributes":{"completed_datasources":{"type":"number","description":"Number of datasources indexed completed","description_kind":"plain","computed":true},"created_at":{"type":"string","description":"Creation timestamp","description_kind":"plain","computed":true},"data_source_uuids":{"type":["list","string"],"description":"List of data source UUIDs","description_kind":"plain","computed":true},"finished_at":{"type":"string","description":"Finish timestamp","description_kind":"plain","computed":true},"id":{"type":"string","description_kind":"plain","optional":true,"computed":true},"knowledge_base_uuid":{"type":"string","description":"Knowledge base UUID","description_kind":"plain","computed":true},"phase":{"type":"string","description":"Current phase of the batch job","description_kind":"plain","computed":true},"started_at":{"type":"string","description":"Start timestamp","description_kind":"plain","computed":true},"status":{"type":"string","description":"Status of the indexing job","description_kind":"plain","computed":true},"tokens":{"type":"number","description":"Number of tokens","description_kind":"plain","computed":true},"total_datasources":{"type":"number","description":"Total number of datasources being indexed","description_kind":"plain","computed":true},"total_items_failed":{"type":"string","description":"Total items failed","description_kind":"plain","computed":true},"total_items_indexed":{"type":"string","description":"Total items indexed","description_kind":"plain","computed":true},"total_items_skipped":{"type":"string","description":"Total items skipped","description_kind":"plain","computed":true},"updated_at":{"type":"string","description":"Last update timestamp","description_kind":"plain","computed":true},"uuid":{"type":"string","description":"UUID of the indexing job","description_kind":"plain","required":true}},"description_kind":"plain"}},"digitalocean_gradientai_indexing_job_data_sources":{"version":0,"block":{"attributes":{"id":{"type":"string","description_kind":"plain","optional":true,"computed":true},"indexed_data_sources":{"type":["list",["object",{"completed_at":"string","data_source_uuid":"string","error_details":"string","error_msg":"string","failed_item_count":"string","indexed_file_count":"string","indexed_item_count":"string","removed_item_count":"string","skipped_item_count":"string","started_at":"string","status":"string","total_bytes":"string","total_bytes_indexed":"string","total_file_count":"string"}]],"description":"List of indexed data sources for the indexing job","description_kind":"plain","computed":true},"indexing_job_uuid":{"type":"string","description":"UUID of the indexing job","description_kind":"plain","required":true}},"description_kind":"plain"}},"digitalocean_gradientai_knowledge_base":{"version":0,"block":{"attributes":{"added_to_agent_at":{"type":"string","description":"Timestamp when the Knowledge Base was added to the Agent","description_kind":"plain","optional":true},"created_at":{"type":"string","description":"Created At timestamp for the Knowledge Base","description_kind":"plain","computed":true},"database_id":{"type":"string","description":"Database ID of the Knowledge Base","description_kind":"plain","optional":true},"embedding_model_uuid":{"type":"string","description":"Embedding model UUID for the Knowledge Base","description_kind":"plain","optional":true},"id":{"type":"string","description_kind":"plain","optional":true,"computed":true},"is_public":{"type":"bool","description":"Indicates if the Knowledge Base is public","description_kind":"plain","optional":true},"name":{"type":"string","description":"Name of the Knowledge Base","description_kind":"plain","optional":true},"project_id":{"type":"string","description":"Project ID of the Knowledge Base","description_kind":"plain","optional":true},"region":{"type":"string","description":"Region of the Knowledge Base","description_kind":"plain","optional":true},"tags":{"type":["list","string"],"description":"List of tags","description_kind":"plain","optional":true},"updated_at":{"type":"string","description":"Timestamp when the Knowledge Base was updated","description_kind":"plain","computed":true},"user_id":{"type":"string","description":"User ID of the Knowledge Base","description_kind":"plain","optional":true},"uuid":{"type":"string","description":"UUID of the Knowledge Base","description_kind":"plain","optional":true}},"block_types":{"last_indexing_job":{"nesting_mode":"list","block":{"attributes":{"completed_datasources":{"type":"number","description":"Number of completed datasources in the last indexing job","description_kind":"plain","optional":true},"created_at":{"type":"string","description":"Created At timestamp for the last indexing job","description_kind":"plain","computed":true},"data_source_uuids":{"type":["list","string"],"description":"Datasource UUIDs for the last indexing job","description_kind":"plain","optional":true},"finished_at":{"type":"string","description":"Timestamp when the last indexing job finished","description_kind":"plain","computed":true},"knowledge_base_uuid":{"type":"string","description":"UUID  of the Knowledge Base for the last indexing job","description_kind":"plain","computed":true},"phase":{"type":"string","description":"Phase of the last indexing job","description_kind":"plain","optional":true},"started_at":{"type":"string","description":"Timestamp when the last indexing job started","description_kind":"plain","computed":true},"tokens":{"type":"number","description":"Number of tokens processed in the last indexing job","description_kind":"plain","optional":true},"total_datasources":{"type":"number","description":"Total number of datasources in the last indexing job","description_kind":"plain","optional":true},"updated_at":{"type":"string","description":"Timestamp when the last indexing job updated","description_kind":"plain","computed":true},"uuid":{"type":"string","description":"UUID  of the last indexing job","description_kind":"plain","optional":true}},"description":"Last indexing job for the Knowledge Base","description_kind":"plain"}}},"description_kind":"plain"}},"digitalocean_gradientai_knowledge_base_data_sources":{"version":0,"block":{"attributes":{"datasources":{"type":["list",["object",{"created_at":"string","file_upload_data_source":["list",["object",{"original_file_name":"string","size_in_bytes":"string","stored_object_key":"string"}]],"last_indexing_job":["list",["object",{"completed_datasources":"number","created_at":"string","data_source_uuids":["list","string"],"finished_at":"string","knowledge_base_uuid":"string","phase":"string","started_at":"string","tokens":"number","total_datasources":"number","updated_at":"string","uuid":"string"}]],"spaces_data_source":["list",["object",{"bucket_name":"string","item_path":"string","region":"string"}]],"updated_at":"string","uuid":"string","web_crawler_data_source":["list",["object",{"base_url":"string","crawling_option":"string","embed_media":"bool"}]]}]],"description":"List of data sources for the Knowledge Base","description_kind":"plain","computed":true},"id":{"type":"string","description_kind":"plain","optional":true,"computed":true},"knowledge_base_uuid":{"type":"string","description":"UUID of the Knowledge Base","description_kind":"plain","required":true}},"description_kind":"plain"}},"digitalocean_gradientai_knowledge_base_indexing_jobs":{"version":0,"block":{"attributes":{"id":{"type":"string","description_kind":"plain","optional":true,"computed":true},"jobs":{"type":["list",["object",{"completed_datasources":"number","created_at":"string","data_source_uuids":["list","string"],"finished_at":"string","knowledge_base_uuid":"string","phase":"string","started_at":"string","status":"string","tokens":"number","total_datasources":"number","total_items_failed":"string","total_items_indexed":"string","total_items_skipped":"string","updated_at":"string","uuid":"string"}]],"description":"List of indexing jobs for the Knowledge Base","description_kind":"plain","computed":true},"knowledge_base_uuid":{"type":"string","description":"UUID of the Knowledge Base","description_kind":"plain","required":true},"meta":{"type":["list",["object",{"page":"number","pages":"number","total":"number"}]],"description":"Pagination metadata","description_kind":"plain","computed":true}},"description_kind":"plain"}},"digitalocean_gradientai_knowledge_bases":{"version":0,"block":{"attributes":{"id":{"type":"string","description_kind":"plain","optional":true,"computed":true},"knowledge_bases":{"type":["list",["object",{"added_to_agent_at":"string","created_at":"string","database_id":"string","embedding_model_uuid":"string","is_public":"bool","last_indexing_job":["list",["object",{"completed_datasources":"number","created_at":"string","data_source_uuids":["list","string"],"finished_at":"string","knowledge_base_uuid":"string","phase":"string","started_at":"string","tokens":"number","total_datasources":"number","updated_at":"string","uuid":"string"}]],"name":"string","project_id":"string","region":"string","tags":["list","string"],"updated_at":"string","user_id":"string","uuid":"string"}]],"description_kind":"plain","computed":true}},"block_types":{"filter":{"nesting_mode":"set","block":{"attributes":{"all":{"type":"bool","description_kind":"plain","optional":true},"key":{"type":"string","description_kind":"plain","required":true},"match_by":{"type":"string","description_kind":"plain","optional":true},"values":{"type":["list","string"],"description_kind":"plain","required":true}},"description":"One or more key/value pairs on which to filter results","description_kind":"plain"}},"sort":{"nesting_mode":"list","block":{"attributes":{"direction":{"type":"string","description_kind":"plain","optional":true},"key":{"type":"string","description_kind":"plain","required":true}},"description":"One or more key/direction pairs on which to sort results","description_kind":"plain"}}},"description_kind":"plain"}},"digitalocean_gradientai_models":{"version":0,"block":{"attributes":{"id":{"type":"string","description_kind":"plain","optional":true,"computed":true},"models":{"type":["list",["object",{"agreement":["list",["object",{"description":"string","name":"string","url":"string","uuid":"string"}]],"created_at":"string","id":"string","is_foundational":"bool","name":"string","parent_uuid":"string","updated_at":"string","upload_complete":"bool","url":"string","uuid":"string","version":["list",["object",{"major":"number","minor":"number","patch":"number"}]]}]],"description_kind":"plain","computed":true}},"block_types":{"filter":{"nesting_mode":"set","block":{"attributes":{"all":{"type":"bool","description_kind":"plain","optional":true},"key":{"type":"string","description_kind":"plain","required":true},"match_by":{"type":"string","description_kind":"plain","optional":true},"values":{"type":["list","string"],"description_kind":"plain","required":true}},"description":"One or more key/value pairs on which to filter results","description_kind":"plain"}},"sort":{"nesting_mode":"list","block":{"attributes":{"direction":{"type":"string","description_kind":"plain","optional":true},"key":{"type":"string","description_kind":"plain","required":true}},"description":"One or more key/direction pairs on which to sort results","description_kind":"plain"}}},"description_kind":"plain"}},"digitalocean_gradientai_openai_api_key":{"version":0,"block":{"attributes":{"created_at":{"type":"string","description":"Timestamp when the API Key was created","description_kind":"plain","computed":true},"created_by":{"type":"string","description":"Created By user ID for the API Key","description_kind":"plain","computed":true},"deleted_at":{"type":"string","description":"Deleted At timestamp for the API Key","description_kind":"plain","computed":true},"id":{"type":"string","description_kind":"plain","optional":true,"computed":true},"models":{"type":["list",["object",{"agreement":["list",["object",{"description":"string","name":"string","url":"string","uuid":"string"}]],"created_at":"string","inference_name":"string","inference_version":"string","is_foundational":"bool","name":"string","parent_uuid":"string","provider":"string","updated_at":"string","upload_complete":"bool","url":"string","usecases":["list","string"],"versions":["list",["object",{"major":"number","minor":"number","patch":"number"}]]}]],"description":"List of models associated with the API Key","description_kind":"plain","computed":true},"name":{"type":"string","description":"Name of the API Key","description_kind":"plain","computed":true},"updated_at":{"type":"string","description":"Updated At timestamp for the API Key","description_kind":"plain","computed":true},"uuid":{"type":"string","description":"OpenAI API Key Uuid","description_kind":"plain","required":true}},"description_kind":"plain"}},"digitalocean_gradientai_openai_api_keys":{"version":0,"block":{"attributes":{"id":{"type":"string","description_kind":"plain","optional":true,"computed":true},"openai_api_keys":{"type":["list",["object",{"created_at":"string","created_by":"string","deleted_at":"string","models":["list",["object",{"agreement":["list",["object",{"description":"string","name":"string","url":"string","uuid":"string"}]],"created_at":"string","inference_name":"string","inference_version":"string","is_foundational":"bool","name":"string","parent_uuid":"string","provider":"string","updated_at":"string","upload_complete":"bool","url":"string","usecases":["list","string"],"versions":["list",["object",{"major":"number","minor":"number","patch":"number"}]]}]],"name":"string","updated_at":"string","uuid":"string"}]],"description_kind":"plain","computed":true}},"block_types":{"filter":{"nesting_mode":"set","block":{"attributes":{"all":{"type":"bool","description_kind":"plain","optional":true},"key":{"type":"string","description_kind":"plain","required":true},"match_by":{"type":"string","description_kind":"plain","optional":true},"values":{"type":["list","string"],"description_kind":"plain","required":true}},"description":"One or more key/value pairs on which to filter results","description_kind":"plain"}},"sort":{"nesting_mode":"list","block":{"attributes":{"direction":{"type":"string","description_kind":"plain","optional":true},"key":{"type":"string","description_kind":"plain","required":true}},"description":"One or more key/direction pairs on which to sort results","description_kind":"plain"}}},"description_kind":"plain"}},"digitalocean_gradientai_regions":{"version":0,"block":{"attributes":{"id":{"type":"string","description_kind":"plain","optional":true,"computed":true},"regions":{"type":["list",["object",{"inference_url":"string","region":"string","serves_batch":"bool","serves_inference":"bool","stream_inference_url":"string"}]],"description_kind":"plain","computed":true}},"block_types":{"filter":{"nesting_mode":"set","block":{"attributes":{"all":{"type":"bool","description_kind":"plain","optional":true},"key":{"type":"string","description_kind":"plain","required":true},"match_by":{"type":"string","description_kind":"plain","optional":true},"values":{"type":["list","string"],"description_kind":"plain","required":true}},"description":"One or more key/value pairs on which to filter results","description_kind":"plain"}},"sort":{"nesting_mode":"list","block":{"attributes":{"direction":{"type":"string","description_kind":"plain","optional":true},"key":{"type":"string","description_kind":"plain","required":true}},"description":"One or more key/direction pairs on which to sort results","description_kind":"plain"}}},"description_kind":"plain"}},"digitalocean_image":{"version":0,"block":{"attributes":{"created":{"type":"string","description_kind":"plain","computed":true},"description":{"type":"string","description":"a description of the image","description_kind":"plain","computed":true},"distribution":{"type":"string","description":"distribution of the OS of the image","description_kind":"plain","computed":true},"error_message":{"type":"string","description":"error message associated with the image","description_kind":"plain","computed":true},"id":{"type":"number","description":"id of the image","description_kind":"plain","optional":true,"computed":true},"image":{"type":"string","description":"slug or id of the image","description_kind":"plain","computed":true},"min_disk_size":{"type":"number","description":"minimum disk size required by the image","description_kind":"plain","computed":true},"name":{"type":"string","description":"name of the image","description_kind":"plain","optional":true,"computed":true},"private":{"type":"bool","description":"Is the image private or non-private","description_kind":"plain","computed":true},"regions":{"type":["set","string"],"description":"list of the regions that the image is available in","description_kind":"plain","computed":true},"size_gigabytes":{"type":"number","description":"size in GB of the image","description_kind":"plain","computed":true},"slug":{"type":"string","description":"slug of the image","description_kind":"plain","optional":true,"computed":true},"source":{"type":"string","description_kind":"plain","optional":true},"status":{"type":"string","description":"status of the image","description_kind":"plain","computed":true},"tags":{"type":["set","string"],"description":"tags applied to the image","description_kind":"plain","computed":true},"type":{"type":"string","description":"type of the image","description_kind":"plain","computed":true}},"description_kind":"plain"}},"digitalocean_images":{"version":0,"block":{"attributes":{"id":{"type":"string","description_kind":"plain","optional":true,"computed":true},"images":{"type":["list",["object",{"created":"string","description":"string","distribution":"string","error_message":"string","id":"number","image":"string","min_disk_size":"number","name":"string","private":"bool","regions":["set","string"],"size_gigabytes":"number","slug":"string","status":"string","tags":["set","string"],"type":"string"}]],"description_kind":"plain","computed":true}},"block_types":{"filter":{"nesting_mode":"set","block":{"attributes":{"all":{"type":"bool","description_kind":"plain","optional":true},"key":{"type":"string","description_kind":"plain","required":true},"match_by":{"type":"string","description_kind":"plain","optional":true},"values":{"type":["list","string"],"description_kind":"plain","required":true}},"description":"One or more key/value pairs on which to filter results","description_kind":"plain"}},"sort":{"nesting_mode":"list","block":{"attributes":{"direction":{"type":"string","description_kind":"plain","optional":true},"key":{"type":"string","description_kind":"plain","required":true}},"description":"One or more key/direction pairs on which to sort results","description_kind":"plain"}}},"description_kind":"plain"}},"digitalocean_kubernetes_cluster":{"version":3,"block":{"attributes":{"auto_upgrade":{"type":"bool","description_kind":"plain","computed":true},"cluster_subnet":{"type":"string","description_kind":"plain","computed":true},"control_plane_firewall":{"type":["list",["object",{"allowed_addresses":["list","string"],"enabled":"bool"}]],"description_kind":"plain","computed":true},"created_at":{"type":"string","description_kind":"plain","computed":true},"endpoint":{"type":"string","description_kind":"plain","computed":true},"ha":{"type":"bool","description_kind":"plain","computed":true},"id":{"type":"string","description_kind":"plain","optional":true,"computed":true},"ipv4_address":{"type":"string","description_kind":"plain","computed":true},"kube_config":{"type":["list",["object",{"client_certificate":"string","client_key":"string","cluster_ca_certificate":"string","expires_at":"string","host":"string","raw_config":"string","token":"string"}]],"description_kind":"plain","computed":true,"sensitive":true},"kubeconfig_expire_seconds":{"type":"number","description_kind":"plain","optional":true},"maintenance_policy":{"type":["list",["object",{"day":"string","duration":"string","start_time":"string"}]],"description_kind":"plain","computed":true},"name":{"type":"string","description_kind":"plain","required":true},"node_pool":{"type":["list",["object",{"actual_node_count":"number","auto_scale":"bool","id":"string","labels":["map","string"],"max_nodes":"number","min_nodes":"number","name":"string","node_count":"number","nodes":["list",["object",{"created_at":"string","droplet_id":"string","id":"string","name":"string","status":"string","updated_at":"string"}]],"size":"string","tags":["set","string"],"taint":["set",["object",{"effect":"string","key":"string","value":"string"}]]}]],"description_kind":"plain","computed":true},"region":{"type":"string","description_kind":"plain","computed":true},"service_subnet":{"type":"string","description_kind":"plain","computed":true},"status":{"type":"string","description_kind":"plain","computed":true},"surge_upgrade":{"type":"bool","description_kind":"plain","computed":true},"tags":{"type":["set","string"],"description_kind":"plain","optional":true},"updated_at":{"type":"string","description_kind":"plain","computed":true},"urn":{"type":"string","description_kind":"plain","computed":true},"version":{"type":"string","description_kind":"plain","computed":true},"vpc_uuid":{"type":"string","description_kind":"plain","computed":true}},"block_types":{"amd_gpu_device_metrics_exporter_plugin":{"nesting_mode":"list","block":{"attributes":{"enabled":{"type":"bool","description_kind":"plain","computed":true}},"description_kind":"plain"},"max_items":1},"amd_gpu_device_plugin":{"nesting_mode":"list","block":{"attributes":{"enabled":{"type":"bool","description_kind":"plain","computed":true}},"description_kind":"plain"},"max_items":1},"cluster_autoscaler_configuration":{"nesting_mode":"list","block":{"attributes":{"expanders":{"type":["list","string"],"description_kind":"plain","optional":true},"scale_down_unneeded_time":{"type":"string","description_kind":"plain","optional":true},"scale_down_utilization_threshold":{"type":"number","description_kind":"plain","optional":true}},"description_kind":"plain"}},"nvidia_gpu_device_plugin":{"nesting_mode":"list","block":{"attributes":{"enabled":{"type":"bool","description_kind":"plain","computed":true}},"description_kind":"plain"},"max_items":1},"rdma_shared_device_plugin":{"nesting_mode":"list","block":{"attributes":{"enabled":{"type":"bool","description_kind":"plain","computed":true}},"description_kind":"plain"},"max_items":1},"routing_agent":{"nesting_mode":"list","block":{"attributes":{"enabled":{"type":"bool","description_kind":"plain","computed":true}},"description_kind":"plain"},"max_items":1}},"description_kind":"plain"}},"digitalocean_kubernetes_versions":{"version":0,"block":{"attributes":{"id":{"type":"string","description_kind":"plain","optional":true,"computed":true},"latest_version":{"type":"string","description_kind":"plain","computed":true},"valid_versions":{"type":["list","string"],"description_kind":"plain","computed":true},"version_prefix":{"type":"string","description_kind":"plain","optional":true}},"description_kind":"plain"}},"digitalocean_loadbalancer":{"version":1,"block":{"attributes":{"algorithm":{"type":"string","description":"algorithm used to determine which backend Droplet will be selected by a client","description_kind":"plain","deprecated":true,"computed":true},"disable_lets_encrypt_dns_records":{"type":"bool","description":"whether to disable automatic DNS record creation for Let's Encrypt certificates that are added to the load balancer","description_kind":"plain","computed":true},"domains":{"type":["set",["object",{"certificate_id":"string","certificate_name":"string","is_managed":"bool","name":"string","ssl_validation_error_reasons":["list","string"],"verification_error_reasons":["list","string"]}]],"description":"the list of domains required to ingress traffic to global load balancer","description_kind":"plain","computed":true},"droplet_ids":{"type":["set","number"],"description":"ids of the droplets assigned to the load balancer","description_kind":"plain","computed":true},"droplet_tag":{"type":"string","description":"the name of a tag corresponding to droplets assigned to the load balancer","description_kind":"plain","computed":true},"enable_backend_keepalive":{"type":"bool","description":"whether HTTP keepalive connections are maintained to target Droplets","description_kind":"plain","computed":true},"enable_proxy_protocol":{"type":"bool","description":"whether PROXY Protocol should be used to pass information from connecting client requests to the backend service","description_kind":"plain","computed":true},"firewall":{"type":["list",["object",{"allow":["set","string"],"deny":["set","string"]}]],"description":"the firewall rules for allowing/denying traffic to the load balancer","description_kind":"plain","computed":true},"forwarding_rule":{"type":["set",["object",{"certificate_id":"string","certificate_name":"string","entry_port":"number","entry_protocol":"string","target_port":"number","target_protocol":"string","tls_passthrough":"bool"}]],"description":"list of forwarding rules of the load balancer","description_kind":"plain","computed":true},"glb_settings":{"type":["list",["object",{"cdn":["list",["object",{"is_enabled":"bool"}]],"failover_threshold":"number","region_priorities":["map","number"],"target_port":"number","target_protocol":"string"}]],"description":"configuration options for global load balancer","description_kind":"plain","computed":true},"healthcheck":{"type":["list",["object",{"check_interval_seconds":"number","healthy_threshold":"number","path":"string","port":"number","protocol":"string","response_timeout_seconds":"number","unhealthy_threshold":"number"}]],"description":"health check settings for the load balancer","description_kind":"plain","computed":true},"http_idle_timeout_seconds":{"type":"number","description":" Specifies the idle timeout for HTTPS connections on the load balancer.","description_kind":"plain","computed":true},"id":{"type":"string","description":"id of the load balancer","description_kind":"plain","optional":true},"ip":{"type":"string","description":"public-facing IP address of the load balancer","description_kind":"plain","computed":true},"ipv6":{"type":"string","description_kind":"plain","computed":true},"name":{"type":"string","description":"name of the load balancer","description_kind":"plain","optional":true},"network":{"type":"string","description":"the type of network the load balancer is accessible from (EXTERNAL or INTERNAL)","description_kind":"plain","computed":true},"project_id":{"type":"string","description":"The ID of the project that the load balancer is associated with.","description_kind":"plain","computed":true},"redirect_http_to_https":{"type":"bool","description":"whether http requests will be redirected to https","description_kind":"plain","computed":true},"region":{"type":"string","description":"the region that the load balancer is deployed in","description_kind":"plain","computed":true},"size":{"type":"string","description":"the size of the load balancer","description_kind":"plain","computed":true},"size_unit":{"type":"number","description":"the size of the load balancer.","description_kind":"plain","computed":true},"status":{"type":"string","description":"current state of the Load Balancer","description_kind":"plain","computed":true},"sticky_sessions":{"type":["list",["object",{"cookie_name":"string","cookie_ttl_seconds":"number","type":"string"}]],"description":"sticky sessions settings for the load balancer","description_kind":"plain","computed":true},"target_load_balancer_ids":{"type":["set","string"],"description":"list of load balancer IDs to put behind a global load balancer","description_kind":"plain","computed":true},"type":{"type":"string","description":"the type of the load balancer (GLOBAL, REGIONAL, or REGIONAL_NETWORK)","description_kind":"plain","computed":true},"urn":{"type":"string","description":"the uniform resource name for the load balancer","description_kind":"plain","computed":true},"vpc_uuid":{"type":"string","description":"UUID of the VPC in which the load balancer is located","description_kind":"plain","computed":true}},"description_kind":"plain"}},"digitalocean_nfs":{"version":0,"block":{"attributes":{"host":{"type":"string","description":"The host IP of the NFS server accessible from the associated VPC","description_kind":"plain","computed":true},"id":{"type":"string","description_kind":"plain","optional":true,"computed":true},"mount_path":{"type":"string","description":"The mount path for accessing the NFS share","description_kind":"plain","computed":true},"name":{"type":"string","description":"name of the share","description_kind":"plain","required":true},"region":{"type":"string","description":"the region that the share is created in","description_kind":"plain","optional":true},"size":{"type":"number","description":"the size of the share in gigabytes","description_kind":"plain","computed":true},"status":{"type":"string","description_kind":"plain","computed":true},"tags":{"type":["set","string"],"description_kind":"plain","computed":true}},"description_kind":"plain"}},"digitalocean_nfs_snapshot":{"version":0,"block":{"attributes":{"created_at":{"type":"string","description_kind":"plain","computed":true},"id":{"type":"string","description_kind":"plain","optional":true,"computed":true},"name":{"type":"string","description_kind":"plain","optional":true},"name_regex":{"type":"string","description_kind":"plain","optional":true},"region":{"type":"string","description_kind":"plain","optional":true},"share_id":{"type":"string","description_kind":"plain","required":true},"size":{"type":"number","description_kind":"plain","computed":true},"status":{"type":"number","description_kind":"plain","computed":true},"tags":{"type":["set","string"],"description_kind":"plain","computed":true}},"description_kind":"plain"}},"digitalocean_partner_attachment":{"version":0,"block":{"attributes":{"children":{"type":["list","string"],"description":"The children uuids of the Partner Attachment.","description_kind":"plain","computed":true},"connection_bandwidth_in_mbps":{"type":"number","description_kind":"plain","computed":true},"created_at":{"type":"string","description_kind":"plain","computed":true},"id":{"type":"string","description":"The ID of the Partner Attachment","description_kind":"plain","optional":true,"computed":true},"naas_provider":{"type":"string","description_kind":"plain","computed":true},"name":{"type":"string","description":"The name of the Partner Attachment","description_kind":"plain","optional":true,"computed":true},"parent_uuid":{"type":"string","description_kind":"plain","computed":true},"redundancy_zone":{"type":"string","description_kind":"plain","optional":true},"region":{"type":"string","description_kind":"plain","computed":true},"state":{"type":"string","description_kind":"plain","computed":true},"vpc_ids":{"type":["set","string"],"description_kind":"plain","computed":true}},"block_types":{"bgp":{"nesting_mode":"list","block":{"attributes":{"local_router_ip":{"type":"string","description_kind":"plain","optional":true},"peer_router_asn":{"type":"number","description_kind":"plain","optional":true},"peer_router_ip":{"type":"string","description_kind":"plain","optional":true}},"description_kind":"plain"},"max_items":1}},"description_kind":"plain"}},"digitalocean_partner_attachment_service_key":{"version":0,"block":{"attributes":{"attachment_id":{"type":"string","description":"The ID of the Partner Attachment for which to retrieve the service key","description_kind":"plain","required":true},"created_at":{"type":"string","description_kind":"plain","computed":true},"id":{"type":"string","description_kind":"plain","optional":true,"computed":true},"state":{"type":"string","description_kind":"plain","computed":true},"value":{"type":"string","description_kind":"plain","computed":true}},"description_kind":"plain"}},"digitalocean_project":{"version":0,"block":{"attributes":{"created_at":{"type":"string","description":"the date and time when the project was created, (ISO8601)","description_kind":"plain","computed":true},"description":{"type":"string","description_kind":"plain","computed":true},"environment":{"type":"string","description_kind":"plain","computed":true},"id":{"type":"string","description_kind":"plain","optional":true,"computed":true},"is_default":{"type":"bool","description_kind":"plain","computed":true},"name":{"type":"string","description_kind":"plain","optional":true,"computed":true},"owner_id":{"type":"number","description_kind":"plain","computed":true},"owner_uuid":{"type":"string","description_kind":"plain","computed":true},"purpose":{"type":"string","description_kind":"plain","computed":true},"resources":{"type":["set","string"],"description_kind":"plain","computed":true},"updated_at":{"type":"string","description":"the date and time when the project was last updated, (ISO8601)","description_kind":"plain","computed":true}},"description_kind":"plain"}},"digitalocean_projects":{"version":0,"block":{"attributes":{"id":{"type":"string","description_kind":"plain","optional":true,"computed":true},"projects":{"type":["list",["object",{"created_at":"string","description":"string","environment":"string","id":"string","is_default":"bool","name":"string","owner_id":"number","owner_uuid":"string","purpose":"string","resources":["set","string"],"updated_at":"string"}]],"description_kind":"plain","computed":true}},"block_types":{"filter":{"nesting_mode":"set","block":{"attributes":{"all":{"type":"bool","description_kind":"plain","optional":true},"key":{"type":"string","description_kind":"plain","required":true},"match_by":{"type":"string","description_kind":"plain","optional":true},"values":{"type":["list","string"],"description_kind":"plain","required":true}},"description":"One or more key/value pairs on which to filter results","description_kind":"plain"}},"sort":{"nesting_mode":"list","block":{"attributes":{"direction":{"type":"string","description_kind":"plain","optional":true},"key":{"type":"string","description_kind":"plain","required":true}},"description":"One or more key/direction pairs on which to sort results","description_kind":"plain"}}},"description_kind":"plain"}},"digitalocean_record":{"version":0,"block":{"attributes":{"data":{"type":"string","description":"name record data","description_kind":"plain","computed":true},"domain":{"type":"string","description":"domain of the name record","description_kind":"plain","required":true},"flags":{"type":"number","description":"flags of the name record","description_kind":"plain","computed":true},"id":{"type":"string","description_kind":"plain","optional":true,"computed":true},"name":{"type":"string","description":"name of the record","description_kind":"plain","required":true},"port":{"type":"number","description":"port of the name record","description_kind":"plain","computed":true},"priority":{"type":"number","description":"priority of the name record","description_kind":"plain","computed":true},"tag":{"type":"string","description":"tag of the name record","description_kind":"plain","computed":true},"ttl":{"type":"number","description":"ttl of the name record","description_kind":"plain","computed":true},"type":{"type":"string","description":"type of the name record","description_kind":"plain","computed":true},"weight":{"type":"number","description":"weight of the name record","description_kind":"plain","computed":true}},"description_kind":"plain"}},"digitalocean_records":{"version":0,"block":{"attributes":{"domain":{"type":"string","description_kind":"plain","required":true},"id":{"type":"string","description_kind":"plain","optional":true,"computed":true},"records":{"type":["list",["object",{"domain":"string","flags":"number","id":"number","name":"string","port":"number","priority":"number","tag":"string","ttl":"number","type":"string","value":"string","weight":"number"}]],"description_kind":"plain","computed":true}},"block_types":{"filter":{"nesting_mode":"set","block":{"attributes":{"all":{"type":"bool","description_kind":"plain","optional":true},"key":{"type":"string","description_kind":"plain","required":true},"match_by":{"type":"string","description_kind":"plain","optional":true},"values":{"type":["list","string"],"description_kind":"plain","required":true}},"description":"One or more key/value pairs on which to filter results","description_kind":"plain"}},"sort":{"nesting_mode":"list","block":{"attributes":{"direction":{"type":"string","description_kind":"plain","optional":true},"key":{"type":"string","description_kind":"plain","required":true}},"description":"One or more key/direction pairs on which to sort results","description_kind":"plain"}}},"description_kind":"plain"}},"digitalocean_region":{"version":0,"block":{"attributes":{"available":{"type":"bool","description_kind":"plain","computed":true},"features":{"type":["set","string"],"description_kind":"plain","computed":true},"id":{"type":"string","description_kind":"plain","optional":true,"computed":true},"name":{"type":"string","description_kind":"plain","computed":true},"sizes":{"type":["set","string"],"description_kind":"plain","computed":true},"slug":{"type":"string","description_kind":"plain","required":true}},"description_kind":"plain"}},"digitalocean_regions":{"version":0,"block":{"attributes":{"id":{"type":"string","description_kind":"plain","optional":true,"computed":true},"regions":{"type":["list",["object",{"available":"bool","features":["set","string"],"name":"string","sizes":["set","string"],"slug":"string"}]],"description_kind":"plain","computed":true}},"block_types":{"filter":{"nesting_mode":"set","block":{"attributes":{"all":{"type":"bool","description_kind":"plain","optional":true},"key":{"type":"string","description_kind":"plain","required":true},"match_by":{"type":"string","description_kind":"plain","optional":true},"values":{"type":["list","string"],"description_kind":"plain","required":true}},"description":"One or more key/value pairs on which to filter results","description_kind":"plain"}},"sort":{"nesting_mode":"list","block":{"attributes":{"direction":{"type":"string","description_kind":"plain","optional":true},"key":{"type":"string","description_kind":"plain","required":true}},"description":"One or more key/direction pairs on which to sort results","description_kind":"plain"}}},"description_kind":"plain"}},"digitalocean_reserved_ip":{"version":0,"block":{"attributes":{"droplet_id":{"type":"number","description":"the droplet id that the reserved ip has been assigned to.","description_kind":"plain","computed":true},"id":{"type":"string","description_kind":"plain","optional":true,"computed":true},"ip_address":{"type":"string","description":"reserved ip address","description_kind":"plain","required":true},"region":{"type":"string","description":"the region that the reserved ip is reserved to","description_kind":"plain","computed":true},"urn":{"type":"string","description":"the uniform resource name for the reserved ip","description_kind":"plain","computed":true}},"description_kind":"plain"}},"digitalocean_reserved_ipv6":{"version":0,"block":{"attributes":{"droplet_id":{"type":"number","description":"the droplet id that the reserved ipv6 has been assigned to.","description_kind":"plain","computed":true},"id":{"type":"string","description_kind":"plain","optional":true,"computed":true},"ip":{"type":"string","description":"reserved ipv6 address","description_kind":"plain","required":true},"region_slug":{"type":"string","description":"the regionSlug that the reserved ipv6 is reserved to","description_kind":"plain","computed":true},"urn":{"type":"string","description":"the uniform resource name for the reserved ipv6","description_kind":"plain","computed":true}},"description_kind":"plain"}},"digitalocean_sizes":{"version":0,"block":{"attributes":{"id":{"type":"string","description_kind":"plain","optional":true,"computed":true},"sizes":{"type":["list",["object",{"available":"bool","disk":"number","memory":"number","price_hourly":"number","price_monthly":"number","regions":["set","string"],"slug":"string","transfer":"number","vcpus":"number"}]],"description_kind":"plain","computed":true}},"block_types":{"filter":{"nesting_mode":"set","block":{"attributes":{"all":{"type":"bool","description_kind":"plain","optional":true},"key":{"type":"string","description_kind":"plain","required":true},"match_by":{"type":"string","description_kind":"plain","optional":true},"values":{"type":["list","string"],"description_kind":"plain","required":true}},"description":"One or more key/value pairs on which to filter results","description_kind":"plain"}},"sort":{"nesting_mode":"list","block":{"attributes":{"direction":{"type":"string","description_kind":"plain","optional":true},"key":{"type":"string","description_kind":"plain","required":true}},"description":"One or more key/direction pairs on which to sort results","description_kind":"plain"}}},"description_kind":"plain"}},"digitalocean_spaces_bucket":{"version":0,"block":{"attributes":{"bucket_domain_name":{"type":"string","description":"The FQDN of the bucket","description_kind":"plain","computed":true},"endpoint":{"type":"string","description":"The FQDN of the bucket without the bucket name","description_kind":"plain","computed":true},"id":{"type":"string","description_kind":"plain","optional":true,"computed":true},"name":{"type":"string","description":"Bucket name","description_kind":"plain","required":true},"region":{"type":"string","description":"Bucket region","description_kind":"plain","required":true},"urn":{"type":"string","description":"the uniform resource name for the bucket","description_kind":"plain","computed":true}},"description_kind":"plain"}},"digitalocean_spaces_bucket_object":{"version":0,"block":{"attributes":{"body":{"type":"string","description_kind":"plain","computed":true},"bucket":{"type":"string","description_kind":"plain","required":true},"cache_control":{"type":"string","description_kind":"plain","computed":true},"content_disposition":{"type":"string","description_kind":"plain","computed":true},"content_encoding":{"type":"string","description_kind":"plain","computed":true},"content_language":{"type":"string","description_kind":"plain","computed":true},"content_length":{"type":"number","description_kind":"plain","computed":true},"content_type":{"type":"string","description_kind":"plain","computed":true},"etag":{"type":"string","description_kind":"plain","computed":true},"expiration":{"type":"string","description_kind":"plain","computed":true},"expires":{"type":"string","description_kind":"plain","computed":true},"id":{"type":"string","description_kind":"plain","optional":true,"computed":true},"key":{"type":"string","description_kind":"plain","required":true},"last_modified":{"type":"string","description_kind":"plain","computed":true},"metadata":{"type":["map","string"],"description_kind":"plain","computed":true},"range":{"type":"string","description_kind":"plain","optional":true},"region":{"type":"string","description_kind":"plain","required":true},"version_id":{"type":"string","description_kind":"plain","optional":true,"computed":true},"website_redirect_location":{"type":"string","description_kind":"plain","computed":true}},"description_kind":"plain"}},"digitalocean_spaces_bucket_objects":{"version":0,"block":{"attributes":{"bucket":{"type":"string","description_kind":"plain","required":true},"common_prefixes":{"type":["list","string"],"description_kind":"plain","computed":true},"delimiter":{"type":"string","description_kind":"plain","optional":true},"encoding_type":{"type":"string","description_kind":"plain","optional":true},"id":{"type":"string","description_kind":"plain","optional":true,"computed":true},"keys":{"type":["list","string"],"description_kind":"plain","computed":true},"max_keys":{"type":"number","description_kind":"plain","optional":true},"owners":{"type":["list","string"],"description_kind":"plain","computed":true},"prefix":{"type":"string","description_kind":"plain","optional":true},"region":{"type":"string","description_kind":"plain","required":true}},"description_kind":"plain"}},"digitalocean_spaces_buckets":{"version":0,"block":{"attributes":{"buckets":{"type":["list",["object",{"bucket_domain_name":"string","endpoint":"string","name":"string","region":"string","urn":"string"}]],"description_kind":"plain","computed":true},"id":{"type":"string","description_kind":"plain","optional":true,"computed":true}},"block_types":{"filter":{"nesting_mode":"set","block":{"attributes":{"all":{"type":"bool","description_kind":"plain","optional":true},"key":{"type":"string","description_kind":"plain","required":true},"match_by":{"type":"string","description_kind":"plain","optional":true},"values":{"type":["list","string"],"description_kind":"plain","required":true}},"description":"One or more key/value pairs on which to filter results","description_kind":"plain"}},"sort":{"nesting_mode":"list","block":{"attributes":{"direction":{"type":"string","description_kind":"plain","optional":true},"key":{"type":"string","description_kind":"plain","required":true}},"description":"One or more key/direction pairs on which to sort results","description_kind":"plain"}}},"description_kind":"plain"}},"digitalocean_spaces_key":{"version":0,"block":{"attributes":{"access_key":{"type":"string","description":"The access key for the Spaces key","description_kind":"plain","required":true},"created_at":{"type":"string","description":"The date and time the key was created","description_kind":"plain","computed":true},"grant":{"type":["list",["object",{"bucket":"string","permission":"string"}]],"description":"A list of grants to apply to the key. Can be left empty to apply no grants.","description_kind":"plain","computed":true},"id":{"type":"string","description_kind":"plain","optional":true,"computed":true},"name":{"type":"string","description":"A name for the key. This is used to identify the key in the DigitalOcean control panel.","description_kind":"plain","computed":true}},"description_kind":"plain"}},"digitalocean_ssh_key":{"version":0,"block":{"attributes":{"fingerprint":{"type":"string","description":"fingerprint of the ssh key","description_kind":"plain","computed":true},"id":{"type":"number","description":"id of the ssh key","description_kind":"plain","computed":true},"name":{"type":"string","description":"name of the ssh key","description_kind":"plain","required":true},"public_key":{"type":"string","description":"public key part of the ssh key","description_kind":"plain","computed":true}},"description_kind":"plain"}},"digitalocean_ssh_keys":{"version":0,"block":{"attributes":{"id":{"type":"string","description_kind":"plain","optional":true,"computed":true},"ssh_keys":{"type":["list",["object",{"fingerprint":"string","id":"number","name":"string","public_key":"string"}]],"description_kind":"plain","computed":true}},"block_types":{"filter":{"nesting_mode":"set","block":{"attributes":{"all":{"type":"bool","description_kind":"plain","optional":true},"key":{"type":"string","description_kind":"plain","required":true},"match_by":{"type":"string","description_kind":"plain","optional":true},"values":{"type":["list","string"],"description_kind":"plain","required":true}},"description":"One or more key/value pairs on which to filter results","description_kind":"plain"}},"sort":{"nesting_mode":"list","block":{"attributes":{"direction":{"type":"string","description_kind":"plain","optional":true},"key":{"type":"string","description_kind":"plain","required":true}},"description":"One or more key/direction pairs on which to sort results","description_kind":"plain"}}},"description_kind":"plain"}},"digitalocean_tag":{"version":0,"block":{"attributes":{"databases_count":{"type":"number","description_kind":"plain","computed":true},"droplets_count":{"type":"number","description_kind":"plain","computed":true},"id":{"type":"string","description_kind":"plain","optional":true,"computed":true},"images_count":{"type":"number","description_kind":"plain","computed":true},"name":{"type":"string","description":"name of the tag","description_kind":"plain","required":true},"total_resource_count":{"type":"number","description_kind":"plain","computed":true},"volume_snapshots_count":{"type":"number","description_kind":"plain","computed":true},"volumes_count":{"type":"number","description_kind":"plain","computed":true}},"description_kind":"plain"}},"digitalocean_tags":{"version":0,"block":{"attributes":{"id":{"type":"string","description_kind":"plain","optional":true,"computed":true},"tags":{"type":["list",["object",{"databases_count":"number","droplets_count":"number","images_count":"number","name":"string","total_resource_count":"number","volume_snapshots_count":"number","volumes_count":"number"}]],"description_kind":"plain","computed":true}},"block_types":{"filter":{"nesting_mode":"set","block":{"attributes":{"all":{"type":"bool","description_kind":"plain","optional":true},"key":{"type":"string","description_kind":"plain","required":true},"match_by":{"type":"string","description_kind":"plain","optional":true},"values":{"type":["list","string"],"description_kind":"plain","required":true}},"description":"One or more key/value pairs on which to filter results","description_kind":"plain"}},"sort":{"nesting_mode":"list","block":{"attributes":{"direction":{"type":"string","description_kind":"plain","optional":true},"key":{"type":"string","description_kind":"plain","required":true}},"description":"One or more key/direction pairs on which to sort results","description_kind":"plain"}}},"description_kind":"plain"}},"digitalocean_volume":{"version":0,"block":{"attributes":{"description":{"type":"string","description":"volume description","description_kind":"plain","optional":true},"droplet_ids":{"type":["set","number"],"description":"list of droplet ids the volume is attached to","description_kind":"plain","computed":true},"filesystem_label":{"type":"string","description":"the label currently applied to the filesystem","description_kind":"plain","computed":true},"filesystem_type":{"type":"string","description":"the type of filesystem currently in-use on the volume","description_kind":"plain","computed":true},"id":{"type":"string","description_kind":"plain","optional":true,"computed":true},"name":{"type":"string","description":"name of the volume","description_kind":"plain","required":true},"region":{"type":"string","description":"the region that the volume is provisioned in","description_kind":"plain","optional":true},"size":{"type":"number","description":"the size of the volume in gigabytes","description_kind":"plain","computed":true},"tags":{"type":["set","string"],"description_kind":"plain","computed":true},"urn":{"type":"string","description":"the iniform resource name for the volume","description_kind":"plain","computed":true}},"description_kind":"plain"}},"digitalocean_volume_snapshot":{"version":0,"block":{"attributes":{"created_at":{"type":"string","description_kind":"plain","computed":true},"id":{"type":"string","description_kind":"plain","optional":true,"computed":true},"min_disk_size":{"type":"number","description_kind":"plain","computed":true},"most_recent":{"type":"bool","description_kind":"plain","optional":true},"name":{"type":"string","description_kind":"plain","optional":true},"name_regex":{"type":"string","description_kind":"plain","optional":true},"region":{"type":"string","description_kind":"plain","optional":true},"regions":{"type":["set","string"],"description_kind":"plain","computed":true},"size":{"type":"number","description_kind":"plain","computed":true},"tags":{"type":["set","string"],"description_kind":"plain","computed":true},"volume_id":{"type":"string","description_kind":"plain","computed":true}},"description_kind":"plain"}},"digitalocean_vpc":{"version":0,"block":{"attributes":{"created_at":{"type":"string","description_kind":"plain","computed":true},"default":{"type":"bool","description_kind":"plain","computed":true},"description":{"type":"string","description_kind":"plain","computed":true},"id":{"type":"string","description_kind":"plain","optional":true,"computed":true},"ip_range":{"type":"string","description_kind":"plain","computed":true},"name":{"type":"string","description_kind":"plain","optional":true,"computed":true},"region":{"type":"string","description_kind":"plain","optional":true,"computed":true},"urn":{"type":"string","description_kind":"plain","computed":true}},"description_kind":"plain"}},"digitalocean_vpc_nat_gateway":{"version":0,"block":{"attributes":{"created_at":{"type":"string","description":"VPC NAT Gateway create timestamp","description_kind":"plain","computed":true},"egresses":{"type":["list",["object",{"public_gateways":["set",["object",{"ipv4":"string"}]]}]],"description":"List of egresses","description_kind":"plain","computed":true},"icmp_timeout_seconds":{"type":"number","description":"ICMP connection timeout (in seconds)","description_kind":"plain","computed":true},"id":{"type":"string","description":"ID of the VPC NAT Gateway","description_kind":"plain","optional":true},"name":{"type":"string","description":"Name of the VPC NAT Gateway","description_kind":"plain","optional":true},"project_id":{"type":"string","description":"The ID of the project that the VPC NAT Gateway is associated with.","description_kind":"plain","computed":true},"region":{"type":"string","description":"Region of the VPC NAT Gateway","description_kind":"plain","computed":true},"size":{"type":"number","description":"Size of the VPC NAT Gateway","description_kind":"plain","computed":true},"state":{"type":"string","description":"State of the VPC NAT Gateway","description_kind":"plain","computed":true},"tcp_timeout_seconds":{"type":"number","description":"TCP connection timeout (in seconds)","description_kind":"plain","computed":true},"type":{"type":"string","description":"Type of the VPC NAT Gateway","description_kind":"plain","computed":true},"udp_timeout_seconds":{"type":"number","description":"UDP connection timeout (in seconds)","description_kind":"plain","computed":true},"updated_at":{"type":"string","description":"VPC NAT Gateway update timestamp","description_kind":"plain","computed":true},"vpcs":{"type":["set",["object",{"default_gateway":"bool","gateway_ip":"string","vpc_uuid":"string"}]],"description":"List of ingress VPCs","description_kind":"plain","computed":true}},"description_kind":"plain"}},"digitalocean_vpc_peering":{"version":0,"block":{"attributes":{"created_at":{"type":"string","description_kind":"plain","computed":true},"id":{"type":"string","description":"The ID of the VPC Peering","description_kind":"plain","optional":true,"computed":true},"name":{"type":"string","description":"The name of the VPC Peering","description_kind":"plain","optional":true,"computed":true},"status":{"type":"string","description_kind":"plain","computed":true},"vpc_ids":{"type":["set","string"],"description":"The list of VPCs to be peered","description_kind":"plain","optional":true,"computed":true}},"description_kind":"plain"}}}}}}
